// !$*UTF8*$!
{
	archiveVersion = 1;
	classes = {
	};
	objectVersion = 46;
	objects = {

/* Begin PBXBuildFile section */
		02F3760E6F24913B0C422139 /* CellCapHelperListener.swift in Sources */ = {isa = PBXBuildFile; fileRef = 20142A67BDD30182C29A05FD /* CellCapHelperListener.swift */; };
		0C9313AB08A9A9A7D6DA9D69 /* Shared.framework in Frameworks */ = {isa = PBXBuildFile; fileRef = 803FDB18160DBEBCEB65C231 /* Shared.framework */; };
		124949D2E55ABA131202A540 /* Shared.framework in Frameworks */ = {isa = PBXBuildFile; fileRef = 803FDB18160DBEBCEB65C231 /* Shared.framework */; };
		2432138642110EF5CDD6D496 /* BatterySnapshot.swift in Sources */ = {isa = PBXBuildFile; fileRef = 272D81DF532B9F1E37B013D9 /* BatterySnapshot.swift */; };
		2682FEC28F0DD8D1CCEC341C /* Cocoa.framework in Frameworks */ = {isa = PBXBuildFile; fileRef = E79A09BF037C829654969DCE /* Cocoa.framework */; };
		2B65A5F058ED9070445AECC4 /* ChargePolicyTests.swift in Sources */ = {isa = PBXBuildFile; fileRef = EEDE43B2BF58F7409831CC57 /* ChargePolicyTests.swift */; };
		2E7C63C29F0431B10CAFEAEB /* CellCapApp.swift in Sources */ = {isa = PBXBuildFile; fileRef = 59E9610FD8CB9602C3BD0A76 /* CellCapApp.swift */; };
		2F1638B8AD5C4E96E13714BD /* Cocoa.framework in Frameworks */ = {isa = PBXBuildFile; fileRef = E79A09BF037C829654969DCE /* Cocoa.framework */; };
		3B8029098F166C70D5377388 /* PolicyEngine.swift in Sources */ = {isa = PBXBuildFile; fileRef = 3F64DFD0EFAA5AA60B08D5A6 /* PolicyEngine.swift */; };
		3C03064AA6370CFECD279B9D /* Shared.framework in Frameworks */ = {isa = PBXBuildFile; fileRef = 803FDB18160DBEBCEB65C231 /* Shared.framework */; };
		45213D8DFAA4B04615DF3931 /* Core.framework in Frameworks */ = {isa = PBXBuildFile; fileRef = D8DF95DBECCDEE87197FAD62 /* Core.framework */; };
		4A9739C8F25C5B98FBC4C444 /* ControllerStatus.swift in Sources */ = {isa = PBXBuildFile; fileRef = 88597036DE71DE65DDDEF6C3 /* ControllerStatus.swift */; };
		4C62ACA31EC7EC0795519FAC /* HelperXPCDTOs.swift in Sources */ = {isa = PBXBuildFile; fileRef = F3966A1EB20350B014E384E6 /* HelperXPCDTOs.swift */; };
		55EDDA9F259E33759A1EF5DC /* CapabilityChecker.swift in Sources */ = {isa = PBXBuildFile; fileRef = 426992F20B5200707FEB1B7A /* CapabilityChecker.swift */; };
		573131DEDDB5EC20D7D8572C /* XPCChargeControllerTests.swift in Sources */ = {isa = PBXBuildFile; fileRef = 4419DAA9FEBCA8E8296D2E6E /* XPCChargeControllerTests.swift */; };
		5B98FC112B8A02A667B0CA74 /* CellCapHelperXPCProtocol.swift in Sources */ = {isa = PBXBuildFile; fileRef = 95BC0CCE1DE4CFFFD252BE2A /* CellCapHelperXPCProtocol.swift */; };
		5F5C666BD3C5E866E1A85032 /* ChargePolicy.swift in Sources */ = {isa = PBXBuildFile; fileRef = 8AD9F6AEA4DD1BB616F557B2 /* ChargePolicy.swift */; };
		6178C7CCCF14A6155E03EA3E /* Shared.framework in Frameworks */ = {isa = PBXBuildFile; fileRef = 803FDB18160DBEBCEB65C231 /* Shared.framework */; };
		64AAA7FBFDAE053AC052EBA5 /* Cocoa.framework in Frameworks */ = {isa = PBXBuildFile; fileRef = E79A09BF037C829654969DCE /* Cocoa.framework */; };
		667D06401ADE5591C81BE753 /* Core.framework in Frameworks */ = {isa = PBXBuildFile; fileRef = D8DF95DBECCDEE87197FAD62 /* Core.framework */; };
		6742A2FC825578A70969CD0F /* DiagnosticsSummary.swift in Sources */ = {isa = PBXBuildFile; fileRef = 95A049AC421D0F2BE2C9A37C /* DiagnosticsSummary.swift */; };
		679BB1E89CC8C6970CF06FD0 /* main.swift in Sources */ = {isa = PBXBuildFile; fileRef = C15AB62B7E0CF6B0499DF7D5 /* main.swift */; };
		6CE9D7270128389682044745 /* MockChargeController.swift in Sources */ = {isa = PBXBuildFile; fileRef = 8DF3247C33FADC599779567C /* MockChargeController.swift */; };
		707AB7C9184433F5784F10FD /* ChargeStateMachine.swift in Sources */ = {isa = PBXBuildFile; fileRef = B521B6124BC0824996180ADA /* ChargeStateMachine.swift */; };
		7A929797A8FD0A92D2C5DC0E /* MenuBarViewModel.swift in Sources */ = {isa = PBXBuildFile; fileRef = A5C9B578A00752443269C307 /* MenuBarViewModel.swift */; };
		7BBDDC78B71793756A0A0116 /* CapabilityStatusListView.swift in Sources */ = {isa = PBXBuildFile; fileRef = 11AD74B30F42AF6FA00F8835 /* CapabilityStatusListView.swift */; };
		7DFDCD7C232810F2262DFB1B /* ChargeController.swift in Sources */ = {isa = PBXBuildFile; fileRef = 32384665F0AFF2D73C6AF799 /* ChargeController.swift */; };
		7E5A987B715ADB1B237062AE /* PolicySettingsView.swift in Sources */ = {isa = PBXBuildFile; fileRef = 62064C8CA7B98839B76D6B05 /* PolicySettingsView.swift */; };
		8E91B0123EB29508B32C1AC6 /* BatteryMonitor.swift in Sources */ = {isa = PBXBuildFile; fileRef = CA3E205E772B3325CC3DE5ED /* BatteryMonitor.swift */; };
		92B5C47C7AB42622A3C9BD77 /* AppRuntimeOrchestrator.swift in Sources */ = {isa = PBXBuildFile; fileRef = 2B5C38360061BCDDC670D660 /* AppRuntimeOrchestrator.swift */; };
		92D84216BEE0D7786BBD3E18 /* Core.framework in Embed Frameworks */ = {isa = PBXBuildFile; fileRef = D8DF95DBECCDEE87197FAD62 /* Core.framework */; settings = {ATTRIBUTES = (CodeSignOnCopy, RemoveHeadersOnCopy, ); }; };
		A75DB86C177D6A31FB248398 /* CapabilityCheckerTests.swift in Sources */ = {isa = PBXBuildFile; fileRef = 598F0AB6B5494D5BB4C351BE /* CapabilityCheckerTests.swift */; };
		B2718A7BDF404776657A0AFF /* Cocoa.framework in Frameworks */ = {isa = PBXBuildFile; fileRef = E79A09BF037C829654969DCE /* Cocoa.framework */; };
		B544E11A0EBA172C403AC2F8 /* ChargeStateMachineTests.swift in Sources */ = {isa = PBXBuildFile; fileRef = 6DBFC6B972AB22472C969739 /* ChargeStateMachineTests.swift */; };
		B57E1A2303AC0C0CC5CA0233 /* BatteryMonitorTests.swift in Sources */ = {isa = PBXBuildFile; fileRef = CD2141C5E65236314DB399A9 /* BatteryMonitorTests.swift */; };
		B5D8DC43D6AB60BA1E54D4B6 /* HelperXPCClient.swift in Sources */ = {isa = PBXBuildFile; fileRef = FD3FCC48CEEA588F66E1EB28 /* HelperXPCClient.swift */; };
		B755AFA541EF80C289B85307 /* Shared.framework in Embed Frameworks */ = {isa = PBXBuildFile; fileRef = 803FDB18160DBEBCEB65C231 /* Shared.framework */; settings = {ATTRIBUTES = (CodeSignOnCopy, RemoveHeadersOnCopy, ); }; };
		BF20B11A5A1C6A4086D2CA0E /* EventLoggerTests.swift in Sources */ = {isa = PBXBuildFile; fileRef = F9721501CA64A3A8B79BABAF /* EventLoggerTests.swift */; };
		C6F44B8952DD631A0D750913 /* SystemBatterySnapshotProvider.swift in Sources */ = {isa = PBXBuildFile; fileRef = 0B4B57C7E28047E2FF3BC83C /* SystemBatterySnapshotProvider.swift */; };
		C94ED3DD67E7822951B74666 /* AppState.swift in Sources */ = {isa = PBXBuildFile; fileRef = AEB6A58BBE57642C508C7A74 /* AppState.swift */; };
		CAAF7187AAB14F196338F98B /* CapabilityReport.swift in Sources */ = {isa = PBXBuildFile; fileRef = 997879964AC489EEC3D3EC50 /* CapabilityReport.swift */; };
		CBD411CF5AC588C3F530DB2E /* ChargeStateResolver.swift in Sources */ = {isa = PBXBuildFile; fileRef = DEEB71E821A5C8626A40B204 /* ChargeStateResolver.swift */; };
		D7A42AB10A67066E3341F950 /* ChargeState.swift in Sources */ = {isa = PBXBuildFile; fileRef = F7D46339F6A5B754905EF920 /* ChargeState.swift */; };
		DC804263A4D69BC755273652 /* CellCapHelperService.swift in Sources */ = {isa = PBXBuildFile; fileRef = CF8D8EA346386DF636E57E03 /* CellCapHelperService.swift */; };
		DD714063E079E0C29EF42C25 /* ChargeStateResolverTests.swift in Sources */ = {isa = PBXBuildFile; fileRef = E54AD27539384920F4A44910 /* ChargeStateResolverTests.swift */; };
		E3D652F68C756BD2F2061E13 /* StatusSummaryView.swift in Sources */ = {isa = PBXBuildFile; fileRef = 79E355299EA6BD155CB773E6 /* StatusSummaryView.swift */; };
		E54F970794053BFC224BD87D /* RootView.swift in Sources */ = {isa = PBXBuildFile; fileRef = 95BAB9FDC0F5887815132991 /* RootView.swift */; };
		E9B6EC1CC8E39FC05E6DB0FA /* MockChargeControllerTests.swift in Sources */ = {isa = PBXBuildFile; fileRef = 2F81F014A527155D5FABC3CB /* MockChargeControllerTests.swift */; };
		EE89DABF4CACC91B23EECE0E /* XPCChargeController.swift in Sources */ = {isa = PBXBuildFile; fileRef = 61D3AAD271D51E5A691A43E8 /* XPCChargeController.swift */; };
		F28C66D4BE8A28D55E4183E7 /* EventLogger.swift in Sources */ = {isa = PBXBuildFile; fileRef = 8A0A81D099FDE276FACC151C /* EventLogger.swift */; };
		F554461AF5445B4EECB8481D /* Cocoa.framework in Frameworks */ = {isa = PBXBuildFile; fileRef = E79A09BF037C829654969DCE /* Cocoa.framework */; };
		F5725ACD88359FB4DFB45BDF /* AppRuntimeOrchestratorTests.swift in Sources */ = {isa = PBXBuildFile; fileRef = 38C2CD1BC5BAB0F83A34BF11 /* AppRuntimeOrchestratorTests.swift */; };
		F6C6456CE09FB00B341232D2 /* DiagnosticEvent.swift in Sources */ = {isa = PBXBuildFile; fileRef = 8968C65467661220B6B319AF /* DiagnosticEvent.swift */; };
		F80D3CA5E4E2DB13F428C9BF /* PolicyEngineTests.swift in Sources */ = {isa = PBXBuildFile; fileRef = 5F38589F92119E352F502035 /* PolicyEngineTests.swift */; };
		FB8E0CC3A1386388B5403359 /* Core.framework in Frameworks */ = {isa = PBXBuildFile; fileRef = D8DF95DBECCDEE87197FAD62 /* Core.framework */; };
/* End PBXBuildFile section */

/* Begin PBXContainerItemProxy section */
		3256BB565E394F0D9090C5D6 /* PBXContainerItemProxy */ = {
			isa = PBXContainerItemProxy;
			containerPortal = A0EF7BC1D0FA0519E7D58E74 /* Project object */;
			proxyType = 1;
			remoteGlobalIDString = 32D0871C269F99935970F120;
			remoteInfo = Shared;
		};
		635B09820E62BCE43ADA61B5 /* PBXContainerItemProxy */ = {
			isa = PBXContainerItemProxy;
			containerPortal = A0EF7BC1D0FA0519E7D58E74 /* Project object */;
			proxyType = 1;
			remoteGlobalIDString = 32D0871C269F99935970F120;
			remoteInfo = Shared;
		};
		6921A420F4FDE7FA0F4E5BBF /* PBXContainerItemProxy */ = {
			isa = PBXContainerItemProxy;
			containerPortal = A0EF7BC1D0FA0519E7D58E74 /* Project object */;
			proxyType = 1;
			remoteGlobalIDString = 32D0871C269F99935970F120;
			remoteInfo = Shared;
		};
		8D2EF3D0A973F9F794609E18 /* PBXContainerItemProxy */ = {
			isa = PBXContainerItemProxy;
			containerPortal = A0EF7BC1D0FA0519E7D58E74 /* Project object */;
			proxyType = 1;
			remoteGlobalIDString = FFC2AF4C82AF468DAE37EF57;
			remoteInfo = Core;
		};
		A2024FED4FE78BA2B5E511CA /* PBXContainerItemProxy */ = {
			isa = PBXContainerItemProxy;
			containerPortal = A0EF7BC1D0FA0519E7D58E74 /* Project object */;
			proxyType = 1;
			remoteGlobalIDString = 32D0871C269F99935970F120;
			remoteInfo = Shared;
		};
		BE28659DE1FB624D0A883F4D /* PBXContainerItemProxy */ = {
			isa = PBXContainerItemProxy;
			containerPortal = A0EF7BC1D0FA0519E7D58E74 /* Project object */;
			proxyType = 1;
			remoteGlobalIDString = FFC2AF4C82AF468DAE37EF57;
			remoteInfo = Core;
		};
		FFD2010E8272EF8C9478AB6F /* PBXContainerItemProxy */ = {
			isa = PBXContainerItemProxy;
			containerPortal = A0EF7BC1D0FA0519E7D58E74 /* Project object */;
			proxyType = 1;
			remoteGlobalIDString = FFC2AF4C82AF468DAE37EF57;
			remoteInfo = Core;
		};
/* End PBXContainerItemProxy section */

/* Begin PBXCopyFilesBuildPhase section */
		C71A38DA0202FFFA95FBCBCA /* Embed Frameworks */ = {
			isa = PBXCopyFilesBuildPhase;
			buildActionMask = 2147483647;
			dstPath = "";
			dstSubfolderSpec = 10;
			files = (
				92D84216BEE0D7786BBD3E18 /* Core.framework in Embed Frameworks */,
				B755AFA541EF80C289B85307 /* Shared.framework in Embed Frameworks */,
			);
			name = "Embed Frameworks";
			runOnlyForDeploymentPostprocessing = 0;
		};
/* End PBXCopyFilesBuildPhase section */

/* Begin PBXFileReference section */
		085C2D5E350F6BC2A11961B4 /* 02_Prompts.md */ = {isa = PBXFileReference; includeInIndex = 1; name = 02_Prompts.md; path = ../02_Prompts.md; sourceTree = "<group>"; };
		0B4B57C7E28047E2FF3BC83C /* SystemBatterySnapshotProvider.swift */ = {isa = PBXFileReference; includeInIndex = 1; lastKnownFileType = sourcecode.swift; name = SystemBatterySnapshotProvider.swift; path = Monitoring/SystemBatterySnapshotProvider.swift; sourceTree = "<group>"; };
		11AD74B30F42AF6FA00F8835 /* CapabilityStatusListView.swift */ = {isa = PBXFileReference; includeInIndex = 1; lastKnownFileType = sourcecode.swift; name = CapabilityStatusListView.swift; path = Views/CapabilityStatusListView.swift; sourceTree = "<group>"; };
		20142A67BDD30182C29A05FD /* CellCapHelperListener.swift */ = {isa = PBXFileReference; includeInIndex = 1; lastKnownFileType = sourcecode.swift; path = CellCapHelperListener.swift; sourceTree = "<group>"; };
		272D81DF532B9F1E37B013D9 /* BatterySnapshot.swift */ = {isa = PBXFileReference; includeInIndex = 1; lastKnownFileType = sourcecode.swift; name = BatterySnapshot.swift; path = Models/BatterySnapshot.swift; sourceTree = "<group>"; };
		2B5C38360061BCDDC670D660 /* AppRuntimeOrchestrator.swift */ = {isa = PBXFileReference; includeInIndex = 1; lastKnownFileType = sourcecode.swift; name = AppRuntimeOrchestrator.swift; path = Runtime/AppRuntimeOrchestrator.swift; sourceTree = "<group>"; };
		2F81F014A527155D5FABC3CB /* MockChargeControllerTests.swift */ = {isa = PBXFileReference; includeInIndex = 1; lastKnownFileType = sourcecode.swift; path = MockChargeControllerTests.swift; sourceTree = "<group>"; };
		32384665F0AFF2D73C6AF799 /* ChargeController.swift */ = {isa = PBXFileReference; includeInIndex = 1; lastKnownFileType = sourcecode.swift; name = ChargeController.swift; path = Controllers/ChargeController.swift; sourceTree = "<group>"; };
		38C2CD1BC5BAB0F83A34BF11 /* AppRuntimeOrchestratorTests.swift */ = {isa = PBXFileReference; includeInIndex = 1; lastKnownFileType = sourcecode.swift; path = AppRuntimeOrchestratorTests.swift; sourceTree = "<group>"; };
		3F64DFD0EFAA5AA60B08D5A6 /* PolicyEngine.swift */ = {isa = PBXFileReference; includeInIndex = 1; lastKnownFileType = sourcecode.swift; name = PolicyEngine.swift; path = Policy/PolicyEngine.swift; sourceTree = "<group>"; };
		426992F20B5200707FEB1B7A /* CapabilityChecker.swift */ = {isa = PBXFileReference; includeInIndex = 1; lastKnownFileType = sourcecode.swift; name = CapabilityChecker.swift; path = Monitoring/CapabilityChecker.swift; sourceTree = "<group>"; };
		4419DAA9FEBCA8E8296D2E6E /* XPCChargeControllerTests.swift */ = {isa = PBXFileReference; includeInIndex = 1; lastKnownFileType = sourcecode.swift; path = XPCChargeControllerTests.swift; sourceTree = "<group>"; };
		598F0AB6B5494D5BB4C351BE /* CapabilityCheckerTests.swift */ = {isa = PBXFileReference; includeInIndex = 1; lastKnownFileType = sourcecode.swift; path = CapabilityCheckerTests.swift; sourceTree = "<group>"; };
		59E9610FD8CB9602C3BD0A76 /* CellCapApp.swift */ = {isa = PBXFileReference; includeInIndex = 1; lastKnownFileType = sourcecode.swift; path = CellCapApp.swift; sourceTree = "<group>"; };
		5F38589F92119E352F502035 /* PolicyEngineTests.swift */ = {isa = PBXFileReference; includeInIndex = 1; lastKnownFileType = sourcecode.swift; path = PolicyEngineTests.swift; sourceTree = "<group>"; };
		61D3AAD271D51E5A691A43E8 /* XPCChargeController.swift */ = {isa = PBXFileReference; includeInIndex = 1; lastKnownFileType = sourcecode.swift; name = XPCChargeController.swift; path = Controllers/XPCChargeController.swift; sourceTree = "<group>"; };
		62064C8CA7B98839B76D6B05 /* PolicySettingsView.swift */ = {isa = PBXFileReference; includeInIndex = 1; lastKnownFileType = sourcecode.swift; name = PolicySettingsView.swift; path = Views/PolicySettingsView.swift; sourceTree = "<group>"; };
		6DBFC6B972AB22472C969739 /* ChargeStateMachineTests.swift */ = {isa = PBXFileReference; includeInIndex = 1; lastKnownFileType = sourcecode.swift; path = ChargeStateMachineTests.swift; sourceTree = "<group>"; };
		79E355299EA6BD155CB773E6 /* StatusSummaryView.swift */ = {isa = PBXFileReference; includeInIndex = 1; lastKnownFileType = sourcecode.swift; name = StatusSummaryView.swift; path = Views/StatusSummaryView.swift; sourceTree = "<group>"; };
		7FDE1B46F904D0AB08D02109 /* Helper */ = {isa = PBXFileReference; includeInIndex = 0; path = Helper; sourceTree = BUILT_PRODUCTS_DIR; };
		803FDB18160DBEBCEB65C231 /* Shared.framework */ = {isa = PBXFileReference; explicitFileType = wrapper.framework; includeInIndex = 0; path = Shared.framework; sourceTree = BUILT_PRODUCTS_DIR; };
		88597036DE71DE65DDDEF6C3 /* ControllerStatus.swift */ = {isa = PBXFileReference; includeInIndex = 1; lastKnownFileType = sourcecode.swift; name = ControllerStatus.swift; path = Models/ControllerStatus.swift; sourceTree = "<group>"; };
		8968C65467661220B6B319AF /* DiagnosticEvent.swift */ = {isa = PBXFileReference; includeInIndex = 1; lastKnownFileType = sourcecode.swift; name = DiagnosticEvent.swift; path = Diagnostics/DiagnosticEvent.swift; sourceTree = "<group>"; };
		8A0A81D099FDE276FACC151C /* EventLogger.swift */ = {isa = PBXFileReference; includeInIndex = 1; lastKnownFileType = sourcecode.swift; name = EventLogger.swift; path = Diagnostics/EventLogger.swift; sourceTree = "<group>"; };
		8AD9F6AEA4DD1BB616F557B2 /* ChargePolicy.swift */ = {isa = PBXFileReference; includeInIndex = 1; lastKnownFileType = sourcecode.swift; name = ChargePolicy.swift; path = Models/ChargePolicy.swift; sourceTree = "<group>"; };
		8DF3247C33FADC599779567C /* MockChargeController.swift */ = {isa = PBXFileReference; includeInIndex = 1; lastKnownFileType = sourcecode.swift; name = MockChargeController.swift; path = Controllers/MockChargeController.swift; sourceTree = "<group>"; };
		95A049AC421D0F2BE2C9A37C /* DiagnosticsSummary.swift */ = {isa = PBXFileReference; includeInIndex = 1; lastKnownFileType = sourcecode.swift; name = DiagnosticsSummary.swift; path = Diagnostics/DiagnosticsSummary.swift; sourceTree = "<group>"; };
		95BAB9FDC0F5887815132991 /* RootView.swift */ = {isa = PBXFileReference; includeInIndex = 1; lastKnownFileType = sourcecode.swift; path = RootView.swift; sourceTree = "<group>"; };
		95BC0CCE1DE4CFFFD252BE2A /* CellCapHelperXPCProtocol.swift */ = {isa = PBXFileReference; includeInIndex = 1; lastKnownFileType = sourcecode.swift; name = CellCapHelperXPCProtocol.swift; path = XPC/CellCapHelperXPCProtocol.swift; sourceTree = "<group>"; };
		997879964AC489EEC3D3EC50 /* CapabilityReport.swift */ = {isa = PBXFileReference; includeInIndex = 1; lastKnownFileType = sourcecode.swift; name = CapabilityReport.swift; path = Models/CapabilityReport.swift; sourceTree = "<group>"; };
		A5C9B578A00752443269C307 /* MenuBarViewModel.swift */ = {isa = PBXFileReference; includeInIndex = 1; lastKnownFileType = sourcecode.swift; name = MenuBarViewModel.swift; path = ViewModels/MenuBarViewModel.swift; sourceTree = "<group>"; };
		A6C7F14B7A7211553E209414 /* CoreTests.xctest */ = {isa = PBXFileReference; explicitFileType = wrapper.cfbundle; includeInIndex = 0; path = CoreTests.xctest; sourceTree = BUILT_PRODUCTS_DIR; };
		ADBD886FC5AB546748166363 /* AppUI.app */ = {isa = PBXFileReference; explicitFileType = wrapper.application; includeInIndex = 0; path = AppUI.app; sourceTree = BUILT_PRODUCTS_DIR; };
		AEB6A58BBE57642C508C7A74 /* AppState.swift */ = {isa = PBXFileReference; includeInIndex = 1; lastKnownFileType = sourcecode.swift; name = AppState.swift; path = Models/AppState.swift; sourceTree = "<group>"; };
		B521B6124BC0824996180ADA /* ChargeStateMachine.swift */ = {isa = PBXFileReference; includeInIndex = 1; lastKnownFileType = sourcecode.swift; name = ChargeStateMachine.swift; path = StateMachine/ChargeStateMachine.swift; sourceTree = "<group>"; };
		C15AB62B7E0CF6B0499DF7D5 /* main.swift */ = {isa = PBXFileReference; includeInIndex = 1; lastKnownFileType = sourcecode.swift; path = main.swift; sourceTree = "<group>"; };
		CA3E205E772B3325CC3DE5ED /* BatteryMonitor.swift */ = {isa = PBXFileReference; includeInIndex = 1; lastKnownFileType = sourcecode.swift; name = BatteryMonitor.swift; path = Monitoring/BatteryMonitor.swift; sourceTree = "<group>"; };
		CD2141C5E65236314DB399A9 /* BatteryMonitorTests.swift */ = {isa = PBXFileReference; includeInIndex = 1; lastKnownFileType = sourcecode.swift; path = BatteryMonitorTests.swift; sourceTree = "<group>"; };
		CF8D8EA346386DF636E57E03 /* CellCapHelperService.swift */ = {isa = PBXFileReference; includeInIndex = 1; lastKnownFileType = sourcecode.swift; path = CellCapHelperService.swift; sourceTree = "<group>"; };
		D8DF95DBECCDEE87197FAD62 /* Core.framework */ = {isa = PBXFileReference; explicitFileType = wrapper.framework; includeInIndex = 0; path = Core.framework; sourceTree = BUILT_PRODUCTS_DIR; };
		DEEB71E821A5C8626A40B204 /* ChargeStateResolver.swift */ = {isa = PBXFileReference; includeInIndex = 1; lastKnownFileType = sourcecode.swift; name = ChargeStateResolver.swift; path = StateMachine/ChargeStateResolver.swift; sourceTree = "<group>"; };
		E54AD27539384920F4A44910 /* ChargeStateResolverTests.swift */ = {isa = PBXFileReference; includeInIndex = 1; lastKnownFileType = sourcecode.swift; path = ChargeStateResolverTests.swift; sourceTree = "<group>"; };
		E5F12C1CCFB5B73EBD0344AF /* 01_기획서.md */ = {isa = PBXFileReference; includeInIndex = 1; name = "01_기획서.md"; path = "../01_기획서.md"; sourceTree = "<group>"; };
		E79A09BF037C829654969DCE /* Cocoa.framework */ = {isa = PBXFileReference; lastKnownFileType = wrapper.framework; name = Cocoa.framework; path = Platforms/MacOSX.platform/Developer/SDKs/MacOSX15.0.sdk/System/Library/Frameworks/Cocoa.framework; sourceTree = DEVELOPER_DIR; };
		EEDE43B2BF58F7409831CC57 /* ChargePolicyTests.swift */ = {isa = PBXFileReference; includeInIndex = 1; lastKnownFileType = sourcecode.swift; path = ChargePolicyTests.swift; sourceTree = "<group>"; };
		F3966A1EB20350B014E384E6 /* HelperXPCDTOs.swift */ = {isa = PBXFileReference; includeInIndex = 1; lastKnownFileType = sourcecode.swift; name = HelperXPCDTOs.swift; path = XPC/HelperXPCDTOs.swift; sourceTree = "<group>"; };
		F7D46339F6A5B754905EF920 /* ChargeState.swift */ = {isa = PBXFileReference; includeInIndex = 1; lastKnownFileType = sourcecode.swift; name = ChargeState.swift; path = Models/ChargeState.swift; sourceTree = "<group>"; };
		F9721501CA64A3A8B79BABAF /* EventLoggerTests.swift */ = {isa = PBXFileReference; includeInIndex = 1; lastKnownFileType = sourcecode.swift; path = EventLoggerTests.swift; sourceTree = "<group>"; };
		F9D09C0BE62B409D037D2CAF /* README.md */ = {isa = PBXFileReference; includeInIndex = 1; name = README.md; path = ../README.md; sourceTree = "<group>"; };
		FD3FCC48CEEA588F66E1EB28 /* HelperXPCClient.swift */ = {isa = PBXFileReference; includeInIndex = 1; lastKnownFileType = sourcecode.swift; name = HelperXPCClient.swift; path = XPC/HelperXPCClient.swift; sourceTree = "<group>"; };
/* End PBXFileReference section */

/* Begin PBXFrameworksBuildPhase section */
		2EC148E1E6B51DFF62FEDAAF /* Frameworks */ = {
			isa = PBXFrameworksBuildPhase;
			buildActionMask = 2147483647;
			files = (
				2682FEC28F0DD8D1CCEC341C /* Cocoa.framework in Frameworks */,
			);
			runOnlyForDeploymentPostprocessing = 0;
		};
		5306639D277B2C75DD4C549F /* Frameworks */ = {
			isa = PBXFrameworksBuildPhase;
			buildActionMask = 2147483647;
			files = (
				64AAA7FBFDAE053AC052EBA5 /* Cocoa.framework in Frameworks */,
				0C9313AB08A9A9A7D6DA9D69 /* Shared.framework in Frameworks */,
			);
			runOnlyForDeploymentPostprocessing = 0;
		};
		53218F004A1E503A7D1A1051 /* Frameworks */ = {
			isa = PBXFrameworksBuildPhase;
			buildActionMask = 2147483647;
			files = (
				F554461AF5445B4EECB8481D /* Cocoa.framework in Frameworks */,
				667D06401ADE5591C81BE753 /* Core.framework in Frameworks */,
				124949D2E55ABA131202A540 /* Shared.framework in Frameworks */,
			);
			runOnlyForDeploymentPostprocessing = 0;
		};
		685B56BF963566041A0A0403 /* Frameworks */ = {
			isa = PBXFrameworksBuildPhase;
			buildActionMask = 2147483647;
			files = (
				2F1638B8AD5C4E96E13714BD /* Cocoa.framework in Frameworks */,
				FB8E0CC3A1386388B5403359 /* Core.framework in Frameworks */,
				6178C7CCCF14A6155E03EA3E /* Shared.framework in Frameworks */,
			);
			runOnlyForDeploymentPostprocessing = 0;
		};
		CFA6281AFCA4C6C531BBA936 /* Frameworks */ = {
			isa = PBXFrameworksBuildPhase;
			buildActionMask = 2147483647;
			files = (
				B2718A7BDF404776657A0AFF /* Cocoa.framework in Frameworks */,
				45213D8DFAA4B04615DF3931 /* Core.framework in Frameworks */,
				3C03064AA6370CFECD279B9D /* Shared.framework in Frameworks */,
			);
			runOnlyForDeploymentPostprocessing = 0;
		};
/* End PBXFrameworksBuildPhase section */

/* Begin PBXGroup section */
		2CF7710E24A4638C170E2953 = {
			isa = PBXGroup;
			children = (
				7376B93705FEC85EDE4FD479 /* Docs */,
				B9DFE7B31ABBF62AE907C421 /* Frameworks */,
				3426C2C76AC504A625EB7C41 /* Products */,
				CD02B97059C75714B9F471BE /* Sources */,
				34D14CD497384559E39DACE1 /* Tests */,
			);
			sourceTree = "<group>";
		};
		3426C2C76AC504A625EB7C41 /* Products */ = {
			isa = PBXGroup;
			children = (
				ADBD886FC5AB546748166363 /* AppUI.app */,
				D8DF95DBECCDEE87197FAD62 /* Core.framework */,
				A6C7F14B7A7211553E209414 /* CoreTests.xctest */,
				7FDE1B46F904D0AB08D02109 /* Helper */,
				803FDB18160DBEBCEB65C231 /* Shared.framework */,
			);
			name = Products;
			sourceTree = "<group>";
		};
		34D14CD497384559E39DACE1 /* Tests */ = {
			isa = PBXGroup;
			children = (
				FF59575F304002F3C785B86D /* CoreTests */,
			);
			name = Tests;
			path = Tests;
			sourceTree = "<group>";
		};
		61E016D7C97A3B3BEAED4FDB /* Core */ = {
			isa = PBXGroup;
			children = (
				2B5C38360061BCDDC670D660 /* AppRuntimeOrchestrator.swift */,
				CA3E205E772B3325CC3DE5ED /* BatteryMonitor.swift */,
				426992F20B5200707FEB1B7A /* CapabilityChecker.swift */,
				32384665F0AFF2D73C6AF799 /* ChargeController.swift */,
				B521B6124BC0824996180ADA /* ChargeStateMachine.swift */,
				DEEB71E821A5C8626A40B204 /* ChargeStateResolver.swift */,
				8A0A81D099FDE276FACC151C /* EventLogger.swift */,
				FD3FCC48CEEA588F66E1EB28 /* HelperXPCClient.swift */,
				8DF3247C33FADC599779567C /* MockChargeController.swift */,
				3F64DFD0EFAA5AA60B08D5A6 /* PolicyEngine.swift */,
				0B4B57C7E28047E2FF3BC83C /* SystemBatterySnapshotProvider.swift */,
				61D3AAD271D51E5A691A43E8 /* XPCChargeController.swift */,
			);
			name = Core;
			path = Sources/Core;
			sourceTree = "<group>";
		};
		66D083A98432455B40C02318 /* AppUI */ = {
			isa = PBXGroup;
			children = (
				11AD74B30F42AF6FA00F8835 /* CapabilityStatusListView.swift */,
				59E9610FD8CB9602C3BD0A76 /* CellCapApp.swift */,
				A5C9B578A00752443269C307 /* MenuBarViewModel.swift */,
				62064C8CA7B98839B76D6B05 /* PolicySettingsView.swift */,
				95BAB9FDC0F5887815132991 /* RootView.swift */,
				79E355299EA6BD155CB773E6 /* StatusSummaryView.swift */,
			);
			name = AppUI;
			path = Sources/AppUI;
			sourceTree = "<group>";
		};
		7213FB5C731056378892D922 /* OS X */ = {
			isa = PBXGroup;
			children = (
				E79A09BF037C829654969DCE /* Cocoa.framework */,
			);
			name = "OS X";
			sourceTree = "<group>";
		};
		7376B93705FEC85EDE4FD479 /* Docs */ = {
			isa = PBXGroup;
			children = (
				E5F12C1CCFB5B73EBD0344AF /* 01_기획서.md */,
				085C2D5E350F6BC2A11961B4 /* 02_Prompts.md */,
				F9D09C0BE62B409D037D2CAF /* README.md */,
			);
			name = Docs;
			sourceTree = "<group>";
		};
		A0CC6527D23A1702DE0C916A /* Shared */ = {
			isa = PBXGroup;
			children = (
				AEB6A58BBE57642C508C7A74 /* AppState.swift */,
				272D81DF532B9F1E37B013D9 /* BatterySnapshot.swift */,
				997879964AC489EEC3D3EC50 /* CapabilityReport.swift */,
				95BC0CCE1DE4CFFFD252BE2A /* CellCapHelperXPCProtocol.swift */,
				8AD9F6AEA4DD1BB616F557B2 /* ChargePolicy.swift */,
				F7D46339F6A5B754905EF920 /* ChargeState.swift */,
				88597036DE71DE65DDDEF6C3 /* ControllerStatus.swift */,
				8968C65467661220B6B319AF /* DiagnosticEvent.swift */,
				95A049AC421D0F2BE2C9A37C /* DiagnosticsSummary.swift */,
				F3966A1EB20350B014E384E6 /* HelperXPCDTOs.swift */,
			);
			name = Shared;
			path = Sources/Shared;
			sourceTree = "<group>";
		};
		B9DFE7B31ABBF62AE907C421 /* Frameworks */ = {
			isa = PBXGroup;
			children = (
				7213FB5C731056378892D922 /* OS X */,
			);
			name = Frameworks;
			sourceTree = "<group>";
		};
		CD02B97059C75714B9F471BE /* Sources */ = {
			isa = PBXGroup;
			children = (
				66D083A98432455B40C02318 /* AppUI */,
				61E016D7C97A3B3BEAED4FDB /* Core */,
				FABC4581FE34C8E106C28EAA /* Helper */,
				A0CC6527D23A1702DE0C916A /* Shared */,
			);
			name = Sources;
			path = Sources;
			sourceTree = "<group>";
		};
		FABC4581FE34C8E106C28EAA /* Helper */ = {
			isa = PBXGroup;
			children = (
				20142A67BDD30182C29A05FD /* CellCapHelperListener.swift */,
				CF8D8EA346386DF636E57E03 /* CellCapHelperService.swift */,
				C15AB62B7E0CF6B0499DF7D5 /* main.swift */,
			);
			name = Helper;
			path = Sources/Helper;
			sourceTree = "<group>";
		};
		FF59575F304002F3C785B86D /* CoreTests */ = {
			isa = PBXGroup;
			children = (
				38C2CD1BC5BAB0F83A34BF11 /* AppRuntimeOrchestratorTests.swift */,
				CD2141C5E65236314DB399A9 /* BatteryMonitorTests.swift */,
				598F0AB6B5494D5BB4C351BE /* CapabilityCheckerTests.swift */,
				EEDE43B2BF58F7409831CC57 /* ChargePolicyTests.swift */,
				6DBFC6B972AB22472C969739 /* ChargeStateMachineTests.swift */,
				E54AD27539384920F4A44910 /* ChargeStateResolverTests.swift */,
				F9721501CA64A3A8B79BABAF /* EventLoggerTests.swift */,
				2F81F014A527155D5FABC3CB /* MockChargeControllerTests.swift */,
				5F38589F92119E352F502035 /* PolicyEngineTests.swift */,
				4419DAA9FEBCA8E8296D2E6E /* XPCChargeControllerTests.swift */,
			);
			name = CoreTests;
			path = Tests/CoreTests;
			sourceTree = "<group>";
		};
/* End PBXGroup section */

/* Begin PBXHeadersBuildPhase section */
		355BFC7A2950F68CE426DACD /* Headers */ = {
			isa = PBXHeadersBuildPhase;
			buildActionMask = 2147483647;
			files = (
			);
			runOnlyForDeploymentPostprocessing = 0;
		};
		57CA8381C542516FF772559D /* Headers */ = {
			isa = PBXHeadersBuildPhase;
			buildActionMask = 2147483647;
			files = (
			);
			runOnlyForDeploymentPostprocessing = 0;
		};
/* End PBXHeadersBuildPhase section */

/* Begin PBXNativeTarget section */
		30E4635D5D14A5D3465FA62A /* AppUI */ = {
			isa = PBXNativeTarget;
			buildConfigurationList = 02C3240C6A5A87F3203DAD55 /* Build configuration list for PBXNativeTarget "AppUI" */;
			buildPhases = (
				C8D2F7386841CC61979F3175 /* Sources */,
				CFA6281AFCA4C6C531BBA936 /* Frameworks */,
				D2BD8577ECFE68C308191783 /* Resources */,
				C71A38DA0202FFFA95FBCBCA /* Embed Frameworks */,
			);
			buildRules = (
			);
			dependencies = (
				ABB690E281175885E816765D /* PBXTargetDependency */,
				48DF25621A4C4A240C0A5344 /* PBXTargetDependency */,
			);
			name = AppUI;
			productName = AppUI;
			productReference = ADBD886FC5AB546748166363 /* AppUI.app */;
			productType = "com.apple.product-type.application";
		};
		32D0871C269F99935970F120 /* Shared */ = {
			isa = PBXNativeTarget;
			buildConfigurationList = 0548EDDFA74C9A9F9202F657 /* Build configuration list for PBXNativeTarget "Shared" */;
			buildPhases = (
				355BFC7A2950F68CE426DACD /* Headers */,
				B634A86E0D4A219B117D5D62 /* Sources */,
				2EC148E1E6B51DFF62FEDAAF /* Frameworks */,
				7432087FC120D0872D5864D4 /* Resources */,
			);
			buildRules = (
			);
			dependencies = (
			);
			name = Shared;
			productName = Shared;
			productReference = 803FDB18160DBEBCEB65C231 /* Shared.framework */;
			productType = "com.apple.product-type.framework";
		};
		D605EFD782A4890328E9402E /* Helper */ = {
			isa = PBXNativeTarget;
			buildConfigurationList = A3B48549B2F2CE525F64F8FB /* Build configuration list for PBXNativeTarget "Helper" */;
			buildPhases = (
				9227F62D0B4A35887E24CCEA /* Sources */,
				685B56BF963566041A0A0403 /* Frameworks */,
			);
			buildRules = (
			);
			dependencies = (
				E72EE87E930EF01C36ED7415 /* PBXTargetDependency */,
				B78766553A2DA787071D75FE /* PBXTargetDependency */,
			);
			name = Helper;
			productName = Helper;
			productReference = 7FDE1B46F904D0AB08D02109 /* Helper */;
			productType = "com.apple.product-type.tool";
		};
		F3E00A04840A7540085E5811 /* CoreTests */ = {
			isa = PBXNativeTarget;
			buildConfigurationList = D5F5AB93BC69059790376779 /* Build configuration list for PBXNativeTarget "CoreTests" */;
			buildPhases = (
				4548E91249F97B3BEB05B31F /* Sources */,
				53218F004A1E503A7D1A1051 /* Frameworks */,
				AE2816E144279BA563C81A6C /* Resources */,
			);
			buildRules = (
			);
			dependencies = (
				BDC37DCD13D2FAEC369B817E /* PBXTargetDependency */,
				42936FA4C8414E8CADCE64D6 /* PBXTargetDependency */,
			);
			name = CoreTests;
			productName = CoreTests;
			productReference = A6C7F14B7A7211553E209414 /* CoreTests.xctest */;
			productType = "com.apple.product-type.bundle.unit-test";
		};
		FFC2AF4C82AF468DAE37EF57 /* Core */ = {
			isa = PBXNativeTarget;
			buildConfigurationList = 8EADC856A058101F2A657F51 /* Build configuration list for PBXNativeTarget "Core" */;
			buildPhases = (
				57CA8381C542516FF772559D /* Headers */,
				C6B096A848B54DB1F5CA2101 /* Sources */,
				5306639D277B2C75DD4C549F /* Frameworks */,
				93ADDE7BD04613B2C27FB89C /* Resources */,
			);
			buildRules = (
			);
			dependencies = (
				C46E93582F28D9B2D24690BD /* PBXTargetDependency */,
			);
			name = Core;
			productName = Core;
			productReference = D8DF95DBECCDEE87197FAD62 /* Core.framework */;
			productType = "com.apple.product-type.framework";
		};
/* End PBXNativeTarget section */

/* Begin PBXProject section */
		A0EF7BC1D0FA0519E7D58E74 /* Project object */ = {
			isa = PBXProject;
			attributes = {
				LastSwiftUpdateCheck = 2600;
				LastUpgradeCheck = 2600;
			};
			buildConfigurationList = 6EDF67DCA17138C0784BC731 /* Build configuration list for PBXProject "CellCap" */;
			compatibilityVersion = "Xcode 3.2";
			developmentRegion = ko;
			hasScannedForEncodings = 0;
			knownRegions = (
				en,
				Base,
			);
			mainGroup = 2CF7710E24A4638C170E2953;
			minimizedProjectReferenceProxies = 0;
			preferredProjectObjectVersion = 77;
			productRefGroup = 3426C2C76AC504A625EB7C41 /* Products */;
			projectDirPath = "";
			projectRoot = "";
			targets = (
				30E4635D5D14A5D3465FA62A /* AppUI */,
				FFC2AF4C82AF468DAE37EF57 /* Core */,
				F3E00A04840A7540085E5811 /* CoreTests */,
				D605EFD782A4890328E9402E /* Helper */,
				32D0871C269F99935970F120 /* Shared */,
			);
		};
/* End PBXProject section */

/* Begin PBXResourcesBuildPhase section */
		7432087FC120D0872D5864D4 /* Resources */ = {
			isa = PBXResourcesBuildPhase;
			buildActionMask = 2147483647;
			files = (
			);
			runOnlyForDeploymentPostprocessing = 0;
		};
		93ADDE7BD04613B2C27FB89C /* Resources */ = {
			isa = PBXResourcesBuildPhase;
			buildActionMask = 2147483647;
			files = (
			);
			runOnlyForDeploymentPostprocessing = 0;
		};
		AE2816E144279BA563C81A6C /* Resources */ = {
			isa = PBXResourcesBuildPhase;
			buildActionMask = 2147483647;
			files = (
			);
			runOnlyForDeploymentPostprocessing = 0;
		};
		D2BD8577ECFE68C308191783 /* Resources */ = {
			isa = PBXResourcesBuildPhase;
			buildActionMask = 2147483647;
			files = (
			);
			runOnlyForDeploymentPostprocessing = 0;
		};
/* End PBXResourcesBuildPhase section */

/* Begin PBXSourcesBuildPhase section */
		4548E91249F97B3BEB05B31F /* Sources */ = {
			isa = PBXSourcesBuildPhase;
			buildActionMask = 2147483647;
			files = (
				F5725ACD88359FB4DFB45BDF /* AppRuntimeOrchestratorTests.swift in Sources */,
				B57E1A2303AC0C0CC5CA0233 /* BatteryMonitorTests.swift in Sources */,
				A75DB86C177D6A31FB248398 /* CapabilityCheckerTests.swift in Sources */,
				2B65A5F058ED9070445AECC4 /* ChargePolicyTests.swift in Sources */,
				B544E11A0EBA172C403AC2F8 /* ChargeStateMachineTests.swift in Sources */,
				DD714063E079E0C29EF42C25 /* ChargeStateResolverTests.swift in Sources */,
				BF20B11A5A1C6A4086D2CA0E /* EventLoggerTests.swift in Sources */,
				E9B6EC1CC8E39FC05E6DB0FA /* MockChargeControllerTests.swift in Sources */,
				F80D3CA5E4E2DB13F428C9BF /* PolicyEngineTests.swift in Sources */,
				573131DEDDB5EC20D7D8572C /* XPCChargeControllerTests.swift in Sources */,
			);
			runOnlyForDeploymentPostprocessing = 0;
		};
		9227F62D0B4A35887E24CCEA /* Sources */ = {
			isa = PBXSourcesBuildPhase;
			buildActionMask = 2147483647;
			files = (
				02F3760E6F24913B0C422139 /* CellCapHelperListener.swift in Sources */,
				DC804263A4D69BC755273652 /* CellCapHelperService.swift in Sources */,
				679BB1E89CC8C6970CF06FD0 /* main.swift in Sources */,
			);
			runOnlyForDeploymentPostprocessing = 0;
		};
		B634A86E0D4A219B117D5D62 /* Sources */ = {
			isa = PBXSourcesBuildPhase;
			buildActionMask = 2147483647;
			files = (
				C94ED3DD67E7822951B74666 /* AppState.swift in Sources */,
				2432138642110EF5CDD6D496 /* BatterySnapshot.swift in Sources */,
				CAAF7187AAB14F196338F98B /* CapabilityReport.swift in Sources */,
				5B98FC112B8A02A667B0CA74 /* CellCapHelperXPCProtocol.swift in Sources */,
				5F5C666BD3C5E866E1A85032 /* ChargePolicy.swift in Sources */,
				D7A42AB10A67066E3341F950 /* ChargeState.swift in Sources */,
				4A9739C8F25C5B98FBC4C444 /* ControllerStatus.swift in Sources */,
				F6C6456CE09FB00B341232D2 /* DiagnosticEvent.swift in Sources */,
				6742A2FC825578A70969CD0F /* DiagnosticsSummary.swift in Sources */,
				4C62ACA31EC7EC0795519FAC /* HelperXPCDTOs.swift in Sources */,
			);
			runOnlyForDeploymentPostprocessing = 0;
		};
		C6B096A848B54DB1F5CA2101 /* Sources */ = {
			isa = PBXSourcesBuildPhase;
			buildActionMask = 2147483647;
			files = (
				92B5C47C7AB42622A3C9BD77 /* AppRuntimeOrchestrator.swift in Sources */,
				8E91B0123EB29508B32C1AC6 /* BatteryMonitor.swift in Sources */,
				55EDDA9F259E33759A1EF5DC /* CapabilityChecker.swift in Sources */,
				7DFDCD7C232810F2262DFB1B /* ChargeController.swift in Sources */,
				707AB7C9184433F5784F10FD /* ChargeStateMachine.swift in Sources */,
				CBD411CF5AC588C3F530DB2E /* ChargeStateResolver.swift in Sources */,
				F28C66D4BE8A28D55E4183E7 /* EventLogger.swift in Sources */,
				B5D8DC43D6AB60BA1E54D4B6 /* HelperXPCClient.swift in Sources */,
				6CE9D7270128389682044745 /* MockChargeController.swift in Sources */,
				3B8029098F166C70D5377388 /* PolicyEngine.swift in Sources */,
				C6F44B8952DD631A0D750913 /* SystemBatterySnapshotProvider.swift in Sources */,
				EE89DABF4CACC91B23EECE0E /* XPCChargeController.swift in Sources */,
			);
			runOnlyForDeploymentPostprocessing = 0;
		};
		C8D2F7386841CC61979F3175 /* Sources */ = {
			isa = PBXSourcesBuildPhase;
			buildActionMask = 2147483647;
			files = (
				7BBDDC78B71793756A0A0116 /* CapabilityStatusListView.swift in Sources */,
				2E7C63C29F0431B10CAFEAEB /* CellCapApp.swift in Sources */,
				7A929797A8FD0A92D2C5DC0E /* MenuBarViewModel.swift in Sources */,
				7E5A987B715ADB1B237062AE /* PolicySettingsView.swift in Sources */,
				E54F970794053BFC224BD87D /* RootView.swift in Sources */,
				E3D652F68C756BD2F2061E13 /* StatusSummaryView.swift in Sources */,
			);
			runOnlyForDeploymentPostprocessing = 0;
		};
/* End PBXSourcesBuildPhase section */

/* Begin PBXTargetDependency section */
		42936FA4C8414E8CADCE64D6 /* PBXTargetDependency */ = {
			isa = PBXTargetDependency;
			name = Shared;
			target = 32D0871C269F99935970F120 /* Shared */;
			targetProxy = 3256BB565E394F0D9090C5D6 /* PBXContainerItemProxy */;
		};
		48DF25621A4C4A240C0A5344 /* PBXTargetDependency */ = {
			isa = PBXTargetDependency;
			name = Shared;
			target = 32D0871C269F99935970F120 /* Shared */;
			targetProxy = 635B09820E62BCE43ADA61B5 /* PBXContainerItemProxy */;
		};
		ABB690E281175885E816765D /* PBXTargetDependency */ = {
			isa = PBXTargetDependency;
			name = Core;
			target = FFC2AF4C82AF468DAE37EF57 /* Core */;
			targetProxy = FFD2010E8272EF8C9478AB6F /* PBXContainerItemProxy */;
		};
		B78766553A2DA787071D75FE /* PBXTargetDependency */ = {
			isa = PBXTargetDependency;
			name = Shared;
			target = 32D0871C269F99935970F120 /* Shared */;
			targetProxy = A2024FED4FE78BA2B5E511CA /* PBXContainerItemProxy */;
		};
		BDC37DCD13D2FAEC369B817E /* PBXTargetDependency */ = {
			isa = PBXTargetDependency;
			name = Core;
			target = FFC2AF4C82AF468DAE37EF57 /* Core */;
			targetProxy = 8D2EF3D0A973F9F794609E18 /* PBXContainerItemProxy */;
		};
		C46E93582F28D9B2D24690BD /* PBXTargetDependency */ = {
			isa = PBXTargetDependency;
			name = Shared;
			target = 32D0871C269F99935970F120 /* Shared */;
			targetProxy = 6921A420F4FDE7FA0F4E5BBF /* PBXContainerItemProxy */;
		};
		E72EE87E930EF01C36ED7415 /* PBXTargetDependency */ = {
			isa = PBXTargetDependency;
			name = Core;
			target = FFC2AF4C82AF468DAE37EF57 /* Core */;
			targetProxy = BE28659DE1FB624D0A883F4D /* PBXContainerItemProxy */;
		};
/* End PBXTargetDependency section */

/* Begin XCBuildConfiguration section */
		1B20A1B16011AC690BB7BD11 /* Release */ = {
			isa = XCBuildConfiguration;
			buildSettings = {
				ALWAYS_SEARCH_USER_PATHS = NO;
				CLANG_ANALYZER_NONNULL = YES;
				CLANG_ANALYZER_NUMBER_OBJECT_CONVERSION = YES_AGGRESSIVE;
				CLANG_CXX_LANGUAGE_STANDARD = "gnu++14";
				CLANG_CXX_LIBRARY = "libc++";
				CLANG_ENABLE_MODULES = YES;
				CLANG_ENABLE_OBJC_ARC = YES;
				CLANG_ENABLE_OBJC_WEAK = YES;
				CLANG_WARN_BLOCK_CAPTURE_AUTORELEASING = YES;
				CLANG_WARN_BOOL_CONVERSION = YES;
				CLANG_WARN_COMMA = YES;
				CLANG_WARN_CONSTANT_CONVERSION = YES;
				CLANG_WARN_DEPRECATED_OBJC_IMPLEMENTATIONS = YES;
				CLANG_WARN_DIRECT_OBJC_ISA_USAGE = YES_ERROR;
				CLANG_WARN_DOCUMENTATION_COMMENTS = YES;
				CLANG_WARN_EMPTY_BODY = YES;
				CLANG_WARN_ENUM_CONVERSION = YES;
				CLANG_WARN_INFINITE_RECURSION = YES;
				CLANG_WARN_INT_CONVERSION = YES;
				CLANG_WARN_NON_LITERAL_NULL_CONVERSION = YES;
				CLANG_WARN_OBJC_IMPLICIT_RETAIN_SELF = YES;
				CLANG_WARN_OBJC_LITERAL_CONVERSION = YES;
				CLANG_WARN_OBJC_ROOT_CLASS = YES_ERROR;
				CLANG_WARN_QUOTED_INCLUDE_IN_FRAMEWORK_HEADER = YES;
				CLANG_WARN_RANGE_LOOP_ANALYSIS = YES;
				CLANG_WARN_STRICT_PROTOTYPES = YES;
				CLANG_WARN_SUSPICIOUS_MOVE = YES;
				CLANG_WARN_UNGUARDED_AVAILABILITY = YES_AGGRESSIVE;
				CLANG_WARN_UNREACHABLE_CODE = YES;
				CLANG_WARN__DUPLICATE_METHOD_MATCH = YES;
				COPY_PHASE_STRIP = NO;
				DEBUG_INFORMATION_FORMAT = "dwarf-with-dsym";
				ENABLE_NS_ASSERTIONS = NO;
				ENABLE_STRICT_OBJC_MSGSEND = YES;
				GCC_C_LANGUAGE_STANDARD = gnu11;
				GCC_NO_COMMON_BLOCKS = YES;
				GCC_WARN_64_TO_32_BIT_CONVERSION = YES;
				GCC_WARN_ABOUT_RETURN_TYPE = YES_ERROR;
				GCC_WARN_UNDECLARED_SELECTOR = YES;
				GCC_WARN_UNINITIALIZED_AUTOS = YES_AGGRESSIVE;
				GCC_WARN_UNUSED_FUNCTION = YES;
				GCC_WARN_UNUSED_VARIABLE = YES;
				MTL_ENABLE_DEBUG_INFO = NO;
				MTL_FAST_MATH = YES;
				PRODUCT_NAME = "$(TARGET_NAME)";
				SWIFT_COMPILATION_MODE = wholemodule;
				SWIFT_OPTIMIZATION_LEVEL = "-O";
				SWIFT_VERSION = 5.0;
			};
			name = Release;
		};
		4244A4A4832134A18CD19DEC /* Debug */ = {
			isa = XCBuildConfiguration;
			buildSettings = {
				ASSETCATALOG_COMPILER_APPICON_NAME = AppIcon;
				ASSETCATALOG_COMPILER_GLOBAL_ACCENT_COLOR_NAME = AccentColor;
				CLANG_ENABLE_MODULES = YES;
				CODE_SIGNING_ALLOWED = NO;
				COMBINE_HIDPI_IMAGES = YES;
				ENABLE_HARDENED_RUNTIME = NO;
				GENERATE_INFOPLIST_FILE = YES;
				LD_RUNPATH_SEARCH_PATHS = "$(inherited) @executable_path/../Frameworks @loader_path/../Frameworks";
				MACOSX_DEPLOYMENT_TARGET = 26.0;
				PRODUCT_BUNDLE_IDENTIFIER = com.shin.cellcap.app;
				PRODUCT_NAME = CellCap;
				SDKROOT = macosx;
				SWIFT_STRICT_CONCURRENCY = complete;
				SWIFT_VERSION = 6.0;
			};
			name = Debug;
		};
		473C573EA055F3425F5A66A3 /* Release */ = {
			isa = XCBuildConfiguration;
			buildSettings = {
				CLANG_ENABLE_MODULES = YES;
				CODE_SIGNING_ALLOWED = NO;
				COMBINE_HIDPI_IMAGES = YES;
				CURRENT_PROJECT_VERSION = 1;
				DEFINES_MODULE = YES;
				DYLIB_COMPATIBILITY_VERSION = 1;
				DYLIB_CURRENT_VERSION = 1;
				DYLIB_INSTALL_NAME_BASE = "@rpath";
				ENABLE_HARDENED_RUNTIME = NO;
				GENERATE_INFOPLIST_FILE = YES;
				INSTALL_PATH = "$(LOCAL_LIBRARY_DIR)/Frameworks";
				LD_RUNPATH_SEARCH_PATHS = "$(inherited) @executable_path/../Frameworks @loader_path/Frameworks";
				MACOSX_DEPLOYMENT_TARGET = 26.0;
				PRODUCT_BUNDLE_IDENTIFIER = com.shin.cellcap.shared;
				PRODUCT_NAME = "$(TARGET_NAME:c99extidentifier)";
				SDKROOT = macosx;
				SKIP_INSTALL = YES;
				SWIFT_STRICT_CONCURRENCY = complete;
				SWIFT_VERSION = 6.0;
				VERSIONING_SYSTEM = "apple-generic";
				VERSION_INFO_PREFIX = "";
			};
			name = Release;
		};
		5F4F00A018A869103EE76190 /* Release */ = {
			isa = XCBuildConfiguration;
			buildSettings = {
				CLANG_ENABLE_MODULES = YES;
				CODE_SIGNING_ALLOWED = NO;
				COMBINE_HIDPI_IMAGES = YES;
				CURRENT_PROJECT_VERSION = 1;
				DEFINES_MODULE = YES;
				DYLIB_COMPATIBILITY_VERSION = 1;
				DYLIB_CURRENT_VERSION = 1;
				DYLIB_INSTALL_NAME_BASE = "@rpath";
				ENABLE_HARDENED_RUNTIME = NO;
				GENERATE_INFOPLIST_FILE = YES;
				INSTALL_PATH = "$(LOCAL_LIBRARY_DIR)/Frameworks";
				LD_RUNPATH_SEARCH_PATHS = "$(inherited) @executable_path/../Frameworks @loader_path/Frameworks";
				MACOSX_DEPLOYMENT_TARGET = 26.0;
				PRODUCT_BUNDLE_IDENTIFIER = com.shin.cellcap.core;
				PRODUCT_NAME = "$(TARGET_NAME:c99extidentifier)";
				SDKROOT = macosx;
				SKIP_INSTALL = YES;
				SWIFT_STRICT_CONCURRENCY = complete;
				SWIFT_VERSION = 6.0;
				VERSIONING_SYSTEM = "apple-generic";
				VERSION_INFO_PREFIX = "";
			};
			name = Release;
		};
		72D3CA254A75F81F0C188F29 /* Release */ = {
			isa = XCBuildConfiguration;
			buildSettings = {
				CLANG_ENABLE_MODULES = YES;
				CODE_SIGNING_ALLOWED = NO;
				ENABLE_HARDENED_RUNTIME = NO;
				LD_RUNPATH_SEARCH_PATHS = "$(inherited) @executable_path/../Frameworks @loader_path/../Frameworks";
				MACOSX_DEPLOYMENT_TARGET = 26.0;
				PRODUCT_NAME = CellCapHelper;
				SDKROOT = macosx;
				SWIFT_STRICT_CONCURRENCY = complete;
				SWIFT_VERSION = 6.0;
			};
			name = Release;
		};
		C8F3C0BC2589389DBBC786D0 /* Debug */ = {
			isa = XCBuildConfiguration;
			buildSettings = {
				CLANG_ENABLE_MODULES = YES;
				CODE_SIGNING_ALLOWED = NO;
				COMBINE_HIDPI_IMAGES = YES;
				CURRENT_PROJECT_VERSION = 1;
				DEFINES_MODULE = YES;
				DYLIB_COMPATIBILITY_VERSION = 1;
				DYLIB_CURRENT_VERSION = 1;
				DYLIB_INSTALL_NAME_BASE = "@rpath";
				ENABLE_HARDENED_RUNTIME = NO;
				GENERATE_INFOPLIST_FILE = YES;
				INSTALL_PATH = "$(LOCAL_LIBRARY_DIR)/Frameworks";
				LD_RUNPATH_SEARCH_PATHS = "$(inherited) @executable_path/../Frameworks @loader_path/Frameworks";
				MACOSX_DEPLOYMENT_TARGET = 26.0;
				PRODUCT_BUNDLE_IDENTIFIER = com.shin.cellcap.shared;
				PRODUCT_NAME = "$(TARGET_NAME:c99extidentifier)";
				SDKROOT = macosx;
				SKIP_INSTALL = YES;
				SWIFT_STRICT_CONCURRENCY = complete;
				SWIFT_VERSION = 6.0;
				VERSIONING_SYSTEM = "apple-generic";
				VERSION_INFO_PREFIX = "";
			};
			name = Debug;
		};
		C980E3766F0DCE0F376E5A8F /* Debug */ = {
			isa = XCBuildConfiguration;
			buildSettings = {
				CLANG_ENABLE_MODULES = YES;
				CODE_SIGNING_ALLOWED = NO;
				ENABLE_HARDENED_RUNTIME = NO;
				LD_RUNPATH_SEARCH_PATHS = "$(inherited) @executable_path/../Frameworks @loader_path/../Frameworks";
				MACOSX_DEPLOYMENT_TARGET = 26.0;
				PRODUCT_NAME = CellCapHelper;
				SDKROOT = macosx;
				SWIFT_STRICT_CONCURRENCY = complete;
				SWIFT_VERSION = 6.0;
			};
			name = Debug;
		};
		CCA6ADED2A02F747ED5EDD45 /* Debug */ = {
			isa = XCBuildConfiguration;
			buildSettings = {
				BUNDLE_LOADER = "";
				CLANG_ENABLE_MODULES = YES;
				CODE_SIGNING_ALLOWED = NO;
				ENABLE_HARDENED_RUNTIME = NO;
				GENERATE_INFOPLIST_FILE = YES;
				LD_RUNPATH_SEARCH_PATHS = "$(inherited) @loader_path/../Frameworks";
				MACOSX_DEPLOYMENT_TARGET = 26.0;
				PRODUCT_BUNDLE_IDENTIFIER = com.shin.cellcap.tests;
				SDKROOT = macosx;
				SWIFT_STRICT_CONCURRENCY = complete;
				SWIFT_VERSION = 6.0;
				TEST_HOST = "";
			};
			name = Debug;
		};
		ECB9EE6A91C22ECB91DBA0DD /* Debug */ = {
			isa = XCBuildConfiguration;
			buildSettings = {
				CLANG_ENABLE_MODULES = YES;
				CODE_SIGNING_ALLOWED = NO;
				COMBINE_HIDPI_IMAGES = YES;
				CURRENT_PROJECT_VERSION = 1;
				DEFINES_MODULE = YES;
				DYLIB_COMPATIBILITY_VERSION = 1;
				DYLIB_CURRENT_VERSION = 1;
				DYLIB_INSTALL_NAME_BASE = "@rpath";
				ENABLE_HARDENED_RUNTIME = NO;
				GENERATE_INFOPLIST_FILE = YES;
				INSTALL_PATH = "$(LOCAL_LIBRARY_DIR)/Frameworks";
				LD_RUNPATH_SEARCH_PATHS = "$(inherited) @executable_path/../Frameworks @loader_path/Frameworks";
				MACOSX_DEPLOYMENT_TARGET = 26.0;
				PRODUCT_BUNDLE_IDENTIFIER = com.shin.cellcap.core;
				PRODUCT_NAME = "$(TARGET_NAME:c99extidentifier)";
				SDKROOT = macosx;
				SKIP_INSTALL = YES;
				SWIFT_STRICT_CONCURRENCY = complete;
				SWIFT_VERSION = 6.0;
				VERSIONING_SYSTEM = "apple-generic";
				VERSION_INFO_PREFIX = "";
			};
			name = Debug;
		};
		EFC947B4C3EFEAE250321C0C /* Release */ = {
			isa = XCBuildConfiguration;
			buildSettings = {
				BUNDLE_LOADER = "";
				CLANG_ENABLE_MODULES = YES;
				CODE_SIGNING_ALLOWED = NO;
				ENABLE_HARDENED_RUNTIME = NO;
				GENERATE_INFOPLIST_FILE = YES;
				LD_RUNPATH_SEARCH_PATHS = "$(inherited) @loader_path/../Frameworks";
				MACOSX_DEPLOYMENT_TARGET = 26.0;
				PRODUCT_BUNDLE_IDENTIFIER = com.shin.cellcap.tests;
				SDKROOT = macosx;
				SWIFT_STRICT_CONCURRENCY = complete;
				SWIFT_VERSION = 6.0;
				TEST_HOST = "";
			};
			name = Release;
		};
		F3BDC55866DA6BEA449AAD85 /* Debug */ = {
			isa = XCBuildConfiguration;
			buildSettings = {
				ALWAYS_SEARCH_USER_PATHS = NO;
				CLANG_ANALYZER_NONNULL = YES;
				CLANG_ANALYZER_NUMBER_OBJECT_CONVERSION = YES_AGGRESSIVE;
				CLANG_CXX_LANGUAGE_STANDARD = "gnu++14";
				CLANG_CXX_LIBRARY = "libc++";
				CLANG_ENABLE_MODULES = YES;
				CLANG_ENABLE_OBJC_ARC = YES;
				CLANG_ENABLE_OBJC_WEAK = YES;
				CLANG_WARN_BLOCK_CAPTURE_AUTORELEASING = YES;
				CLANG_WARN_BOOL_CONVERSION = YES;
				CLANG_WARN_COMMA = YES;
				CLANG_WARN_CONSTANT_CONVERSION = YES;
				CLANG_WARN_DEPRECATED_OBJC_IMPLEMENTATIONS = YES;
				CLANG_WARN_DIRECT_OBJC_ISA_USAGE = YES_ERROR;
				CLANG_WARN_DOCUMENTATION_COMMENTS = YES;
				CLANG_WARN_EMPTY_BODY = YES;
				CLANG_WARN_ENUM_CONVERSION = YES;
				CLANG_WARN_INFINITE_RECURSION = YES;
				CLANG_WARN_INT_CONVERSION = YES;
				CLANG_WARN_NON_LITERAL_NULL_CONVERSION = YES;
				CLANG_WARN_OBJC_IMPLICIT_RETAIN_SELF = YES;
				CLANG_WARN_OBJC_LITERAL_CONVERSION = YES;
				CLANG_WARN_OBJC_ROOT_CLASS = YES_ERROR;
				CLANG_WARN_QUOTED_INCLUDE_IN_FRAMEWORK_HEADER = YES;
				CLANG_WARN_RANGE_LOOP_ANALYSIS = YES;
				CLANG_WARN_STRICT_PROTOTYPES = YES;
				CLANG_WARN_SUSPICIOUS_MOVE = YES;
				CLANG_WARN_UNGUARDED_AVAILABILITY = YES_AGGRESSIVE;
				CLANG_WARN_UNREACHABLE_CODE = YES;
				CLANG_WARN__DUPLICATE_METHOD_MATCH = YES;
				COPY_PHASE_STRIP = NO;
				DEBUG_INFORMATION_FORMAT = dwarf;
				ENABLE_STRICT_OBJC_MSGSEND = YES;
				ENABLE_TESTABILITY = YES;
				GCC_C_LANGUAGE_STANDARD = gnu11;
				GCC_DYNAMIC_NO_PIC = NO;
				GCC_NO_COMMON_BLOCKS = YES;
				GCC_OPTIMIZATION_LEVEL = 0;
				GCC_PREPROCESSOR_DEFINITIONS = (
					"DEBUG=1",
					"$(inherited)",
				);
				GCC_WARN_64_TO_32_BIT_CONVERSION = YES;
				GCC_WARN_ABOUT_RETURN_TYPE = YES_ERROR;
				GCC_WARN_UNDECLARED_SELECTOR = YES;
				GCC_WARN_UNINITIALIZED_AUTOS = YES_AGGRESSIVE;
				GCC_WARN_UNUSED_FUNCTION = YES;
				GCC_WARN_UNUSED_VARIABLE = YES;
				MTL_ENABLE_DEBUG_INFO = INCLUDE_SOURCE;
				MTL_FAST_MATH = YES;
				ONLY_ACTIVE_ARCH = YES;
				PRODUCT_NAME = "$(TARGET_NAME)";
				SWIFT_ACTIVE_COMPILATION_CONDITIONS = DEBUG;
				SWIFT_OPTIMIZATION_LEVEL = "-Onone";
				SWIFT_VERSION = 5.0;
			};
			name = Debug;
		};
		F50023286AEFE02873EA5F0D /* Release */ = {
			isa = XCBuildConfiguration;
			buildSettings = {
				ASSETCATALOG_COMPILER_APPICON_NAME = AppIcon;
				ASSETCATALOG_COMPILER_GLOBAL_ACCENT_COLOR_NAME = AccentColor;
				CLANG_ENABLE_MODULES = YES;
				CODE_SIGNING_ALLOWED = NO;
				COMBINE_HIDPI_IMAGES = YES;
				ENABLE_HARDENED_RUNTIME = NO;
				GENERATE_INFOPLIST_FILE = YES;
				LD_RUNPATH_SEARCH_PATHS = "$(inherited) @executable_path/../Frameworks @loader_path/../Frameworks";
				MACOSX_DEPLOYMENT_TARGET = 26.0;
				PRODUCT_BUNDLE_IDENTIFIER = com.shin.cellcap.app;
				PRODUCT_NAME = CellCap;
				SDKROOT = macosx;
				SWIFT_STRICT_CONCURRENCY = complete;
				SWIFT_VERSION = 6.0;
			};
			name = Release;
		};
/* End XCBuildConfiguration section */

/* Begin XCConfigurationList section */
		02C3240C6A5A87F3203DAD55 /* Build configuration list for PBXNativeTarget "AppUI" */ = {
			isa = XCConfigurationList;
			buildConfigurations = (
				4244A4A4832134A18CD19DEC /* Debug */,
				F50023286AEFE02873EA5F0D /* Release */,
			);
			defaultConfigurationIsVisible = 0;
			defaultConfigurationName = Release;
		};
		0548EDDFA74C9A9F9202F657 /* Build configuration list for PBXNativeTarget "Shared" */ = {
			isa = XCConfigurationList;
			buildConfigurations = (
				C8F3C0BC2589389DBBC786D0 /* Debug */,
				473C573EA055F3425F5A66A3 /* Release */,
			);
			defaultConfigurationIsVisible = 0;
			defaultConfigurationName = Release;
		};
		6EDF67DCA17138C0784BC731 /* Build configuration list for PBXProject "CellCap" */ = {
			isa = XCConfigurationList;
			buildConfigurations = (
				F3BDC55866DA6BEA449AAD85 /* Debug */,
				1B20A1B16011AC690BB7BD11 /* Release */,
			);
			defaultConfigurationIsVisible = 0;
			defaultConfigurationName = Release;
		};
		8EADC856A058101F2A657F51 /* Build configuration list for PBXNativeTarget "Core" */ = {
			isa = XCConfigurationList;
			buildConfigurations = (
				ECB9EE6A91C22ECB91DBA0DD /* Debug */,
				5F4F00A018A869103EE76190 /* Release */,
			);
			defaultConfigurationIsVisible = 0;
			defaultConfigurationName = Release;
		};
		A3B48549B2F2CE525F64F8FB /* Build configuration list for PBXNativeTarget "Helper" */ = {
			isa = XCConfigurationList;
			buildConfigurations = (
				C980E3766F0DCE0F376E5A8F /* Debug */,
				72D3CA254A75F81F0C188F29 /* Release */,
			);
			defaultConfigurationIsVisible = 0;
			defaultConfigurationName = Release;
		};
		D5F5AB93BC69059790376779 /* Build configuration list for PBXNativeTarget "CoreTests" */ = {
			isa = XCConfigurationList;
			buildConfigurations = (
				CCA6ADED2A02F747ED5EDD45 /* Debug */,
				EFC947B4C3EFEAE250321C0C /* Release */,
			);
			defaultConfigurationIsVisible = 0;
			defaultConfigurationName = Release;
		};
/* End XCConfigurationList section */
	};
	rootObject = A0EF7BC1D0FA0519E7D58E74 /* Project object */;
}
