// !$*UTF8*$!
{
	archiveVersion = 1;
	classes = {
	};
	objectVersion = 46;
	objects = {

/* Begin PBXBuildFile section */
		017166200B04807B3D9F30DD /* CellCapApp.swift in Sources */ = {isa = PBXBuildFile; fileRef = 90977B6B5CE5DAD9B6DBE0FA /* CellCapApp.swift */; };
		040BE29BD6D1DB970BE07332 /* PolicyEngine.swift in Sources */ = {isa = PBXBuildFile; fileRef = 4B82FF2B755F62DE7E261A63 /* PolicyEngine.swift */; };
		0AF1A16A671F09E5E6503472 /* Cocoa.framework in Frameworks */ = {isa = PBXBuildFile; fileRef = E26ED66EC4159E9C6EF3919A /* Cocoa.framework */; };
		0B22371B86080D384D889AA1 /* HelperInstallChecker.swift in Sources */ = {isa = PBXBuildFile; fileRef = FF2ED7A22911E5ECA0052BBE /* HelperInstallChecker.swift */; };
		0D31EBD1A4922438E411E0EC /* MenuBarPreviewFactory.swift in Sources */ = {isa = PBXBuildFile; fileRef = 5CBACBC65C70F1CAB701DBD6 /* MenuBarPreviewFactory.swift */; };
		0E190CA89DCF1F4DAC028875 /* ChargeStateMachineTests.swift in Sources */ = {isa = PBXBuildFile; fileRef = AA8E3B201F801FE3BA8C6194 /* ChargeStateMachineTests.swift */; };
		0F4287446215670E81D9C53E /* Assets.xcassets in Resources */ = {isa = PBXBuildFile; fileRef = F2D71EF75F00D3868F88A3AB /* Assets.xcassets */; };
		116577B5532C7EC0658AD420 /* AppRuntimeOrchestratorTests.swift in Sources */ = {isa = PBXBuildFile; fileRef = E8CEDE604A7B35500248974D /* AppRuntimeOrchestratorTests.swift */; };
		17C20D8CACECD5F9531A1542 /* ControllerCommandApplier.swift in Sources */ = {isa = PBXBuildFile; fileRef = 6071A0F8A3600132041DF94E /* ControllerCommandApplier.swift */; };
		1B1CEA558D8B3F6E5BD7A5D9 /* ChargePolicyStore.swift in Sources */ = {isa = PBXBuildFile; fileRef = 82E6A3B7098FEDE70749E463 /* ChargePolicyStore.swift */; };
		1BC28B069B875AEA7A01E869 /* CellCapSMCBridge.h in Headers */ = {isa = PBXBuildFile; fileRef = E3448CD48B5D7620D8E229B5 /* CellCapSMCBridge.h */; settings = {ATTRIBUTES = (Public, ); }; };
		200911529656928CB22032E1 /* EventLoggerTests.swift in Sources */ = {isa = PBXBuildFile; fileRef = 63F393BE1C1BF1634D283AC0 /* EventLoggerTests.swift */; };
		20C9E657A37173946B80D166 /* libCellCapSMCBridge.a in Frameworks */ = {isa = PBXBuildFile; fileRef = 9FAC1A16D176351EEDC5636D /* libCellCapSMCBridge.a */; };
		21E367A24272E5B80C050C5F /* AppRuntimeSupportTests.swift in Sources */ = {isa = PBXBuildFile; fileRef = 77D474E94DDCBD167A3C3C4C /* AppRuntimeSupportTests.swift */; };
		28320D918DEE6280DCD16C59 /* BatteryMonitorTests.swift in Sources */ = {isa = PBXBuildFile; fileRef = 9B70A25F31A0228594D3A595 /* BatteryMonitorTests.swift */; };
		2BF907AD69F511290A685B5E /* EventLogger.swift in Sources */ = {isa = PBXBuildFile; fileRef = F0CACAAAD8147D13CBA0DDE3 /* EventLogger.swift */; };
		2C5F2319147DFB54109BB90A /* CellCapHelperService.swift in Sources */ = {isa = PBXBuildFile; fileRef = 1544B2E53C5FA5D4184645AA /* CellCapHelperService.swift */; };
		2CEF48CCE177FF8E549B5831 /* CapabilityChecker.swift in Sources */ = {isa = PBXBuildFile; fileRef = 26DA362F7505B5B801F07E8C /* CapabilityChecker.swift */; };
		2D832000950255DA2AD921C3 /* CellCapSMCBridge.c in Sources */ = {isa = PBXBuildFile; fileRef = B71F5F71BD31633810986396 /* CellCapSMCBridge.c */; };
		35FFD4E3C4CA193A8875E768 /* HelperXPCDTOsTests.swift in Sources */ = {isa = PBXBuildFile; fileRef = 8CA1219A6A970B82CECE39EB /* HelperXPCDTOsTests.swift */; };
		37E4B2DD31609B2CCC1BDA41 /* DiagnosticEvent.swift in Sources */ = {isa = PBXBuildFile; fileRef = FD29BAD4D09197472B7CDD4E /* DiagnosticEvent.swift */; };
		38F9C08AE7200DC4CE64F1DB /* main.swift in Sources */ = {isa = PBXBuildFile; fileRef = B9D1772F434DECBEE5079E09 /* main.swift */; };
		3AB10171C843B4E623F65925 /* Shared.framework in Frameworks */ = {isa = PBXBuildFile; fileRef = 230FA75AF582FC195490E1BA /* Shared.framework */; };
		3D4E8E5DD09D019C82C7523D /* MockChargeControllerTests.swift in Sources */ = {isa = PBXBuildFile; fileRef = 42EA461F2736BF3BF6DE0471 /* MockChargeControllerTests.swift */; };
		3D8860EB6AC40534FFCA4382 /* DiagnosticsSummary.swift in Sources */ = {isa = PBXBuildFile; fileRef = C0785657003C49F7F6DC43EF /* DiagnosticsSummary.swift */; };
		3E8ECE72BD6F1348DDE7BD1C /* Shared.framework in Frameworks */ = {isa = PBXBuildFile; fileRef = 230FA75AF582FC195490E1BA /* Shared.framework */; };
		42FF55D77B66E3A815BA3807 /* ChargeStateResolverTests.swift in Sources */ = {isa = PBXBuildFile; fileRef = C67DDF4C4E23B66F215A7EEE /* ChargeStateResolverTests.swift */; };
		4672A4A637043B49EAB89502 /* Core.framework in Embed Frameworks */ = {isa = PBXBuildFile; fileRef = 0F96715D99013F8A6E5257B9 /* Core.framework */; settings = {ATTRIBUTES = (CodeSignOnCopy, RemoveHeadersOnCopy, ); }; };
		4745AADAAB5568AF12765E0F /* RootView.swift in Sources */ = {isa = PBXBuildFile; fileRef = 70B4939CE3E2D2E30018003E /* RootView.swift */; };
		48AB32AFE3545EA92E149A63 /* CellCapHelperServiceTests.swift in Sources */ = {isa = PBXBuildFile; fileRef = B6FE21E976F9472D4CC7227A /* CellCapHelperServiceTests.swift */; };
		4E4F401A64C91F15A0D45773 /* HelperInstallStatus.swift in Sources */ = {isa = PBXBuildFile; fileRef = 0D6BF540FC0A1E492068E22A /* HelperInstallStatus.swift */; };
		50F40D095F6D238685F8D0C2 /* CapabilityReportResolver.swift in Sources */ = {isa = PBXBuildFile; fileRef = 21A16F7E15EB39452C087653 /* CapabilityReportResolver.swift */; };
		51712FAF333663508565B087 /* MenuBarViewModel.swift in Sources */ = {isa = PBXBuildFile; fileRef = B972619AAC89AAD617FDED57 /* MenuBarViewModel.swift */; };
		51A1FEBEB15AF9F3B84F8759 /* Core.framework in Frameworks */ = {isa = PBXBuildFile; fileRef = 0F96715D99013F8A6E5257B9 /* Core.framework */; };
		5318F818164CE23226384F07 /* LaunchAtLoginManager.swift in Sources */ = {isa = PBXBuildFile; fileRef = 18EC5104CFC1B3E7E4338258 /* LaunchAtLoginManager.swift */; };
		57751EE411242F06C717D4F8 /* AppState.swift in Sources */ = {isa = PBXBuildFile; fileRef = BA7C317560D220FA2D74DF3D /* AppState.swift */; };
		58937B3B9530FEBF6C18CA3D /* RuntimeSafetyGate.swift in Sources */ = {isa = PBXBuildFile; fileRef = 1438AED8A5F614A60898AA10 /* RuntimeSafetyGate.swift */; };
		5D3D2EFC05178314E5E17FD6 /* CellCapHelperXPCProtocol.swift in Sources */ = {isa = PBXBuildFile; fileRef = DE44820475E16247ED693D7F /* CellCapHelperXPCProtocol.swift */; };
		654C8B5DCC7FF0E8E67EA93B /* XPCChargeControllerTests.swift in Sources */ = {isa = PBXBuildFile; fileRef = 723B0EC8D058011B9D5C0A6C /* XPCChargeControllerTests.swift */; };
		694DFEF65CF7E246BBEC2692 /* ChargePolicyTests.swift in Sources */ = {isa = PBXBuildFile; fileRef = D48AFB38EF375078A342DDF7 /* ChargePolicyTests.swift */; };
		6FFA371EDB544DAA64FFEA3E /* HelperInstallCheckerTests.swift in Sources */ = {isa = PBXBuildFile; fileRef = 8D1F01062C0223908D28E464 /* HelperInstallCheckerTests.swift */; };
		70429E64E32EF961F59A93F3 /* PolicySettingsView.swift in Sources */ = {isa = PBXBuildFile; fileRef = BCCE5B3FC36F3EDD49C13AAA /* PolicySettingsView.swift */; };
		727DEE274BBBA80762CAB23B /* DirectSMCChargeControlBackend.swift in Sources */ = {isa = PBXBuildFile; fileRef = 31D32F90B70A9E1FDAE0FCBD /* DirectSMCChargeControlBackend.swift */; };
		7AF9972E43ED3880A139EAFB /* SelfTestPolicy.swift in Sources */ = {isa = PBXBuildFile; fileRef = 358D84936C23C88652A01EA0 /* SelfTestPolicy.swift */; };
		7B11D55473FAAAE929F0D005 /* CapabilityStatusListView.swift in Sources */ = {isa = PBXBuildFile; fileRef = 2DE88C6861C20A56D0510F13 /* CapabilityStatusListView.swift */; };
		840A32A823FF5E9CFD316290 /* BatterySnapshot.swift in Sources */ = {isa = PBXBuildFile; fileRef = 4C466BE7A369C1C91D62743B /* BatterySnapshot.swift */; };
		8DCA18A838161758D81F90D0 /* Core.framework in Frameworks */ = {isa = PBXBuildFile; fileRef = 0F96715D99013F8A6E5257B9 /* Core.framework */; };
		8F1FD1DDF0A8EBADBB036014 /* ChargePolicy.swift in Sources */ = {isa = PBXBuildFile; fileRef = 81E5C10B74D958E9AD2DCB90 /* ChargePolicy.swift */; };
		997AEDB7101F9116F1274B55 /* Shared.framework in Frameworks */ = {isa = PBXBuildFile; fileRef = 230FA75AF582FC195490E1BA /* Shared.framework */; };
		9FB1CE32AC9F639C7BB08715 /* ChargeStateResolver.swift in Sources */ = {isa = PBXBuildFile; fileRef = 283D0F647F553E3A093EFFF4 /* ChargeStateResolver.swift */; };
		A2F86BE19A057FD15B0DB146 /* XPCChargeController.swift in Sources */ = {isa = PBXBuildFile; fileRef = 97CF0AC4D6E6BC79CBBBB820 /* XPCChargeController.swift */; };
		A55CA4AD017C166A5906A098 /* PolicyEngineTests.swift in Sources */ = {isa = PBXBuildFile; fileRef = A9E87D57E9E40A8B34C353CC /* PolicyEngineTests.swift */; };
		A8E5564697A780214ABE3B66 /* Core.framework in Frameworks */ = {isa = PBXBuildFile; fileRef = 0F96715D99013F8A6E5257B9 /* Core.framework */; };
		AAC3B7BAE3CC4D529FE62160 /* Cocoa.framework in Frameworks */ = {isa = PBXBuildFile; fileRef = E26ED66EC4159E9C6EF3919A /* Cocoa.framework */; };
		AF1653B7CBC88F0EF7F72D98 /* DirectSMCChargeControlBackendTests.swift in Sources */ = {isa = PBXBuildFile; fileRef = 3D14EE719A26C4C640F51527 /* DirectSMCChargeControlBackendTests.swift */; };
		B572DAD050EB332ED7A8320F /* CellCapHelperListener.swift in Sources */ = {isa = PBXBuildFile; fileRef = 662FEA965A3B56D4245E94FB /* CellCapHelperListener.swift */; };
		B85CC911B48DAD72A7A69569 /* Helper in Frameworks */ = {isa = PBXBuildFile; fileRef = 6F70646DFFEE86B3A6771FC6 /* Helper */; };
		BE2C226BFB2113ADBF0035DC /* ControlAvailabilityResolver.swift in Sources */ = {isa = PBXBuildFile; fileRef = 613C0749302C247899E35074 /* ControlAvailabilityResolver.swift */; };
		C02ECC493020B7F263E09FED /* MockChargeController.swift in Sources */ = {isa = PBXBuildFile; fileRef = 022DD9C2969B79580D69C54B /* MockChargeController.swift */; };
		C359CFBC16B82178E7CF02BF /* BatteryMonitor.swift in Sources */ = {isa = PBXBuildFile; fileRef = 485FDC7453A1EA0B985338FC /* BatteryMonitor.swift */; };
		CBE96071384DF30098E9B7A5 /* ChargeControlBackend.swift in Sources */ = {isa = PBXBuildFile; fileRef = E9399F59CF995CFD1161F674 /* ChargeControlBackend.swift */; };
		CDE858FCC18FCD5978A7FFE0 /* Cocoa.framework in Frameworks */ = {isa = PBXBuildFile; fileRef = E26ED66EC4159E9C6EF3919A /* Cocoa.framework */; };
		D0BC564FE7489559D891F0CF /* CapabilityCheckerTests.swift in Sources */ = {isa = PBXBuildFile; fileRef = CFDB05C31321C377D725E72B /* CapabilityCheckerTests.swift */; };
		D571053FEBE6672FB0B1D9C6 /* AppRuntimeTrigger+Debug.swift in Sources */ = {isa = PBXBuildFile; fileRef = BB6E73ABC16F594824147073 /* AppRuntimeTrigger+Debug.swift */; };
		D72F0F73F27B5A0513DDE4D6 /* SystemBatterySnapshotProvider.swift in Sources */ = {isa = PBXBuildFile; fileRef = 5FD0A79F5511AAE4D129B2A4 /* SystemBatterySnapshotProvider.swift */; };
		DA663A16BE5C0279816C6A26 /* HelperXPCDTOs.swift in Sources */ = {isa = PBXBuildFile; fileRef = 7A18B45BF4F4163A1D14C678 /* HelperXPCDTOs.swift */; };
		DC94AAF24A77618B54373F96 /* Shared.framework in Frameworks */ = {isa = PBXBuildFile; fileRef = 230FA75AF582FC195490E1BA /* Shared.framework */; };
		DE32336A1A4A6877D53050F7 /* HelperXPCClient.swift in Sources */ = {isa = PBXBuildFile; fileRef = 79B1DF817163219DC757DF41 /* HelperXPCClient.swift */; };
		DEB9182B42ABE19B7A002FFB /* ChargeStateMachine.swift in Sources */ = {isa = PBXBuildFile; fileRef = B29D43848610C43255C7E66F /* ChargeStateMachine.swift */; };
		E0C385F853F9A2B37BB07B50 /* MenuBarPresentation.swift in Sources */ = {isa = PBXBuildFile; fileRef = C7ED7555D1006B97BD004164 /* MenuBarPresentation.swift */; };
		E3F0378237D8C922E2451DB6 /* ChargeController.swift in Sources */ = {isa = PBXBuildFile; fileRef = EA5E5097BD2E744845737E05 /* ChargeController.swift */; };
		E42BE82E4435BA522CFD5112 /* StatusSummaryView.swift in Sources */ = {isa = PBXBuildFile; fileRef = 461558F0CF833985BC07B137 /* StatusSummaryView.swift */; };
		E4654D57C6FEB836D904B5DA /* Cocoa.framework in Frameworks */ = {isa = PBXBuildFile; fileRef = E26ED66EC4159E9C6EF3919A /* Cocoa.framework */; };
		EA74504A734E635163460619 /* Cocoa.framework in Frameworks */ = {isa = PBXBuildFile; fileRef = E26ED66EC4159E9C6EF3919A /* Cocoa.framework */; };
		EABA03DAC636846EBA48B04D /* ChargePolicyStoreTests.swift in Sources */ = {isa = PBXBuildFile; fileRef = 9D8421DDEFCA01BE5F1BC4A0 /* ChargePolicyStoreTests.swift */; };
		EDA7E20BB57CF6E9F924FDBC /* ControllerStatus.swift in Sources */ = {isa = PBXBuildFile; fileRef = 8E19C49376360204EB21B350 /* ControllerStatus.swift */; };
		EEDEF67CA4F8B826E2D36DF2 /* Shared.framework in Embed Frameworks */ = {isa = PBXBuildFile; fileRef = 230FA75AF582FC195490E1BA /* Shared.framework */; settings = {ATTRIBUTES = (CodeSignOnCopy, RemoveHeadersOnCopy, ); }; };
		EEF551477E98B8D930EFC354 /* CapabilityReport.swift in Sources */ = {isa = PBXBuildFile; fileRef = ECFE5228715052B5CAE295AC /* CapabilityReport.swift */; };
		F839A029B95914AC988A52BF /* ChargeState.swift in Sources */ = {isa = PBXBuildFile; fileRef = C177EC3DAED0297B5C350604 /* ChargeState.swift */; };
		FDE330622982D22F93ABDB01 /* AppRuntimeOrchestrator.swift in Sources */ = {isa = PBXBuildFile; fileRef = A2477406D5CC6DA4AFE78324 /* AppRuntimeOrchestrator.swift */; };
/* End PBXBuildFile section */

/* Begin PBXContainerItemProxy section */
		31A4FFAE29D911B8AD1A7842 /* PBXContainerItemProxy */ = {
			isa = PBXContainerItemProxy;
			containerPortal = C4F5A597D9781D976684479C /* Project object */;
			proxyType = 1;
			remoteGlobalIDString = 6DA4572B7B2D117A0FA382CB;
			remoteInfo = Shared;
		};
		442A9F98D71A84EAEB4C6851 /* PBXContainerItemProxy */ = {
			isa = PBXContainerItemProxy;
			containerPortal = C4F5A597D9781D976684479C /* Project object */;
			proxyType = 1;
			remoteGlobalIDString = 6DA4572B7B2D117A0FA382CB;
			remoteInfo = Shared;
		};
		4AD8238EBF7FB9129BF2A383 /* PBXContainerItemProxy */ = {
			isa = PBXContainerItemProxy;
			containerPortal = C4F5A597D9781D976684479C /* Project object */;
			proxyType = 1;
			remoteGlobalIDString = 4613F591C593AF147176E8E1;
			remoteInfo = Core;
		};
		87F3D68AD67569242598F08E /* PBXContainerItemProxy */ = {
			isa = PBXContainerItemProxy;
			containerPortal = C4F5A597D9781D976684479C /* Project object */;
			proxyType = 1;
			remoteGlobalIDString = 4613F591C593AF147176E8E1;
			remoteInfo = Core;
		};
		BA3F52138B80DD228D330905 /* PBXContainerItemProxy */ = {
			isa = PBXContainerItemProxy;
			containerPortal = C4F5A597D9781D976684479C /* Project object */;
			proxyType = 1;
			remoteGlobalIDString = 4613F591C593AF147176E8E1;
			remoteInfo = Core;
		};
		CD33186CDB6031678CDC570D /* PBXContainerItemProxy */ = {
			isa = PBXContainerItemProxy;
			containerPortal = C4F5A597D9781D976684479C /* Project object */;
			proxyType = 1;
			remoteGlobalIDString = 6F63F9233821DC0D493E61F6;
			remoteInfo = CellCapSMCBridge;
		};
		EC30CA0A80DA0120BC0E8188 /* PBXContainerItemProxy */ = {
			isa = PBXContainerItemProxy;
			containerPortal = C4F5A597D9781D976684479C /* Project object */;
			proxyType = 1;
			remoteGlobalIDString = 6DA4572B7B2D117A0FA382CB;
			remoteInfo = Shared;
		};
		ED759C2597E6B146B4B83111 /* PBXContainerItemProxy */ = {
			isa = PBXContainerItemProxy;
			containerPortal = C4F5A597D9781D976684479C /* Project object */;
			proxyType = 1;
			remoteGlobalIDString = B620B73710DC6E3E6AF7A8FA;
			remoteInfo = Helper;
		};
		EED28EC556D971D3F6D1DCED /* PBXContainerItemProxy */ = {
			isa = PBXContainerItemProxy;
			containerPortal = C4F5A597D9781D976684479C /* Project object */;
			proxyType = 1;
			remoteGlobalIDString = 6DA4572B7B2D117A0FA382CB;
			remoteInfo = Shared;
		};
/* End PBXContainerItemProxy section */

/* Begin PBXCopyFilesBuildPhase section */
		E364B1A888841807ED0C7E12 /* Embed Frameworks */ = {
			isa = PBXCopyFilesBuildPhase;
			buildActionMask = 2147483647;
			dstPath = "";
			dstSubfolderSpec = 10;
			files = (
				4672A4A637043B49EAB89502 /* Core.framework in Embed Frameworks */,
				EEDEF67CA4F8B826E2D36DF2 /* Shared.framework in Embed Frameworks */,
			);
			name = "Embed Frameworks";
			runOnlyForDeploymentPostprocessing = 0;
		};
/* End PBXCopyFilesBuildPhase section */

/* Begin PBXFileReference section */
		022DD9C2969B79580D69C54B /* MockChargeController.swift */ = {isa = PBXFileReference; includeInIndex = 1; lastKnownFileType = sourcecode.swift; name = MockChargeController.swift; path = Controllers/MockChargeController.swift; sourceTree = "<group>"; };
		0D6BF540FC0A1E492068E22A /* HelperInstallStatus.swift */ = {isa = PBXFileReference; includeInIndex = 1; lastKnownFileType = sourcecode.swift; name = HelperInstallStatus.swift; path = Models/HelperInstallStatus.swift; sourceTree = "<group>"; };
		0F96715D99013F8A6E5257B9 /* Core.framework */ = {isa = PBXFileReference; explicitFileType = wrapper.framework; includeInIndex = 0; path = Core.framework; sourceTree = BUILT_PRODUCTS_DIR; };
		1438AED8A5F614A60898AA10 /* RuntimeSafetyGate.swift */ = {isa = PBXFileReference; includeInIndex = 1; lastKnownFileType = sourcecode.swift; name = RuntimeSafetyGate.swift; path = Runtime/RuntimeSafetyGate.swift; sourceTree = "<group>"; };
		1544B2E53C5FA5D4184645AA /* CellCapHelperService.swift */ = {isa = PBXFileReference; includeInIndex = 1; lastKnownFileType = sourcecode.swift; path = CellCapHelperService.swift; sourceTree = "<group>"; };
		18EC5104CFC1B3E7E4338258 /* LaunchAtLoginManager.swift */ = {isa = PBXFileReference; includeInIndex = 1; lastKnownFileType = sourcecode.swift; name = LaunchAtLoginManager.swift; path = ViewModels/LaunchAtLoginManager.swift; sourceTree = "<group>"; };
		1C34A25458343789037C84DF /* 01_기획서.md */ = {isa = PBXFileReference; includeInIndex = 1; name = "01_기획서.md"; path = "../01_기획서.md"; sourceTree = "<group>"; };
		21A16F7E15EB39452C087653 /* CapabilityReportResolver.swift */ = {isa = PBXFileReference; includeInIndex = 1; lastKnownFileType = sourcecode.swift; name = CapabilityReportResolver.swift; path = Runtime/CapabilityReportResolver.swift; sourceTree = "<group>"; };
		230FA75AF582FC195490E1BA /* Shared.framework */ = {isa = PBXFileReference; explicitFileType = wrapper.framework; includeInIndex = 0; path = Shared.framework; sourceTree = BUILT_PRODUCTS_DIR; };
		26DA362F7505B5B801F07E8C /* CapabilityChecker.swift */ = {isa = PBXFileReference; includeInIndex = 1; lastKnownFileType = sourcecode.swift; name = CapabilityChecker.swift; path = Monitoring/CapabilityChecker.swift; sourceTree = "<group>"; };
		283D0F647F553E3A093EFFF4 /* ChargeStateResolver.swift */ = {isa = PBXFileReference; includeInIndex = 1; lastKnownFileType = sourcecode.swift; name = ChargeStateResolver.swift; path = StateMachine/ChargeStateResolver.swift; sourceTree = "<group>"; };
		2DE88C6861C20A56D0510F13 /* CapabilityStatusListView.swift */ = {isa = PBXFileReference; includeInIndex = 1; lastKnownFileType = sourcecode.swift; name = CapabilityStatusListView.swift; path = Views/CapabilityStatusListView.swift; sourceTree = "<group>"; };
		31D32F90B70A9E1FDAE0FCBD /* DirectSMCChargeControlBackend.swift */ = {isa = PBXFileReference; includeInIndex = 1; lastKnownFileType = sourcecode.swift; path = DirectSMCChargeControlBackend.swift; sourceTree = "<group>"; };
		358D84936C23C88652A01EA0 /* SelfTestPolicy.swift */ = {isa = PBXFileReference; includeInIndex = 1; lastKnownFileType = sourcecode.swift; name = SelfTestPolicy.swift; path = Runtime/SelfTestPolicy.swift; sourceTree = "<group>"; };
		3D14EE719A26C4C640F51527 /* DirectSMCChargeControlBackendTests.swift */ = {isa = PBXFileReference; includeInIndex = 1; lastKnownFileType = sourcecode.swift; path = DirectSMCChargeControlBackendTests.swift; sourceTree = "<group>"; };
		42EA461F2736BF3BF6DE0471 /* MockChargeControllerTests.swift */ = {isa = PBXFileReference; includeInIndex = 1; lastKnownFileType = sourcecode.swift; path = MockChargeControllerTests.swift; sourceTree = "<group>"; };
		461558F0CF833985BC07B137 /* StatusSummaryView.swift */ = {isa = PBXFileReference; includeInIndex = 1; lastKnownFileType = sourcecode.swift; name = StatusSummaryView.swift; path = Views/StatusSummaryView.swift; sourceTree = "<group>"; };
		485FDC7453A1EA0B985338FC /* BatteryMonitor.swift */ = {isa = PBXFileReference; includeInIndex = 1; lastKnownFileType = sourcecode.swift; name = BatteryMonitor.swift; path = Monitoring/BatteryMonitor.swift; sourceTree = "<group>"; };
		4B82FF2B755F62DE7E261A63 /* PolicyEngine.swift */ = {isa = PBXFileReference; includeInIndex = 1; lastKnownFileType = sourcecode.swift; name = PolicyEngine.swift; path = Policy/PolicyEngine.swift; sourceTree = "<group>"; };
		4C466BE7A369C1C91D62743B /* BatterySnapshot.swift */ = {isa = PBXFileReference; includeInIndex = 1; lastKnownFileType = sourcecode.swift; name = BatterySnapshot.swift; path = Models/BatterySnapshot.swift; sourceTree = "<group>"; };
		51B1DA40E2EE90740DD73E4C /* README.md */ = {isa = PBXFileReference; includeInIndex = 1; name = README.md; path = ../README.md; sourceTree = "<group>"; };
		5CBACBC65C70F1CAB701DBD6 /* MenuBarPreviewFactory.swift */ = {isa = PBXFileReference; includeInIndex = 1; lastKnownFileType = sourcecode.swift; name = MenuBarPreviewFactory.swift; path = ViewModels/MenuBarPreviewFactory.swift; sourceTree = "<group>"; };
		5FD0A79F5511AAE4D129B2A4 /* SystemBatterySnapshotProvider.swift */ = {isa = PBXFileReference; includeInIndex = 1; lastKnownFileType = sourcecode.swift; name = SystemBatterySnapshotProvider.swift; path = Monitoring/SystemBatterySnapshotProvider.swift; sourceTree = "<group>"; };
		6071A0F8A3600132041DF94E /* ControllerCommandApplier.swift */ = {isa = PBXFileReference; includeInIndex = 1; lastKnownFileType = sourcecode.swift; name = ControllerCommandApplier.swift; path = Runtime/ControllerCommandApplier.swift; sourceTree = "<group>"; };
		613C0749302C247899E35074 /* ControlAvailabilityResolver.swift */ = {isa = PBXFileReference; includeInIndex = 1; lastKnownFileType = sourcecode.swift; name = ControlAvailabilityResolver.swift; path = ViewModels/ControlAvailabilityResolver.swift; sourceTree = "<group>"; };
		63F393BE1C1BF1634D283AC0 /* EventLoggerTests.swift */ = {isa = PBXFileReference; includeInIndex = 1; lastKnownFileType = sourcecode.swift; path = EventLoggerTests.swift; sourceTree = "<group>"; };
		662FEA965A3B56D4245E94FB /* CellCapHelperListener.swift */ = {isa = PBXFileReference; includeInIndex = 1; lastKnownFileType = sourcecode.swift; path = CellCapHelperListener.swift; sourceTree = "<group>"; };
		6F70646DFFEE86B3A6771FC6 /* Helper */ = {isa = PBXFileReference; includeInIndex = 0; path = Helper; sourceTree = BUILT_PRODUCTS_DIR; };
		70B4939CE3E2D2E30018003E /* RootView.swift */ = {isa = PBXFileReference; includeInIndex = 1; lastKnownFileType = sourcecode.swift; path = RootView.swift; sourceTree = "<group>"; };
		723B0EC8D058011B9D5C0A6C /* XPCChargeControllerTests.swift */ = {isa = PBXFileReference; includeInIndex = 1; lastKnownFileType = sourcecode.swift; path = XPCChargeControllerTests.swift; sourceTree = "<group>"; };
		77D474E94DDCBD167A3C3C4C /* AppRuntimeSupportTests.swift */ = {isa = PBXFileReference; includeInIndex = 1; lastKnownFileType = sourcecode.swift; path = AppRuntimeSupportTests.swift; sourceTree = "<group>"; };
		79B1DF817163219DC757DF41 /* HelperXPCClient.swift */ = {isa = PBXFileReference; includeInIndex = 1; lastKnownFileType = sourcecode.swift; name = HelperXPCClient.swift; path = XPC/HelperXPCClient.swift; sourceTree = "<group>"; };
		7A18B45BF4F4163A1D14C678 /* HelperXPCDTOs.swift */ = {isa = PBXFileReference; includeInIndex = 1; lastKnownFileType = sourcecode.swift; name = HelperXPCDTOs.swift; path = XPC/HelperXPCDTOs.swift; sourceTree = "<group>"; };
		81E5C10B74D958E9AD2DCB90 /* ChargePolicy.swift */ = {isa = PBXFileReference; includeInIndex = 1; lastKnownFileType = sourcecode.swift; name = ChargePolicy.swift; path = Models/ChargePolicy.swift; sourceTree = "<group>"; };
		82E6A3B7098FEDE70749E463 /* ChargePolicyStore.swift */ = {isa = PBXFileReference; includeInIndex = 1; lastKnownFileType = sourcecode.swift; name = ChargePolicyStore.swift; path = Runtime/ChargePolicyStore.swift; sourceTree = "<group>"; };
		8CA1219A6A970B82CECE39EB /* HelperXPCDTOsTests.swift */ = {isa = PBXFileReference; includeInIndex = 1; lastKnownFileType = sourcecode.swift; path = HelperXPCDTOsTests.swift; sourceTree = "<group>"; };
		8D1F01062C0223908D28E464 /* HelperInstallCheckerTests.swift */ = {isa = PBXFileReference; includeInIndex = 1; lastKnownFileType = sourcecode.swift; path = HelperInstallCheckerTests.swift; sourceTree = "<group>"; };
		8E19C49376360204EB21B350 /* ControllerStatus.swift */ = {isa = PBXFileReference; includeInIndex = 1; lastKnownFileType = sourcecode.swift; name = ControllerStatus.swift; path = Models/ControllerStatus.swift; sourceTree = "<group>"; };
		90977B6B5CE5DAD9B6DBE0FA /* CellCapApp.swift */ = {isa = PBXFileReference; includeInIndex = 1; lastKnownFileType = sourcecode.swift; path = CellCapApp.swift; sourceTree = "<group>"; };
		97CF0AC4D6E6BC79CBBBB820 /* XPCChargeController.swift */ = {isa = PBXFileReference; includeInIndex = 1; lastKnownFileType = sourcecode.swift; name = XPCChargeController.swift; path = Controllers/XPCChargeController.swift; sourceTree = "<group>"; };
		9B70A25F31A0228594D3A595 /* BatteryMonitorTests.swift */ = {isa = PBXFileReference; includeInIndex = 1; lastKnownFileType = sourcecode.swift; path = BatteryMonitorTests.swift; sourceTree = "<group>"; };
		9D8421DDEFCA01BE5F1BC4A0 /* ChargePolicyStoreTests.swift */ = {isa = PBXFileReference; includeInIndex = 1; lastKnownFileType = sourcecode.swift; path = ChargePolicyStoreTests.swift; sourceTree = "<group>"; };
		9FAC1A16D176351EEDC5636D /* libCellCapSMCBridge.a */ = {isa = PBXFileReference; explicitFileType = archive.ar; includeInIndex = 0; path = libCellCapSMCBridge.a; sourceTree = BUILT_PRODUCTS_DIR; };
		A2477406D5CC6DA4AFE78324 /* AppRuntimeOrchestrator.swift */ = {isa = PBXFileReference; includeInIndex = 1; lastKnownFileType = sourcecode.swift; name = AppRuntimeOrchestrator.swift; path = Runtime/AppRuntimeOrchestrator.swift; sourceTree = "<group>"; };
		A9E87D57E9E40A8B34C353CC /* PolicyEngineTests.swift */ = {isa = PBXFileReference; includeInIndex = 1; lastKnownFileType = sourcecode.swift; path = PolicyEngineTests.swift; sourceTree = "<group>"; };
		AA8E3B201F801FE3BA8C6194 /* ChargeStateMachineTests.swift */ = {isa = PBXFileReference; includeInIndex = 1; lastKnownFileType = sourcecode.swift; path = ChargeStateMachineTests.swift; sourceTree = "<group>"; };
		B29D43848610C43255C7E66F /* ChargeStateMachine.swift */ = {isa = PBXFileReference; includeInIndex = 1; lastKnownFileType = sourcecode.swift; name = ChargeStateMachine.swift; path = StateMachine/ChargeStateMachine.swift; sourceTree = "<group>"; };
		B6FE21E976F9472D4CC7227A /* CellCapHelperServiceTests.swift */ = {isa = PBXFileReference; includeInIndex = 1; lastKnownFileType = sourcecode.swift; path = CellCapHelperServiceTests.swift; sourceTree = "<group>"; };
		B71F5F71BD31633810986396 /* CellCapSMCBridge.c */ = {isa = PBXFileReference; includeInIndex = 1; path = CellCapSMCBridge.c; sourceTree = "<group>"; };
		B972619AAC89AAD617FDED57 /* MenuBarViewModel.swift */ = {isa = PBXFileReference; includeInIndex = 1; lastKnownFileType = sourcecode.swift; name = MenuBarViewModel.swift; path = ViewModels/MenuBarViewModel.swift; sourceTree = "<group>"; };
		B9D1772F434DECBEE5079E09 /* main.swift */ = {isa = PBXFileReference; includeInIndex = 1; lastKnownFileType = sourcecode.swift; path = main.swift; sourceTree = "<group>"; };
		B9F45CDD401FEF330A05B7B9 /* AppUI.app */ = {isa = PBXFileReference; explicitFileType = wrapper.application; includeInIndex = 0; path = AppUI.app; sourceTree = BUILT_PRODUCTS_DIR; };
		BA7C317560D220FA2D74DF3D /* AppState.swift */ = {isa = PBXFileReference; includeInIndex = 1; lastKnownFileType = sourcecode.swift; name = AppState.swift; path = Models/AppState.swift; sourceTree = "<group>"; };
		BB6E73ABC16F594824147073 /* AppRuntimeTrigger+Debug.swift */ = {isa = PBXFileReference; includeInIndex = 1; lastKnownFileType = sourcecode.swift; name = "AppRuntimeTrigger+Debug.swift"; path = "Runtime/AppRuntimeTrigger+Debug.swift"; sourceTree = "<group>"; };
		BCCE5B3FC36F3EDD49C13AAA /* PolicySettingsView.swift */ = {isa = PBXFileReference; includeInIndex = 1; lastKnownFileType = sourcecode.swift; name = PolicySettingsView.swift; path = Views/PolicySettingsView.swift; sourceTree = "<group>"; };
		C0785657003C49F7F6DC43EF /* DiagnosticsSummary.swift */ = {isa = PBXFileReference; includeInIndex = 1; lastKnownFileType = sourcecode.swift; name = DiagnosticsSummary.swift; path = Diagnostics/DiagnosticsSummary.swift; sourceTree = "<group>"; };
		C177EC3DAED0297B5C350604 /* ChargeState.swift */ = {isa = PBXFileReference; includeInIndex = 1; lastKnownFileType = sourcecode.swift; name = ChargeState.swift; path = Models/ChargeState.swift; sourceTree = "<group>"; };
		C67DDF4C4E23B66F215A7EEE /* ChargeStateResolverTests.swift */ = {isa = PBXFileReference; includeInIndex = 1; lastKnownFileType = sourcecode.swift; path = ChargeStateResolverTests.swift; sourceTree = "<group>"; };
		C7ED7555D1006B97BD004164 /* MenuBarPresentation.swift */ = {isa = PBXFileReference; includeInIndex = 1; lastKnownFileType = sourcecode.swift; name = MenuBarPresentation.swift; path = ViewModels/MenuBarPresentation.swift; sourceTree = "<group>"; };
		CFDB05C31321C377D725E72B /* CapabilityCheckerTests.swift */ = {isa = PBXFileReference; includeInIndex = 1; lastKnownFileType = sourcecode.swift; path = CapabilityCheckerTests.swift; sourceTree = "<group>"; };
		D205B67E005E72CF79FEF55E /* 03_공개API_충전제어_검토.md */ = {isa = PBXFileReference; includeInIndex = 1; name = "03_공개API_충전제어_검토.md"; path = "../03_공개API_충전제어_검토.md"; sourceTree = "<group>"; };
		D48AFB38EF375078A342DDF7 /* ChargePolicyTests.swift */ = {isa = PBXFileReference; includeInIndex = 1; lastKnownFileType = sourcecode.swift; path = ChargePolicyTests.swift; sourceTree = "<group>"; };
		DE44820475E16247ED693D7F /* CellCapHelperXPCProtocol.swift */ = {isa = PBXFileReference; includeInIndex = 1; lastKnownFileType = sourcecode.swift; name = CellCapHelperXPCProtocol.swift; path = XPC/CellCapHelperXPCProtocol.swift; sourceTree = "<group>"; };
		DF15B09622F00286C6B26762 /* CoreTests.xctest */ = {isa = PBXFileReference; explicitFileType = wrapper.cfbundle; includeInIndex = 0; path = CoreTests.xctest; sourceTree = BUILT_PRODUCTS_DIR; };
		DF41497A94AFAC6931617C64 /* 02_Prompts.md */ = {isa = PBXFileReference; includeInIndex = 1; name = 02_Prompts.md; path = ../02_Prompts.md; sourceTree = "<group>"; };
		E26ED66EC4159E9C6EF3919A /* Cocoa.framework */ = {isa = PBXFileReference; lastKnownFileType = wrapper.framework; name = Cocoa.framework; path = Platforms/MacOSX.platform/Developer/SDKs/MacOSX15.0.sdk/System/Library/Frameworks/Cocoa.framework; sourceTree = DEVELOPER_DIR; };
		E3448CD48B5D7620D8E229B5 /* CellCapSMCBridge.h */ = {isa = PBXFileReference; includeInIndex = 1; lastKnownFileType = sourcecode.c.h; name = CellCapSMCBridge.h; path = include/CellCapSMCBridge.h; sourceTree = "<group>"; };
		E8CEDE604A7B35500248974D /* AppRuntimeOrchestratorTests.swift */ = {isa = PBXFileReference; includeInIndex = 1; lastKnownFileType = sourcecode.swift; path = AppRuntimeOrchestratorTests.swift; sourceTree = "<group>"; };
		E9399F59CF995CFD1161F674 /* ChargeControlBackend.swift */ = {isa = PBXFileReference; includeInIndex = 1; lastKnownFileType = sourcecode.swift; path = ChargeControlBackend.swift; sourceTree = "<group>"; };
		EA5E5097BD2E744845737E05 /* ChargeController.swift */ = {isa = PBXFileReference; includeInIndex = 1; lastKnownFileType = sourcecode.swift; name = ChargeController.swift; path = Controllers/ChargeController.swift; sourceTree = "<group>"; };
		ECFE5228715052B5CAE295AC /* CapabilityReport.swift */ = {isa = PBXFileReference; includeInIndex = 1; lastKnownFileType = sourcecode.swift; name = CapabilityReport.swift; path = Models/CapabilityReport.swift; sourceTree = "<group>"; };
		F0CACAAAD8147D13CBA0DDE3 /* EventLogger.swift */ = {isa = PBXFileReference; includeInIndex = 1; lastKnownFileType = sourcecode.swift; name = EventLogger.swift; path = Diagnostics/EventLogger.swift; sourceTree = "<group>"; };
		F2D71EF75F00D3868F88A3AB /* Assets.xcassets */ = {isa = PBXFileReference; includeInIndex = 1; lastKnownFileType = folder.assetcatalog; path = Assets.xcassets; sourceTree = "<group>"; };
		FD29BAD4D09197472B7CDD4E /* DiagnosticEvent.swift */ = {isa = PBXFileReference; includeInIndex = 1; lastKnownFileType = sourcecode.swift; name = DiagnosticEvent.swift; path = Diagnostics/DiagnosticEvent.swift; sourceTree = "<group>"; };
		FF2ED7A22911E5ECA0052BBE /* HelperInstallChecker.swift */ = {isa = PBXFileReference; includeInIndex = 1; lastKnownFileType = sourcecode.swift; name = HelperInstallChecker.swift; path = XPC/HelperInstallChecker.swift; sourceTree = "<group>"; };
/* End PBXFileReference section */

/* Begin PBXFrameworksBuildPhase section */
		1A8DB08FE0988DFB056730F6 /* Frameworks */ = {
			isa = PBXFrameworksBuildPhase;
			buildActionMask = 2147483647;
			files = (
				AAC3B7BAE3CC4D529FE62160 /* Cocoa.framework in Frameworks */,
				DC94AAF24A77618B54373F96 /* Shared.framework in Frameworks */,
			);
			runOnlyForDeploymentPostprocessing = 0;
		};
		34E973ABB1237282FE2E19A4 /* Frameworks */ = {
			isa = PBXFrameworksBuildPhase;
			buildActionMask = 2147483647;
			files = (
				0AF1A16A671F09E5E6503472 /* Cocoa.framework in Frameworks */,
			);
			runOnlyForDeploymentPostprocessing = 0;
		};
		5DA40A5DF669AA2C30B8CA2F /* Frameworks */ = {
			isa = PBXFrameworksBuildPhase;
			buildActionMask = 2147483647;
			files = (
				E4654D57C6FEB836D904B5DA /* Cocoa.framework in Frameworks */,
				51A1FEBEB15AF9F3B84F8759 /* Core.framework in Frameworks */,
				20C9E657A37173946B80D166 /* libCellCapSMCBridge.a in Frameworks */,
				997AEDB7101F9116F1274B55 /* Shared.framework in Frameworks */,
			);
			runOnlyForDeploymentPostprocessing = 0;
		};
		86CD6380141E55A986445437 /* Frameworks */ = {
			isa = PBXFrameworksBuildPhase;
			buildActionMask = 2147483647;
			files = (
			);
			runOnlyForDeploymentPostprocessing = 0;
		};
		BD7E8EFFFD272D5870C9971D /* Frameworks */ = {
			isa = PBXFrameworksBuildPhase;
			buildActionMask = 2147483647;
			files = (
				EA74504A734E635163460619 /* Cocoa.framework in Frameworks */,
				A8E5564697A780214ABE3B66 /* Core.framework in Frameworks */,
				3E8ECE72BD6F1348DDE7BD1C /* Shared.framework in Frameworks */,
			);
			runOnlyForDeploymentPostprocessing = 0;
		};
		D9A5B52CA4A6EFCD86A0BD3E /* Frameworks */ = {
			isa = PBXFrameworksBuildPhase;
			buildActionMask = 2147483647;
			files = (
				CDE858FCC18FCD5978A7FFE0 /* Cocoa.framework in Frameworks */,
				8DCA18A838161758D81F90D0 /* Core.framework in Frameworks */,
				B85CC911B48DAD72A7A69569 /* Helper in Frameworks */,
				3AB10171C843B4E623F65925 /* Shared.framework in Frameworks */,
			);
			runOnlyForDeploymentPostprocessing = 0;
		};
/* End PBXFrameworksBuildPhase section */

/* Begin PBXGroup section */
		3BF7BC334F2F2C49B6124F29 /* Core */ = {
			isa = PBXGroup;
			children = (
				A2477406D5CC6DA4AFE78324 /* AppRuntimeOrchestrator.swift */,
				BB6E73ABC16F594824147073 /* AppRuntimeTrigger+Debug.swift */,
				485FDC7453A1EA0B985338FC /* BatteryMonitor.swift */,
				26DA362F7505B5B801F07E8C /* CapabilityChecker.swift */,
				21A16F7E15EB39452C087653 /* CapabilityReportResolver.swift */,
				EA5E5097BD2E744845737E05 /* ChargeController.swift */,
				82E6A3B7098FEDE70749E463 /* ChargePolicyStore.swift */,
				B29D43848610C43255C7E66F /* ChargeStateMachine.swift */,
				283D0F647F553E3A093EFFF4 /* ChargeStateResolver.swift */,
				6071A0F8A3600132041DF94E /* ControllerCommandApplier.swift */,
				F0CACAAAD8147D13CBA0DDE3 /* EventLogger.swift */,
				FF2ED7A22911E5ECA0052BBE /* HelperInstallChecker.swift */,
				79B1DF817163219DC757DF41 /* HelperXPCClient.swift */,
				022DD9C2969B79580D69C54B /* MockChargeController.swift */,
				4B82FF2B755F62DE7E261A63 /* PolicyEngine.swift */,
				1438AED8A5F614A60898AA10 /* RuntimeSafetyGate.swift */,
				358D84936C23C88652A01EA0 /* SelfTestPolicy.swift */,
				5FD0A79F5511AAE4D129B2A4 /* SystemBatterySnapshotProvider.swift */,
				97CF0AC4D6E6BC79CBBBB820 /* XPCChargeController.swift */,
			);
			name = Core;
			path = Core;
			sourceTree = "<group>";
		};
		45363C8E38E96FFA271944A2 /* Shared */ = {
			isa = PBXGroup;
			children = (
				BA7C317560D220FA2D74DF3D /* AppState.swift */,
				4C466BE7A369C1C91D62743B /* BatterySnapshot.swift */,
				ECFE5228715052B5CAE295AC /* CapabilityReport.swift */,
				DE44820475E16247ED693D7F /* CellCapHelperXPCProtocol.swift */,
				81E5C10B74D958E9AD2DCB90 /* ChargePolicy.swift */,
				C177EC3DAED0297B5C350604 /* ChargeState.swift */,
				8E19C49376360204EB21B350 /* ControllerStatus.swift */,
				FD29BAD4D09197472B7CDD4E /* DiagnosticEvent.swift */,
				C0785657003C49F7F6DC43EF /* DiagnosticsSummary.swift */,
				0D6BF540FC0A1E492068E22A /* HelperInstallStatus.swift */,
				7A18B45BF4F4163A1D14C678 /* HelperXPCDTOs.swift */,
			);
			name = Shared;
			path = Shared;
			sourceTree = "<group>";
		};
		6910DFD01CB40915A5CBCCB6 /* CoreTests */ = {
			isa = PBXGroup;
			children = (
				E8CEDE604A7B35500248974D /* AppRuntimeOrchestratorTests.swift */,
				77D474E94DDCBD167A3C3C4C /* AppRuntimeSupportTests.swift */,
				9B70A25F31A0228594D3A595 /* BatteryMonitorTests.swift */,
				CFDB05C31321C377D725E72B /* CapabilityCheckerTests.swift */,
				B6FE21E976F9472D4CC7227A /* CellCapHelperServiceTests.swift */,
				9D8421DDEFCA01BE5F1BC4A0 /* ChargePolicyStoreTests.swift */,
				D48AFB38EF375078A342DDF7 /* ChargePolicyTests.swift */,
				AA8E3B201F801FE3BA8C6194 /* ChargeStateMachineTests.swift */,
				C67DDF4C4E23B66F215A7EEE /* ChargeStateResolverTests.swift */,
				3D14EE719A26C4C640F51527 /* DirectSMCChargeControlBackendTests.swift */,
				63F393BE1C1BF1634D283AC0 /* EventLoggerTests.swift */,
				8D1F01062C0223908D28E464 /* HelperInstallCheckerTests.swift */,
				8CA1219A6A970B82CECE39EB /* HelperXPCDTOsTests.swift */,
				42EA461F2736BF3BF6DE0471 /* MockChargeControllerTests.swift */,
				A9E87D57E9E40A8B34C353CC /* PolicyEngineTests.swift */,
				723B0EC8D058011B9D5C0A6C /* XPCChargeControllerTests.swift */,
			);
			name = CoreTests;
			path = CoreTests;
			sourceTree = "<group>";
		};
		818A71D2A6BCAD57CB7C5373 /* OS X */ = {
			isa = PBXGroup;
			children = (
				E26ED66EC4159E9C6EF3919A /* Cocoa.framework */,
			);
			name = "OS X";
			sourceTree = "<group>";
		};
		8827455B608764E30AC00782 /* CellCapSMCBridge */ = {
			isa = PBXGroup;
			children = (
				B71F5F71BD31633810986396 /* CellCapSMCBridge.c */,
				E3448CD48B5D7620D8E229B5 /* CellCapSMCBridge.h */,
			);
			name = CellCapSMCBridge;
			path = CellCapSMCBridge;
			sourceTree = "<group>";
		};
		89F759286C38225523376EC9 /* Tests */ = {
			isa = PBXGroup;
			children = (
				6910DFD01CB40915A5CBCCB6 /* CoreTests */,
			);
			name = Tests;
			path = Tests;
			sourceTree = "<group>";
		};
		A8E3519CD431FDF8C5FF439A /* Frameworks */ = {
			isa = PBXGroup;
			children = (
				818A71D2A6BCAD57CB7C5373 /* OS X */,
			);
			name = Frameworks;
			sourceTree = "<group>";
		};
		B6BA927A7E822B69B50AB515 = {
			isa = PBXGroup;
			children = (
				F51B8E0C95A6F73B151BC654 /* Docs */,
				A8E3519CD431FDF8C5FF439A /* Frameworks */,
				E69FF020444052FEAC3FF058 /* Products */,
				F4AF7F727E2A97B21B56FABC /* Sources */,
				89F759286C38225523376EC9 /* Tests */,
			);
			sourceTree = "<group>";
		};
		C53E84D8740B50BEC6527892 /* Helper */ = {
			isa = PBXGroup;
			children = (
				662FEA965A3B56D4245E94FB /* CellCapHelperListener.swift */,
				1544B2E53C5FA5D4184645AA /* CellCapHelperService.swift */,
				E9399F59CF995CFD1161F674 /* ChargeControlBackend.swift */,
				31D32F90B70A9E1FDAE0FCBD /* DirectSMCChargeControlBackend.swift */,
				B9D1772F434DECBEE5079E09 /* main.swift */,
			);
			name = Helper;
			path = Helper;
			sourceTree = "<group>";
		};
		E69FF020444052FEAC3FF058 /* Products */ = {
			isa = PBXGroup;
			children = (
				B9F45CDD401FEF330A05B7B9 /* AppUI.app */,
				0F96715D99013F8A6E5257B9 /* Core.framework */,
				DF15B09622F00286C6B26762 /* CoreTests.xctest */,
				6F70646DFFEE86B3A6771FC6 /* Helper */,
				9FAC1A16D176351EEDC5636D /* libCellCapSMCBridge.a */,
				230FA75AF582FC195490E1BA /* Shared.framework */,
			);
			name = Products;
			sourceTree = "<group>";
		};
		F0E80269F5DAD59BE5ED19C3 /* AppUI */ = {
			isa = PBXGroup;
			children = (
				F2D71EF75F00D3868F88A3AB /* Assets.xcassets */,
				2DE88C6861C20A56D0510F13 /* CapabilityStatusListView.swift */,
				90977B6B5CE5DAD9B6DBE0FA /* CellCapApp.swift */,
				613C0749302C247899E35074 /* ControlAvailabilityResolver.swift */,
				18EC5104CFC1B3E7E4338258 /* LaunchAtLoginManager.swift */,
				C7ED7555D1006B97BD004164 /* MenuBarPresentation.swift */,
				5CBACBC65C70F1CAB701DBD6 /* MenuBarPreviewFactory.swift */,
				B972619AAC89AAD617FDED57 /* MenuBarViewModel.swift */,
				BCCE5B3FC36F3EDD49C13AAA /* PolicySettingsView.swift */,
				70B4939CE3E2D2E30018003E /* RootView.swift */,
				461558F0CF833985BC07B137 /* StatusSummaryView.swift */,
			);
			name = AppUI;
			path = AppUI;
			sourceTree = "<group>";
		};
		F4AF7F727E2A97B21B56FABC /* Sources */ = {
			isa = PBXGroup;
			children = (
				F0E80269F5DAD59BE5ED19C3 /* AppUI */,
				8827455B608764E30AC00782 /* CellCapSMCBridge */,
				3BF7BC334F2F2C49B6124F29 /* Core */,
				C53E84D8740B50BEC6527892 /* Helper */,
				45363C8E38E96FFA271944A2 /* Shared */,
			);
			name = Sources;
			path = Sources;
			sourceTree = "<group>";
		};
		F51B8E0C95A6F73B151BC654 /* Docs */ = {
			isa = PBXGroup;
			children = (
				1C34A25458343789037C84DF /* 01_기획서.md */,
				DF41497A94AFAC6931617C64 /* 02_Prompts.md */,
				D205B67E005E72CF79FEF55E /* 03_공개API_충전제어_검토.md */,
				51B1DA40E2EE90740DD73E4C /* README.md */,
			);
			name = Docs;
			sourceTree = "<group>";
		};
/* End PBXGroup section */

/* Begin PBXHeadersBuildPhase section */
		BBE614FA816911751C68681A /* Headers */ = {
			isa = PBXHeadersBuildPhase;
			buildActionMask = 2147483647;
			files = (
			);
			runOnlyForDeploymentPostprocessing = 0;
		};
		E4E74782A69F5204292BDC39 /* Headers */ = {
			isa = PBXHeadersBuildPhase;
			buildActionMask = 2147483647;
			files = (
			);
			runOnlyForDeploymentPostprocessing = 0;
		};
		FADDB6C03F6CD2741CF089ED /* Headers */ = {
			isa = PBXHeadersBuildPhase;
			buildActionMask = 2147483647;
			files = (
				1BC28B069B875AEA7A01E869 /* CellCapSMCBridge.h in Headers */,
			);
			runOnlyForDeploymentPostprocessing = 0;
		};
/* End PBXHeadersBuildPhase section */

/* Begin PBXNativeTarget section */
		4613F591C593AF147176E8E1 /* Core */ = {
			isa = PBXNativeTarget;
			buildConfigurationList = 0F7D9E6055D05FAA9A310531 /* Build configuration list for PBXNativeTarget "Core" */;
			buildPhases = (
				E4E74782A69F5204292BDC39 /* Headers */,
				85E7C1FBAD55975901811997 /* Sources */,
				1A8DB08FE0988DFB056730F6 /* Frameworks */,
				B6A05D0640AD87FF371D1C56 /* Resources */,
			);
			buildRules = (
			);
			dependencies = (
				A8DEBA339CC9F48511884E43 /* PBXTargetDependency */,
			);
			name = Core;
			productName = Core;
			productReference = 0F96715D99013F8A6E5257B9 /* Core.framework */;
			productType = "com.apple.product-type.framework";
		};
		6DA4572B7B2D117A0FA382CB /* Shared */ = {
			isa = PBXNativeTarget;
			buildConfigurationList = 7ACE56A69044D72E14CD28D9 /* Build configuration list for PBXNativeTarget "Shared" */;
			buildPhases = (
				BBE614FA816911751C68681A /* Headers */,
				CB905D0CAD014F77C528F9F2 /* Sources */,
				34E973ABB1237282FE2E19A4 /* Frameworks */,
				E8C802E7052967A8DDC94E86 /* Resources */,
			);
			buildRules = (
			);
			dependencies = (
			);
			name = Shared;
			productName = Shared;
			productReference = 230FA75AF582FC195490E1BA /* Shared.framework */;
			productType = "com.apple.product-type.framework";
		};
		6F63F9233821DC0D493E61F6 /* CellCapSMCBridge */ = {
			isa = PBXNativeTarget;
			buildConfigurationList = B1D7E013E6548535D5A5E568 /* Build configuration list for PBXNativeTarget "CellCapSMCBridge" */;
			buildPhases = (
				FADDB6C03F6CD2741CF089ED /* Headers */,
				B7C74FA48C7BCA2A37172E2E /* Sources */,
				86CD6380141E55A986445437 /* Frameworks */,
			);
			buildRules = (
			);
			dependencies = (
			);
			name = CellCapSMCBridge;
			productName = CellCapSMCBridge;
			productReference = 9FAC1A16D176351EEDC5636D /* libCellCapSMCBridge.a */;
			productType = "com.apple.product-type.library.static";
		};
		933CD0988B019C0B51C07676 /* CoreTests */ = {
			isa = PBXNativeTarget;
			buildConfigurationList = 4E00255931A485CD4A4A1E94 /* Build configuration list for PBXNativeTarget "CoreTests" */;
			buildPhases = (
				0137C565CD4445941D152832 /* Sources */,
				D9A5B52CA4A6EFCD86A0BD3E /* Frameworks */,
				3EE295C6CD8429C271C49AFA /* Resources */,
			);
			buildRules = (
			);
			dependencies = (
				67F0341C7EBD276D0AC2BE23 /* PBXTargetDependency */,
				C1D480EF0CE325FB0839BA20 /* PBXTargetDependency */,
				D409721B84B986C032939FB5 /* PBXTargetDependency */,
			);
			name = CoreTests;
			productName = CoreTests;
			productReference = DF15B09622F00286C6B26762 /* CoreTests.xctest */;
			productType = "com.apple.product-type.bundle.unit-test";
		};
		B620B73710DC6E3E6AF7A8FA /* Helper */ = {
			isa = PBXNativeTarget;
			buildConfigurationList = 0742A4D4C9A65E18914217A8 /* Build configuration list for PBXNativeTarget "Helper" */;
			buildPhases = (
				0B1F3D764A91D77263135FED /* Sources */,
				5DA40A5DF669AA2C30B8CA2F /* Frameworks */,
			);
			buildRules = (
			);
			dependencies = (
				62912979CCA978A59A7F009C /* PBXTargetDependency */,
				220AFA859792A929FDA5964E /* PBXTargetDependency */,
				E9C742627E7BF7C6AD716FAE /* PBXTargetDependency */,
			);
			name = Helper;
			productName = Helper;
			productReference = 6F70646DFFEE86B3A6771FC6 /* Helper */;
			productType = "com.apple.product-type.tool";
		};
		E37C6ABAB16D1D66E8410236 /* AppUI */ = {
			isa = PBXNativeTarget;
			buildConfigurationList = 16FF047FA0140CFA45A1BEA8 /* Build configuration list for PBXNativeTarget "AppUI" */;
			buildPhases = (
				E55BC308B8CEADBB35ED8F72 /* Sources */,
				BD7E8EFFFD272D5870C9971D /* Frameworks */,
				F19DD82353E19EDC2EC35A00 /* Resources */,
				E364B1A888841807ED0C7E12 /* Embed Frameworks */,
			);
			buildRules = (
			);
			dependencies = (
				73D79F4BC6B1EBDA24555710 /* PBXTargetDependency */,
				71DDAE3697D5E256AE72BD23 /* PBXTargetDependency */,
			);
			name = AppUI;
			productName = AppUI;
			productReference = B9F45CDD401FEF330A05B7B9 /* AppUI.app */;
			productType = "com.apple.product-type.application";
		};
/* End PBXNativeTarget section */

/* Begin PBXProject section */
		C4F5A597D9781D976684479C /* Project object */ = {
			isa = PBXProject;
			attributes = {
				LastSwiftUpdateCheck = 2600;
				LastUpgradeCheck = 2600;
			};
			buildConfigurationList = ADC8D9577E64E59C1ACFB698 /* Build configuration list for PBXProject "CellCap" */;
			compatibilityVersion = "Xcode 3.2";
			developmentRegion = ko;
			hasScannedForEncodings = 0;
			knownRegions = (
				en,
				Base,
			);
			mainGroup = B6BA927A7E822B69B50AB515;
			minimizedProjectReferenceProxies = 0;
			preferredProjectObjectVersion = 77;
			productRefGroup = E69FF020444052FEAC3FF058 /* Products */;
			projectDirPath = "";
			projectRoot = "";
			targets = (
				E37C6ABAB16D1D66E8410236 /* AppUI */,
				6F63F9233821DC0D493E61F6 /* CellCapSMCBridge */,
				4613F591C593AF147176E8E1 /* Core */,
				933CD0988B019C0B51C07676 /* CoreTests */,
				B620B73710DC6E3E6AF7A8FA /* Helper */,
				6DA4572B7B2D117A0FA382CB /* Shared */,
			);
		};
/* End PBXProject section */

/* Begin PBXResourcesBuildPhase section */
		3EE295C6CD8429C271C49AFA /* Resources */ = {
			isa = PBXResourcesBuildPhase;
			buildActionMask = 2147483647;
			files = (
			);
			runOnlyForDeploymentPostprocessing = 0;
		};
		B6A05D0640AD87FF371D1C56 /* Resources */ = {
			isa = PBXResourcesBuildPhase;
			buildActionMask = 2147483647;
			files = (
			);
			runOnlyForDeploymentPostprocessing = 0;
		};
		E8C802E7052967A8DDC94E86 /* Resources */ = {
			isa = PBXResourcesBuildPhase;
			buildActionMask = 2147483647;
			files = (
			);
			runOnlyForDeploymentPostprocessing = 0;
		};
		F19DD82353E19EDC2EC35A00 /* Resources */ = {
			isa = PBXResourcesBuildPhase;
			buildActionMask = 2147483647;
			files = (
				0F4287446215670E81D9C53E /* Assets.xcassets in Resources */,
			);
			runOnlyForDeploymentPostprocessing = 0;
		};
/* End PBXResourcesBuildPhase section */

/* Begin PBXSourcesBuildPhase section */
		0137C565CD4445941D152832 /* Sources */ = {
			isa = PBXSourcesBuildPhase;
			buildActionMask = 2147483647;
			files = (
				116577B5532C7EC0658AD420 /* AppRuntimeOrchestratorTests.swift in Sources */,
				21E367A24272E5B80C050C5F /* AppRuntimeSupportTests.swift in Sources */,
				28320D918DEE6280DCD16C59 /* BatteryMonitorTests.swift in Sources */,
				D0BC564FE7489559D891F0CF /* CapabilityCheckerTests.swift in Sources */,
				48AB32AFE3545EA92E149A63 /* CellCapHelperServiceTests.swift in Sources */,
				EABA03DAC636846EBA48B04D /* ChargePolicyStoreTests.swift in Sources */,
				694DFEF65CF7E246BBEC2692 /* ChargePolicyTests.swift in Sources */,
				0E190CA89DCF1F4DAC028875 /* ChargeStateMachineTests.swift in Sources */,
				42FF55D77B66E3A815BA3807 /* ChargeStateResolverTests.swift in Sources */,
				AF1653B7CBC88F0EF7F72D98 /* DirectSMCChargeControlBackendTests.swift in Sources */,
				200911529656928CB22032E1 /* EventLoggerTests.swift in Sources */,
				6FFA371EDB544DAA64FFEA3E /* HelperInstallCheckerTests.swift in Sources */,
				35FFD4E3C4CA193A8875E768 /* HelperXPCDTOsTests.swift in Sources */,
				3D4E8E5DD09D019C82C7523D /* MockChargeControllerTests.swift in Sources */,
				A55CA4AD017C166A5906A098 /* PolicyEngineTests.swift in Sources */,
				654C8B5DCC7FF0E8E67EA93B /* XPCChargeControllerTests.swift in Sources */,
			);
			runOnlyForDeploymentPostprocessing = 0;
		};
		0B1F3D764A91D77263135FED /* Sources */ = {
			isa = PBXSourcesBuildPhase;
			buildActionMask = 2147483647;
			files = (
				B572DAD050EB332ED7A8320F /* CellCapHelperListener.swift in Sources */,
				2C5F2319147DFB54109BB90A /* CellCapHelperService.swift in Sources */,
				CBE96071384DF30098E9B7A5 /* ChargeControlBackend.swift in Sources */,
				727DEE274BBBA80762CAB23B /* DirectSMCChargeControlBackend.swift in Sources */,
				38F9C08AE7200DC4CE64F1DB /* main.swift in Sources */,
			);
			runOnlyForDeploymentPostprocessing = 0;
		};
		85E7C1FBAD55975901811997 /* Sources */ = {
			isa = PBXSourcesBuildPhase;
			buildActionMask = 2147483647;
			files = (
				FDE330622982D22F93ABDB01 /* AppRuntimeOrchestrator.swift in Sources */,
				D571053FEBE6672FB0B1D9C6 /* AppRuntimeTrigger+Debug.swift in Sources */,
				C359CFBC16B82178E7CF02BF /* BatteryMonitor.swift in Sources */,
				2CEF48CCE177FF8E549B5831 /* CapabilityChecker.swift in Sources */,
				50F40D095F6D238685F8D0C2 /* CapabilityReportResolver.swift in Sources */,
				E3F0378237D8C922E2451DB6 /* ChargeController.swift in Sources */,
				1B1CEA558D8B3F6E5BD7A5D9 /* ChargePolicyStore.swift in Sources */,
				DEB9182B42ABE19B7A002FFB /* ChargeStateMachine.swift in Sources */,
				9FB1CE32AC9F639C7BB08715 /* ChargeStateResolver.swift in Sources */,
				17C20D8CACECD5F9531A1542 /* ControllerCommandApplier.swift in Sources */,
				2BF907AD69F511290A685B5E /* EventLogger.swift in Sources */,
				0B22371B86080D384D889AA1 /* HelperInstallChecker.swift in Sources */,
				DE32336A1A4A6877D53050F7 /* HelperXPCClient.swift in Sources */,
				C02ECC493020B7F263E09FED /* MockChargeController.swift in Sources */,
				040BE29BD6D1DB970BE07332 /* PolicyEngine.swift in Sources */,
				58937B3B9530FEBF6C18CA3D /* RuntimeSafetyGate.swift in Sources */,
				7AF9972E43ED3880A139EAFB /* SelfTestPolicy.swift in Sources */,
				D72F0F73F27B5A0513DDE4D6 /* SystemBatterySnapshotProvider.swift in Sources */,
				A2F86BE19A057FD15B0DB146 /* XPCChargeController.swift in Sources */,
			);
			runOnlyForDeploymentPostprocessing = 0;
		};
		B7C74FA48C7BCA2A37172E2E /* Sources */ = {
			isa = PBXSourcesBuildPhase;
			buildActionMask = 2147483647;
			files = (
				2D832000950255DA2AD921C3 /* CellCapSMCBridge.c in Sources */,
			);
			runOnlyForDeploymentPostprocessing = 0;
		};
		CB905D0CAD014F77C528F9F2 /* Sources */ = {
			isa = PBXSourcesBuildPhase;
			buildActionMask = 2147483647;
			files = (
				57751EE411242F06C717D4F8 /* AppState.swift in Sources */,
				840A32A823FF5E9CFD316290 /* BatterySnapshot.swift in Sources */,
				EEF551477E98B8D930EFC354 /* CapabilityReport.swift in Sources */,
				5D3D2EFC05178314E5E17FD6 /* CellCapHelperXPCProtocol.swift in Sources */,
				8F1FD1DDF0A8EBADBB036014 /* ChargePolicy.swift in Sources */,
				F839A029B95914AC988A52BF /* ChargeState.swift in Sources */,
				EDA7E20BB57CF6E9F924FDBC /* ControllerStatus.swift in Sources */,
				37E4B2DD31609B2CCC1BDA41 /* DiagnosticEvent.swift in Sources */,
				3D8860EB6AC40534FFCA4382 /* DiagnosticsSummary.swift in Sources */,
				4E4F401A64C91F15A0D45773 /* HelperInstallStatus.swift in Sources */,
				DA663A16BE5C0279816C6A26 /* HelperXPCDTOs.swift in Sources */,
			);
			runOnlyForDeploymentPostprocessing = 0;
		};
		E55BC308B8CEADBB35ED8F72 /* Sources */ = {
			isa = PBXSourcesBuildPhase;
			buildActionMask = 2147483647;
			files = (
				7B11D55473FAAAE929F0D005 /* CapabilityStatusListView.swift in Sources */,
				017166200B04807B3D9F30DD /* CellCapApp.swift in Sources */,
				BE2C226BFB2113ADBF0035DC /* ControlAvailabilityResolver.swift in Sources */,
				5318F818164CE23226384F07 /* LaunchAtLoginManager.swift in Sources */,
				E0C385F853F9A2B37BB07B50 /* MenuBarPresentation.swift in Sources */,
				0D31EBD1A4922438E411E0EC /* MenuBarPreviewFactory.swift in Sources */,
				51712FAF333663508565B087 /* MenuBarViewModel.swift in Sources */,
				70429E64E32EF961F59A93F3 /* PolicySettingsView.swift in Sources */,
				4745AADAAB5568AF12765E0F /* RootView.swift in Sources */,
				E42BE82E4435BA522CFD5112 /* StatusSummaryView.swift in Sources */,
			);
			runOnlyForDeploymentPostprocessing = 0;
		};
/* End PBXSourcesBuildPhase section */

/* Begin PBXTargetDependency section */
		220AFA859792A929FDA5964E /* PBXTargetDependency */ = {
			isa = PBXTargetDependency;
			name = Core;
			target = 4613F591C593AF147176E8E1 /* Core */;
			targetProxy = 87F3D68AD67569242598F08E /* PBXContainerItemProxy */;
		};
		62912979CCA978A59A7F009C /* PBXTargetDependency */ = {
			isa = PBXTargetDependency;
			name = CellCapSMCBridge;
			target = 6F63F9233821DC0D493E61F6 /* CellCapSMCBridge */;
			targetProxy = CD33186CDB6031678CDC570D /* PBXContainerItemProxy */;
		};
		67F0341C7EBD276D0AC2BE23 /* PBXTargetDependency */ = {
			isa = PBXTargetDependency;
			name = Core;
			target = 4613F591C593AF147176E8E1 /* Core */;
			targetProxy = BA3F52138B80DD228D330905 /* PBXContainerItemProxy */;
		};
		71DDAE3697D5E256AE72BD23 /* PBXTargetDependency */ = {
			isa = PBXTargetDependency;
			name = Shared;
			target = 6DA4572B7B2D117A0FA382CB /* Shared */;
			targetProxy = 442A9F98D71A84EAEB4C6851 /* PBXContainerItemProxy */;
		};
		73D79F4BC6B1EBDA24555710 /* PBXTargetDependency */ = {
			isa = PBXTargetDependency;
			name = Core;
			target = 4613F591C593AF147176E8E1 /* Core */;
			targetProxy = 4AD8238EBF7FB9129BF2A383 /* PBXContainerItemProxy */;
		};
		A8DEBA339CC9F48511884E43 /* PBXTargetDependency */ = {
			isa = PBXTargetDependency;
			name = Shared;
			target = 6DA4572B7B2D117A0FA382CB /* Shared */;
			targetProxy = EC30CA0A80DA0120BC0E8188 /* PBXContainerItemProxy */;
		};
		C1D480EF0CE325FB0839BA20 /* PBXTargetDependency */ = {
			isa = PBXTargetDependency;
			name = Helper;
			target = B620B73710DC6E3E6AF7A8FA /* Helper */;
			targetProxy = ED759C2597E6B146B4B83111 /* PBXContainerItemProxy */;
		};
		D409721B84B986C032939FB5 /* PBXTargetDependency */ = {
			isa = PBXTargetDependency;
			name = Shared;
			target = 6DA4572B7B2D117A0FA382CB /* Shared */;
			targetProxy = 31A4FFAE29D911B8AD1A7842 /* PBXContainerItemProxy */;
		};
		E9C742627E7BF7C6AD716FAE /* PBXTargetDependency */ = {
			isa = PBXTargetDependency;
			name = Shared;
			target = 6DA4572B7B2D117A0FA382CB /* Shared */;
			targetProxy = EED28EC556D971D3F6D1DCED /* PBXContainerItemProxy */;
		};
/* End PBXTargetDependency section */

/* Begin XCBuildConfiguration section */
		02F944763CD1C50A8A0334CC /* Debug */ = {
			isa = XCBuildConfiguration;
			buildSettings = {
				CLANG_ENABLE_MODULES = YES;
				CODE_SIGNING_ALLOWED = NO;
				ENABLE_HARDENED_RUNTIME = NO;
				LD_RUNPATH_SEARCH_PATHS = "$(inherited) @executable_path/../Frameworks @loader_path/../Frameworks";
				MACOSX_DEPLOYMENT_TARGET = 26.0;
				PRODUCT_NAME = CellCapHelper;
				SDKROOT = macosx;
				SWIFT_STRICT_CONCURRENCY = complete;
				SWIFT_VERSION = 6.0;
			};
			name = Debug;
		};
		4392BCC538B8BD883418EC9D /* Debug */ = {
			isa = XCBuildConfiguration;
			buildSettings = {
				CLANG_ENABLE_MODULES = YES;
				CODE_SIGNING_ALLOWED = NO;
				COMBINE_HIDPI_IMAGES = YES;
				CURRENT_PROJECT_VERSION = 1;
				DEFINES_MODULE = YES;
				DYLIB_COMPATIBILITY_VERSION = 1;
				DYLIB_CURRENT_VERSION = 1;
				DYLIB_INSTALL_NAME_BASE = "@rpath";
				ENABLE_HARDENED_RUNTIME = NO;
				GENERATE_INFOPLIST_FILE = YES;
				INFOPLIST_KEY_CFBundleShortVersionString = 1.0.0;
				INFOPLIST_KEY_CFBundleVersion = 1;
				INSTALL_PATH = "$(LOCAL_LIBRARY_DIR)/Frameworks";
				LD_RUNPATH_SEARCH_PATHS = "$(inherited) @executable_path/../Frameworks @loader_path/Frameworks";
				MACOSX_DEPLOYMENT_TARGET = 26.0;
				MARKETING_VERSION = 1.0.0;
				PRODUCT_BUNDLE_IDENTIFIER = com.shin.cellcap.shared;
				PRODUCT_NAME = "$(TARGET_NAME:c99extidentifier)";
				SDKROOT = macosx;
				SKIP_INSTALL = YES;
				SWIFT_STRICT_CONCURRENCY = complete;
				SWIFT_VERSION = 6.0;
				VERSIONING_SYSTEM = "apple-generic";
				VERSION_INFO_PREFIX = "";
			};
			name = Debug;
		};
		4F1BBB0020EB9E84D792BA1B /* Debug */ = {
			isa = XCBuildConfiguration;
			buildSettings = {
				CLANG_ENABLE_MODULES = YES;
				CODE_SIGNING_ALLOWED = NO;
				COMBINE_HIDPI_IMAGES = YES;
				CURRENT_PROJECT_VERSION = 1;
				DEFINES_MODULE = YES;
				DYLIB_COMPATIBILITY_VERSION = 1;
				DYLIB_CURRENT_VERSION = 1;
				DYLIB_INSTALL_NAME_BASE = "@rpath";
				ENABLE_HARDENED_RUNTIME = NO;
				GENERATE_INFOPLIST_FILE = YES;
				INFOPLIST_KEY_CFBundleShortVersionString = 1.0.0;
				INFOPLIST_KEY_CFBundleVersion = 1;
				INSTALL_PATH = "$(LOCAL_LIBRARY_DIR)/Frameworks";
				LD_RUNPATH_SEARCH_PATHS = "$(inherited) @executable_path/../Frameworks @loader_path/Frameworks";
				MACOSX_DEPLOYMENT_TARGET = 26.0;
				MARKETING_VERSION = 1.0.0;
				PRODUCT_BUNDLE_IDENTIFIER = com.shin.cellcap.core;
				PRODUCT_NAME = "$(TARGET_NAME:c99extidentifier)";
				SDKROOT = macosx;
				SKIP_INSTALL = YES;
				SWIFT_STRICT_CONCURRENCY = complete;
				SWIFT_VERSION = 6.0;
				VERSIONING_SYSTEM = "apple-generic";
				VERSION_INFO_PREFIX = "";
			};
			name = Debug;
		};
		6C87D565FEAF9685F6CC321B /* Debug */ = {
			isa = XCBuildConfiguration;
			buildSettings = {
				ALWAYS_SEARCH_USER_PATHS = NO;
				CLANG_ANALYZER_NONNULL = YES;
				CLANG_ANALYZER_NUMBER_OBJECT_CONVERSION = YES_AGGRESSIVE;
				CLANG_CXX_LANGUAGE_STANDARD = "gnu++14";
				CLANG_CXX_LIBRARY = "libc++";
				CLANG_ENABLE_MODULES = YES;
				CLANG_ENABLE_OBJC_ARC = YES;
				CLANG_ENABLE_OBJC_WEAK = YES;
				CLANG_WARN_BLOCK_CAPTURE_AUTORELEASING = YES;
				CLANG_WARN_BOOL_CONVERSION = YES;
				CLANG_WARN_COMMA = YES;
				CLANG_WARN_CONSTANT_CONVERSION = YES;
				CLANG_WARN_DEPRECATED_OBJC_IMPLEMENTATIONS = YES;
				CLANG_WARN_DIRECT_OBJC_ISA_USAGE = YES_ERROR;
				CLANG_WARN_DOCUMENTATION_COMMENTS = YES;
				CLANG_WARN_EMPTY_BODY = YES;
				CLANG_WARN_ENUM_CONVERSION = YES;
				CLANG_WARN_INFINITE_RECURSION = YES;
				CLANG_WARN_INT_CONVERSION = YES;
				CLANG_WARN_NON_LITERAL_NULL_CONVERSION = YES;
				CLANG_WARN_OBJC_IMPLICIT_RETAIN_SELF = YES;
				CLANG_WARN_OBJC_LITERAL_CONVERSION = YES;
				CLANG_WARN_OBJC_ROOT_CLASS = YES_ERROR;
				CLANG_WARN_QUOTED_INCLUDE_IN_FRAMEWORK_HEADER = YES;
				CLANG_WARN_RANGE_LOOP_ANALYSIS = YES;
				CLANG_WARN_STRICT_PROTOTYPES = YES;
				CLANG_WARN_SUSPICIOUS_MOVE = YES;
				CLANG_WARN_UNGUARDED_AVAILABILITY = YES_AGGRESSIVE;
				CLANG_WARN_UNREACHABLE_CODE = YES;
				CLANG_WARN__DUPLICATE_METHOD_MATCH = YES;
				COPY_PHASE_STRIP = NO;
				DEBUG_INFORMATION_FORMAT = dwarf;
				ENABLE_STRICT_OBJC_MSGSEND = YES;
				ENABLE_TESTABILITY = YES;
				GCC_C_LANGUAGE_STANDARD = gnu11;
				GCC_DYNAMIC_NO_PIC = NO;
				GCC_NO_COMMON_BLOCKS = YES;
				GCC_OPTIMIZATION_LEVEL = 0;
				GCC_PREPROCESSOR_DEFINITIONS = (
					"DEBUG=1",
					"$(inherited)",
				);
				GCC_WARN_64_TO_32_BIT_CONVERSION = YES;
				GCC_WARN_ABOUT_RETURN_TYPE = YES_ERROR;
				GCC_WARN_UNDECLARED_SELECTOR = YES;
				GCC_WARN_UNINITIALIZED_AUTOS = YES_AGGRESSIVE;
				GCC_WARN_UNUSED_FUNCTION = YES;
				GCC_WARN_UNUSED_VARIABLE = YES;
				MTL_ENABLE_DEBUG_INFO = INCLUDE_SOURCE;
				MTL_FAST_MATH = YES;
				ONLY_ACTIVE_ARCH = YES;
				PRODUCT_NAME = "$(TARGET_NAME)";
				SWIFT_ACTIVE_COMPILATION_CONDITIONS = DEBUG;
				SWIFT_OPTIMIZATION_LEVEL = "-Onone";
				SWIFT_VERSION = 5.0;
			};
			name = Debug;
		};
		8971B82ECF8BE250EC1AB439 /* Release */ = {
			isa = XCBuildConfiguration;
			buildSettings = {
				ASSETCATALOG_COMPILER_APPICON_NAME = AppIcon;
				ASSETCATALOG_COMPILER_GLOBAL_ACCENT_COLOR_NAME = AccentColor;
				CLANG_ENABLE_MODULES = YES;
				CODE_SIGNING_ALLOWED = YES;
				CODE_SIGN_STYLE = Automatic;
				COMBINE_HIDPI_IMAGES = YES;
				CURRENT_PROJECT_VERSION = 1;
				ENABLE_HARDENED_RUNTIME = NO;
				GENERATE_INFOPLIST_FILE = YES;
				INFOPLIST_KEY_CFBundleShortVersionString = 1.0.0;
				INFOPLIST_KEY_CFBundleVersion = 1;
				INFOPLIST_KEY_LSUIElement = YES;
				LD_RUNPATH_SEARCH_PATHS = "$(inherited) @executable_path/../Frameworks @loader_path/../Frameworks";
				MACOSX_DEPLOYMENT_TARGET = 26.0;
				MARKETING_VERSION = 1.0.0;
				PRODUCT_BUNDLE_IDENTIFIER = com.shin.cellcap.app;
				PRODUCT_NAME = CellCap;
				SDKROOT = macosx;
				SWIFT_STRICT_CONCURRENCY = complete;
				SWIFT_VERSION = 6.0;
			};
			name = Release;
		};
		9A3CBD0CC25882E550FBFE25 /* Release */ = {
			isa = XCBuildConfiguration;
			buildSettings = {
				CLANG_ENABLE_MODULES = YES;
				CODE_SIGNING_ALLOWED = NO;
				DEFINES_MODULE = YES;
				ENABLE_HARDENED_RUNTIME = NO;
				EXECUTABLE_PREFIX = lib;
				HEADER_SEARCH_PATHS = (
					"$(inherited)",
					"$(SRCROOT)/Sources/CellCapSMCBridge/include",
				);
				MACOSX_DEPLOYMENT_TARGET = 26.0;
				OTHER_LDFLAGS = (
					"$(inherited)",
					"-framework",
					CoreFoundation,
					"-framework",
					IOKit,
				);
				PRODUCT_NAME = CellCapSMCBridge;
				SDKROOT = macosx;
				SKIP_INSTALL = YES;
				SWIFT_STRICT_CONCURRENCY = complete;
				SWIFT_VERSION = 6.0;
			};
			name = Release;
		};
		A9B3295EB4B1BAB05F13582D /* Release */ = {
			isa = XCBuildConfiguration;
			buildSettings = {
				CLANG_ENABLE_MODULES = YES;
				CODE_SIGNING_ALLOWED = NO;
				ENABLE_HARDENED_RUNTIME = NO;
				LD_RUNPATH_SEARCH_PATHS = "$(inherited) @executable_path/../Frameworks @loader_path/../Frameworks";
				MACOSX_DEPLOYMENT_TARGET = 26.0;
				PRODUCT_NAME = CellCapHelper;
				SDKROOT = macosx;
				SWIFT_STRICT_CONCURRENCY = complete;
				SWIFT_VERSION = 6.0;
			};
			name = Release;
		};
		AADA42AB6A909F9BAA599730 /* Debug */ = {
			isa = XCBuildConfiguration;
			buildSettings = {
				ASSETCATALOG_COMPILER_APPICON_NAME = AppIcon;
				ASSETCATALOG_COMPILER_GLOBAL_ACCENT_COLOR_NAME = AccentColor;
				CLANG_ENABLE_MODULES = YES;
				CODE_SIGNING_ALLOWED = YES;
				CODE_SIGN_STYLE = Automatic;
				COMBINE_HIDPI_IMAGES = YES;
				CURRENT_PROJECT_VERSION = 1;
				ENABLE_HARDENED_RUNTIME = NO;
				GENERATE_INFOPLIST_FILE = YES;
				INFOPLIST_KEY_CFBundleShortVersionString = 1.0.0;
				INFOPLIST_KEY_CFBundleVersion = 1;
				INFOPLIST_KEY_LSUIElement = YES;
				LD_RUNPATH_SEARCH_PATHS = "$(inherited) @executable_path/../Frameworks @loader_path/../Frameworks";
				MACOSX_DEPLOYMENT_TARGET = 26.0;
				MARKETING_VERSION = 1.0.0;
				PRODUCT_BUNDLE_IDENTIFIER = com.shin.cellcap.app;
				PRODUCT_NAME = CellCap;
				SDKROOT = macosx;
				SWIFT_STRICT_CONCURRENCY = complete;
				SWIFT_VERSION = 6.0;
			};
			name = Debug;
		};
		CB47E56D880C79F3AFEDF271 /* Release */ = {
			isa = XCBuildConfiguration;
			buildSettings = {
				CLANG_ENABLE_MODULES = YES;
				CODE_SIGNING_ALLOWED = NO;
				COMBINE_HIDPI_IMAGES = YES;
				CURRENT_PROJECT_VERSION = 1;
				DEFINES_MODULE = YES;
				DYLIB_COMPATIBILITY_VERSION = 1;
				DYLIB_CURRENT_VERSION = 1;
				DYLIB_INSTALL_NAME_BASE = "@rpath";
				ENABLE_HARDENED_RUNTIME = NO;
				GENERATE_INFOPLIST_FILE = YES;
				INFOPLIST_KEY_CFBundleShortVersionString = 1.0.0;
				INFOPLIST_KEY_CFBundleVersion = 1;
				INSTALL_PATH = "$(LOCAL_LIBRARY_DIR)/Frameworks";
				LD_RUNPATH_SEARCH_PATHS = "$(inherited) @executable_path/../Frameworks @loader_path/Frameworks";
				MACOSX_DEPLOYMENT_TARGET = 26.0;
				MARKETING_VERSION = 1.0.0;
				PRODUCT_BUNDLE_IDENTIFIER = com.shin.cellcap.shared;
				PRODUCT_NAME = "$(TARGET_NAME:c99extidentifier)";
				SDKROOT = macosx;
				SKIP_INSTALL = YES;
				SWIFT_STRICT_CONCURRENCY = complete;
				SWIFT_VERSION = 6.0;
				VERSIONING_SYSTEM = "apple-generic";
				VERSION_INFO_PREFIX = "";
			};
			name = Release;
		};
		D0DD127FB5318FFFEDAFDD90 /* Release */ = {
			isa = XCBuildConfiguration;
			buildSettings = {
				BUNDLE_LOADER = "";
				CLANG_ENABLE_MODULES = YES;
				CODE_SIGNING_ALLOWED = NO;
				CURRENT_PROJECT_VERSION = 1;
				ENABLE_HARDENED_RUNTIME = NO;
				GENERATE_INFOPLIST_FILE = YES;
				INFOPLIST_KEY_CFBundleShortVersionString = 1.0.0;
				INFOPLIST_KEY_CFBundleVersion = 1;
				LD_RUNPATH_SEARCH_PATHS = "$(inherited) @loader_path/../Frameworks";
				MACOSX_DEPLOYMENT_TARGET = 26.0;
				MARKETING_VERSION = 1.0.0;
				PRODUCT_BUNDLE_IDENTIFIER = com.shin.cellcap.tests;
				SDKROOT = macosx;
				SWIFT_STRICT_CONCURRENCY = complete;
				SWIFT_VERSION = 6.0;
				TEST_HOST = "";
			};
			name = Release;
		};
		DE5C214A8D659C33A3B5F71C /* Debug */ = {
			isa = XCBuildConfiguration;
			buildSettings = {
				CLANG_ENABLE_MODULES = YES;
				CODE_SIGNING_ALLOWED = NO;
				DEFINES_MODULE = YES;
				ENABLE_HARDENED_RUNTIME = NO;
				EXECUTABLE_PREFIX = lib;
				HEADER_SEARCH_PATHS = (
					"$(inherited)",
					"$(SRCROOT)/Sources/CellCapSMCBridge/include",
				);
				MACOSX_DEPLOYMENT_TARGET = 26.0;
				OTHER_LDFLAGS = (
					"$(inherited)",
					"-framework",
					CoreFoundation,
					"-framework",
					IOKit,
				);
				PRODUCT_NAME = CellCapSMCBridge;
				SDKROOT = macosx;
				SKIP_INSTALL = YES;
				SWIFT_STRICT_CONCURRENCY = complete;
				SWIFT_VERSION = 6.0;
			};
			name = Debug;
		};
		E7D168C247AA62B6F2892E65 /* Release */ = {
			isa = XCBuildConfiguration;
			buildSettings = {
				ALWAYS_SEARCH_USER_PATHS = NO;
				CLANG_ANALYZER_NONNULL = YES;
				CLANG_ANALYZER_NUMBER_OBJECT_CONVERSION = YES_AGGRESSIVE;
				CLANG_CXX_LANGUAGE_STANDARD = "gnu++14";
				CLANG_CXX_LIBRARY = "libc++";
				CLANG_ENABLE_MODULES = YES;
				CLANG_ENABLE_OBJC_ARC = YES;
				CLANG_ENABLE_OBJC_WEAK = YES;
				CLANG_WARN_BLOCK_CAPTURE_AUTORELEASING = YES;
				CLANG_WARN_BOOL_CONVERSION = YES;
				CLANG_WARN_COMMA = YES;
				CLANG_WARN_CONSTANT_CONVERSION = YES;
				CLANG_WARN_DEPRECATED_OBJC_IMPLEMENTATIONS = YES;
				CLANG_WARN_DIRECT_OBJC_ISA_USAGE = YES_ERROR;
				CLANG_WARN_DOCUMENTATION_COMMENTS = YES;
				CLANG_WARN_EMPTY_BODY = YES;
				CLANG_WARN_ENUM_CONVERSION = YES;
				CLANG_WARN_INFINITE_RECURSION = YES;
				CLANG_WARN_INT_CONVERSION = YES;
				CLANG_WARN_NON_LITERAL_NULL_CONVERSION = YES;
				CLANG_WARN_OBJC_IMPLICIT_RETAIN_SELF = YES;
				CLANG_WARN_OBJC_LITERAL_CONVERSION = YES;
				CLANG_WARN_OBJC_ROOT_CLASS = YES_ERROR;
				CLANG_WARN_QUOTED_INCLUDE_IN_FRAMEWORK_HEADER = YES;
				CLANG_WARN_RANGE_LOOP_ANALYSIS = YES;
				CLANG_WARN_STRICT_PROTOTYPES = YES;
				CLANG_WARN_SUSPICIOUS_MOVE = YES;
				CLANG_WARN_UNGUARDED_AVAILABILITY = YES_AGGRESSIVE;
				CLANG_WARN_UNREACHABLE_CODE = YES;
				CLANG_WARN__DUPLICATE_METHOD_MATCH = YES;
				COPY_PHASE_STRIP = NO;
				DEBUG_INFORMATION_FORMAT = "dwarf-with-dsym";
				ENABLE_NS_ASSERTIONS = NO;
				ENABLE_STRICT_OBJC_MSGSEND = YES;
				GCC_C_LANGUAGE_STANDARD = gnu11;
				GCC_NO_COMMON_BLOCKS = YES;
				GCC_WARN_64_TO_32_BIT_CONVERSION = YES;
				GCC_WARN_ABOUT_RETURN_TYPE = YES_ERROR;
				GCC_WARN_UNDECLARED_SELECTOR = YES;
				GCC_WARN_UNINITIALIZED_AUTOS = YES_AGGRESSIVE;
				GCC_WARN_UNUSED_FUNCTION = YES;
				GCC_WARN_UNUSED_VARIABLE = YES;
				MTL_ENABLE_DEBUG_INFO = NO;
				MTL_FAST_MATH = YES;
				PRODUCT_NAME = "$(TARGET_NAME)";
				SWIFT_COMPILATION_MODE = wholemodule;
				SWIFT_OPTIMIZATION_LEVEL = "-O";
				SWIFT_VERSION = 5.0;
			};
			name = Release;
		};
		F422DDE14033D048557688EF /* Debug */ = {
			isa = XCBuildConfiguration;
			buildSettings = {
				BUNDLE_LOADER = "";
				CLANG_ENABLE_MODULES = YES;
				CODE_SIGNING_ALLOWED = NO;
				CURRENT_PROJECT_VERSION = 1;
				ENABLE_HARDENED_RUNTIME = NO;
				GENERATE_INFOPLIST_FILE = YES;
				INFOPLIST_KEY_CFBundleShortVersionString = 1.0.0;
				INFOPLIST_KEY_CFBundleVersion = 1;
				LD_RUNPATH_SEARCH_PATHS = "$(inherited) @loader_path/../Frameworks";
				MACOSX_DEPLOYMENT_TARGET = 26.0;
				MARKETING_VERSION = 1.0.0;
				PRODUCT_BUNDLE_IDENTIFIER = com.shin.cellcap.tests;
				SDKROOT = macosx;
				SWIFT_STRICT_CONCURRENCY = complete;
				SWIFT_VERSION = 6.0;
				TEST_HOST = "";
			};
			name = Debug;
		};
		F82729A13188CFE6270E55B0 /* Release */ = {
			isa = XCBuildConfiguration;
			buildSettings = {
				CLANG_ENABLE_MODULES = YES;
				CODE_SIGNING_ALLOWED = NO;
				COMBINE_HIDPI_IMAGES = YES;
				CURRENT_PROJECT_VERSION = 1;
				DEFINES_MODULE = YES;
				DYLIB_COMPATIBILITY_VERSION = 1;
				DYLIB_CURRENT_VERSION = 1;
				DYLIB_INSTALL_NAME_BASE = "@rpath";
				ENABLE_HARDENED_RUNTIME = NO;
				GENERATE_INFOPLIST_FILE = YES;
				INFOPLIST_KEY_CFBundleShortVersionString = 1.0.0;
				INFOPLIST_KEY_CFBundleVersion = 1;
				INSTALL_PATH = "$(LOCAL_LIBRARY_DIR)/Frameworks";
				LD_RUNPATH_SEARCH_PATHS = "$(inherited) @executable_path/../Frameworks @loader_path/Frameworks";
				MACOSX_DEPLOYMENT_TARGET = 26.0;
				MARKETING_VERSION = 1.0.0;
				PRODUCT_BUNDLE_IDENTIFIER = com.shin.cellcap.core;
				PRODUCT_NAME = "$(TARGET_NAME:c99extidentifier)";
				SDKROOT = macosx;
				SKIP_INSTALL = YES;
				SWIFT_STRICT_CONCURRENCY = complete;
				SWIFT_VERSION = 6.0;
				VERSIONING_SYSTEM = "apple-generic";
				VERSION_INFO_PREFIX = "";
			};
			name = Release;
		};
/* End XCBuildConfiguration section */

/* Begin XCConfigurationList section */
		0742A4D4C9A65E18914217A8 /* Build configuration list for PBXNativeTarget "Helper" */ = {
			isa = XCConfigurationList;
			buildConfigurations = (
				02F944763CD1C50A8A0334CC /* Debug */,
				A9B3295EB4B1BAB05F13582D /* Release */,
			);
			defaultConfigurationIsVisible = 0;
			defaultConfigurationName = Release;
		};
		0F7D9E6055D05FAA9A310531 /* Build configuration list for PBXNativeTarget "Core" */ = {
			isa = XCConfigurationList;
			buildConfigurations = (
				4F1BBB0020EB9E84D792BA1B /* Debug */,
				F82729A13188CFE6270E55B0 /* Release */,
			);
			defaultConfigurationIsVisible = 0;
			defaultConfigurationName = Release;
		};
		16FF047FA0140CFA45A1BEA8 /* Build configuration list for PBXNativeTarget "AppUI" */ = {
			isa = XCConfigurationList;
			buildConfigurations = (
				AADA42AB6A909F9BAA599730 /* Debug */,
				8971B82ECF8BE250EC1AB439 /* Release */,
			);
			defaultConfigurationIsVisible = 0;
			defaultConfigurationName = Release;
		};
		4E00255931A485CD4A4A1E94 /* Build configuration list for PBXNativeTarget "CoreTests" */ = {
			isa = XCConfigurationList;
			buildConfigurations = (
				F422DDE14033D048557688EF /* Debug */,
				D0DD127FB5318FFFEDAFDD90 /* Release */,
			);
			defaultConfigurationIsVisible = 0;
			defaultConfigurationName = Release;
		};
		7ACE56A69044D72E14CD28D9 /* Build configuration list for PBXNativeTarget "Shared" */ = {
			isa = XCConfigurationList;
			buildConfigurations = (
				4392BCC538B8BD883418EC9D /* Debug */,
				CB47E56D880C79F3AFEDF271 /* Release */,
			);
			defaultConfigurationIsVisible = 0;
			defaultConfigurationName = Release;
		};
		ADC8D9577E64E59C1ACFB698 /* Build configuration list for PBXProject "CellCap" */ = {
			isa = XCConfigurationList;
			buildConfigurations = (
				6C87D565FEAF9685F6CC321B /* Debug */,
				E7D168C247AA62B6F2892E65 /* Release */,
			);
			defaultConfigurationIsVisible = 0;
			defaultConfigurationName = Release;
		};
		B1D7E013E6548535D5A5E568 /* Build configuration list for PBXNativeTarget "CellCapSMCBridge" */ = {
			isa = XCConfigurationList;
			buildConfigurations = (
				DE5C214A8D659C33A3B5F71C /* Debug */,
				9A3CBD0CC25882E550FBFE25 /* Release */,
			);
			defaultConfigurationIsVisible = 0;
			defaultConfigurationName = Release;
		};
/* End XCConfigurationList section */
	};
	rootObject = C4F5A597D9781D976684479C /* Project object */;
}
