// !$*UTF8*$!
{
	archiveVersion = 1;
	classes = {
	};
	objectVersion = 46;
	objects = {

/* Begin PBXBuildFile section */
		06421F57D232FAAAA8020DFE /* ControlAvailabilityResolver.swift in Sources */ = {isa = PBXBuildFile; fileRef = 8DB86C031F8B95F2803D6D6E /* ControlAvailabilityResolver.swift */; };
		06B52585AF3C67F482BF0602 /* CapabilityReportResolver.swift in Sources */ = {isa = PBXBuildFile; fileRef = 06D87D9FE5DD84B88A47CEBC /* CapabilityReportResolver.swift */; };
		0D2C2B57391EF596FDBDC6F3 /* DirectSMCChargeControlBackend.swift in Sources */ = {isa = PBXBuildFile; fileRef = BA24248A98D1AF7CC260D719 /* DirectSMCChargeControlBackend.swift */; };
		0D71B679DC18458CCDE1CA44 /* EventLogger.swift in Sources */ = {isa = PBXBuildFile; fileRef = C4C5E4A8C674636B92BCDD63 /* EventLogger.swift */; };
		0F3998FBA81A0FACD22BEB51 /* MenuBarPresentation.swift in Sources */ = {isa = PBXBuildFile; fileRef = 74BED124BE067A045F8BF342 /* MenuBarPresentation.swift */; };
		12C51BD7ED69EE67E11CFB34 /* MenuBarLabelView.swift in Sources */ = {isa = PBXBuildFile; fileRef = 78240C48F8BFDF1B6761BD88 /* MenuBarLabelView.swift */; };
		1435598284958C5A04966C7A /* ChargePolicy.swift in Sources */ = {isa = PBXBuildFile; fileRef = E45AEFF1A5F2AF5E60FFD821 /* ChargePolicy.swift */; };
		1780ED0F0F82AC28BAAC2FD8 /* Core.framework in Frameworks */ = {isa = PBXBuildFile; fileRef = B469BCCEB1101C57737EE6C5 /* Core.framework */; };
		1C3A9A65D7E97807D4F7755E /* libCellCapSMCBridge.a in Frameworks */ = {isa = PBXBuildFile; fileRef = 75296D4EEABFE60C4335374C /* libCellCapSMCBridge.a */; };
		1C60D55CF5077392E37B9572 /* HelperInstallChecker.swift in Sources */ = {isa = PBXBuildFile; fileRef = E3B7837B441E06746D226453 /* HelperInstallChecker.swift */; };
		1FCF03FE00D8B1A60061055C /* ChargeControlBackend.swift in Sources */ = {isa = PBXBuildFile; fileRef = 1408D5716CE8A805E5FD445D /* ChargeControlBackend.swift */; };
		2A20C9E1EC6B30C27A0C28FC /* Shared.framework in Frameworks */ = {isa = PBXBuildFile; fileRef = 3B286B2785F4796976160D0D /* Shared.framework */; };
		2F2FD2947ACF8B37E3D82117 /* AppRuntimeOrchestrator.swift in Sources */ = {isa = PBXBuildFile; fileRef = 30045387162D939C947901DE /* AppRuntimeOrchestrator.swift */; };
		31B0A21F65B0FB5FE9A96030 /* StatusSummaryView.swift in Sources */ = {isa = PBXBuildFile; fileRef = 8C6B979DD2FB922D649F52D0 /* StatusSummaryView.swift */; };
		35A3ECF8B555ABF4E7F1ECAB /* LaunchAtLoginManager.swift in Sources */ = {isa = PBXBuildFile; fileRef = 086192F9DF2EBFCBDBDEE607 /* LaunchAtLoginManager.swift */; };
		3DEF9C01CA93C5D521289A32 /* Core.framework in Frameworks */ = {isa = PBXBuildFile; fileRef = B469BCCEB1101C57737EE6C5 /* Core.framework */; };
		3EA25EC84833144772F006E4 /* Cocoa.framework in Frameworks */ = {isa = PBXBuildFile; fileRef = 0178908837C7890915BCD68C /* Cocoa.framework */; };
		422155F6851246A00158A87A /* HelperInstallCheckerTests.swift in Sources */ = {isa = PBXBuildFile; fileRef = 440E3BEA286F9D052462DD75 /* HelperInstallCheckerTests.swift */; };
		424B63939859771EABAAC4A6 /* ChargePolicyStore.swift in Sources */ = {isa = PBXBuildFile; fileRef = D87262DE5B0B3503304632FE /* ChargePolicyStore.swift */; };
		464EAE09F9AB0B97B3C1193E /* MockChargeControllerTests.swift in Sources */ = {isa = PBXBuildFile; fileRef = 473DE0E9D6436A144A817C5E /* MockChargeControllerTests.swift */; };
		493F64089D535EC3189A36CA /* PolicyEngineTests.swift in Sources */ = {isa = PBXBuildFile; fileRef = 8B5639F452627989BAA8D5DC /* PolicyEngineTests.swift */; };
		4B0EEBA546248038C674E3EA /* BatteryMonitorTests.swift in Sources */ = {isa = PBXBuildFile; fileRef = 0D3EB41DD70CA97BD105B122 /* BatteryMonitorTests.swift */; };
		4D89D20F9516B2588B3F680A /* XPCChargeControllerTests.swift in Sources */ = {isa = PBXBuildFile; fileRef = 3E005338BDE9ED8BF7955329 /* XPCChargeControllerTests.swift */; };
		533CA62863FBA12BF6EB304E /* HelperXPCDTOs.swift in Sources */ = {isa = PBXBuildFile; fileRef = 1C710B20B80DD12BEECD96EE /* HelperXPCDTOs.swift */; };
		5CB30D64412A011789F33166 /* Cocoa.framework in Frameworks */ = {isa = PBXBuildFile; fileRef = 0178908837C7890915BCD68C /* Cocoa.framework */; };
		5E8EA9EB29199B27ED3C276C /* ControllerStatus.swift in Sources */ = {isa = PBXBuildFile; fileRef = 67F23A23F58B5C4EE5238A0E /* ControllerStatus.swift */; };
		5EFFC4006A8559FC4BAF42FB /* Shared.framework in Frameworks */ = {isa = PBXBuildFile; fileRef = 3B286B2785F4796976160D0D /* Shared.framework */; };
		656EA2ABB66F01F521DF00DD /* ChargeStateResolverTests.swift in Sources */ = {isa = PBXBuildFile; fileRef = 52CD72DDB293C02ABC47AAE6 /* ChargeStateResolverTests.swift */; };
		65732CAD5EDBB68AF7CCB666 /* Cocoa.framework in Frameworks */ = {isa = PBXBuildFile; fileRef = 0178908837C7890915BCD68C /* Cocoa.framework */; };
		6818C3DD48032748F64B0DD0 /* Core.framework in Frameworks */ = {isa = PBXBuildFile; fileRef = B469BCCEB1101C57737EE6C5 /* Core.framework */; };
		6A63F1D2F1185BEEFB5CA750 /* BatteryMonitor.swift in Sources */ = {isa = PBXBuildFile; fileRef = 309DB0C6920DBBF16A7BBC24 /* BatteryMonitor.swift */; };
		6BA009D980D3B67A29AE7FCF /* ChargeStateMachineTests.swift in Sources */ = {isa = PBXBuildFile; fileRef = 4F4C67D0F268BFF16190211B /* ChargeStateMachineTests.swift */; };
		6F54349586B0E9E124E00511 /* MenuBarViewModel.swift in Sources */ = {isa = PBXBuildFile; fileRef = 7418F87EE340D53271985943 /* MenuBarViewModel.swift */; };
		74F73AD685F3A900BB811369 /* AppState.swift in Sources */ = {isa = PBXBuildFile; fileRef = 5AAC5E34CE8F713BB2F5B913 /* AppState.swift */; };
		75369781C0602186C512EFB4 /* CellCapApp.swift in Sources */ = {isa = PBXBuildFile; fileRef = 4BE6223ABDAEBC7889BCE7B9 /* CellCapApp.swift */; };
		7598FD9E41A1A9A6FBBEE123 /* CapabilityReport.swift in Sources */ = {isa = PBXBuildFile; fileRef = 13489D5BF87D1D13C4611025 /* CapabilityReport.swift */; };
		787F548A9DF6E0060C4B90C0 /* Cocoa.framework in Frameworks */ = {isa = PBXBuildFile; fileRef = 0178908837C7890915BCD68C /* Cocoa.framework */; };
		78ECA9F3303F7750ED07D1FA /* EventLoggerTests.swift in Sources */ = {isa = PBXBuildFile; fileRef = FE2A586A50419592D6F95DDD /* EventLoggerTests.swift */; };
		7CC15AB8D5938C6045DDE892 /* Cocoa.framework in Frameworks */ = {isa = PBXBuildFile; fileRef = 0178908837C7890915BCD68C /* Cocoa.framework */; };
		7CDEE2983C4461E4EA571180 /* XPCChargeController.swift in Sources */ = {isa = PBXBuildFile; fileRef = 9B0DC8E6585C9FE086AD5DE1 /* XPCChargeController.swift */; };
		81F774730127D1DE7EB3963C /* AppRuntimeTrigger+Debug.swift in Sources */ = {isa = PBXBuildFile; fileRef = 12A95EEDBF610532487C263D /* AppRuntimeTrigger+Debug.swift */; };
		88EA2EF38D295DD15B010F7E /* ChargePolicyTests.swift in Sources */ = {isa = PBXBuildFile; fileRef = 3586911E1F5069CD8D7A596A /* ChargePolicyTests.swift */; };
		897CF737A27E792F9E4F80AF /* ChargePolicyStoreTests.swift in Sources */ = {isa = PBXBuildFile; fileRef = D64247025CF27493EB714D47 /* ChargePolicyStoreTests.swift */; };
		8D1ACEFBEBD4A72E2950964E /* ChargeStateMachine.swift in Sources */ = {isa = PBXBuildFile; fileRef = B501618BC9D7A4D28E13D6D2 /* ChargeStateMachine.swift */; };
		8F8914C5DB48BE1726E4A803 /* SystemBatterySnapshotProvider.swift in Sources */ = {isa = PBXBuildFile; fileRef = A05457442E1B576E4A813948 /* SystemBatterySnapshotProvider.swift */; };
		90BB0CE64341F035D46358AB /* MenuBarPreviewFactory.swift in Sources */ = {isa = PBXBuildFile; fileRef = 951D201566EA64592EDC5003 /* MenuBarPreviewFactory.swift */; };
		9276CE3DAA66563982D0BE94 /* ChargeController.swift in Sources */ = {isa = PBXBuildFile; fileRef = C177D661A8BBD014A3238C33 /* ChargeController.swift */; };
		9A6CE310EBB9E37A512CA8EC /* CellCapHelperServiceTests.swift in Sources */ = {isa = PBXBuildFile; fileRef = 642C29043D93E5DE1B82A703 /* CellCapHelperServiceTests.swift */; };
		9A8A29984474CB33037FE892 /* CapabilityStatusListView.swift in Sources */ = {isa = PBXBuildFile; fileRef = D8FFEB6B1716FA8BB80C1291 /* CapabilityStatusListView.swift */; };
		9BC1ED9B56B0B0ACC29B31B3 /* RuntimeSafetyGate.swift in Sources */ = {isa = PBXBuildFile; fileRef = 431107DC9AABA1E78668F626 /* RuntimeSafetyGate.swift */; };
		A015C0D27718BB3CF5964144 /* BatterySnapshot.swift in Sources */ = {isa = PBXBuildFile; fileRef = 8B8D2AC245FD78A9F22CF0EC /* BatterySnapshot.swift */; };
		A90C5CEF48F45C24F43046B7 /* CapabilityChecker.swift in Sources */ = {isa = PBXBuildFile; fileRef = 3FF65E9DB9074A6111F22C32 /* CapabilityChecker.swift */; };
		AA7EEF3A797C0BDE10AE0F32 /* DiagnosticEvent.swift in Sources */ = {isa = PBXBuildFile; fileRef = 773E20C9B8E6F39BA5E284BD /* DiagnosticEvent.swift */; };
		AAA5606197D1C94CA19DEDC3 /* Core.framework in Embed Frameworks */ = {isa = PBXBuildFile; fileRef = B469BCCEB1101C57737EE6C5 /* Core.framework */; settings = {ATTRIBUTES = (CodeSignOnCopy, RemoveHeadersOnCopy, ); }; };
		AB336527E6697DCDC8EA7ED7 /* Helper in Frameworks */ = {isa = PBXBuildFile; fileRef = D1D681322736C543E1300C06 /* Helper */; };
		ACBBD2E6AFE23B3980D02B83 /* HelperXPCDTOsTests.swift in Sources */ = {isa = PBXBuildFile; fileRef = C41D6A16C94F8BD3C3BE9316 /* HelperXPCDTOsTests.swift */; };
		B27471027F2F640BB7D9DFF9 /* CellCapHelperListener.swift in Sources */ = {isa = PBXBuildFile; fileRef = 8E24490461060F60B3CADD03 /* CellCapHelperListener.swift */; };
		B5E63D5B3501D3B16E8ABBBB /* AppRuntimeOrchestratorTests.swift in Sources */ = {isa = PBXBuildFile; fileRef = 653FF45D4B81AB751B2D24B8 /* AppRuntimeOrchestratorTests.swift */; };
		B69D13C1D89C075A0F0ACA65 /* RootView.swift in Sources */ = {isa = PBXBuildFile; fileRef = 7C6A6EA179993549D60F4E3D /* RootView.swift */; };
		BE5E8CA00873D8D523352465 /* Assets.xcassets in Resources */ = {isa = PBXBuildFile; fileRef = 76069456E9B79A8B838FB7F7 /* Assets.xcassets */; };
		BEEE24619B762B5CFD192D28 /* DirectSMCChargeControlBackendTests.swift in Sources */ = {isa = PBXBuildFile; fileRef = CBA057583B4944A4E0F3177B /* DirectSMCChargeControlBackendTests.swift */; };
		C81886F1FFEF2DE8A47918FA /* MockChargeController.swift in Sources */ = {isa = PBXBuildFile; fileRef = 04E17C61AF654BDFF7907A88 /* MockChargeController.swift */; };
		CCE00A7D3B49F4B1B084F08D /* SelfTestPolicy.swift in Sources */ = {isa = PBXBuildFile; fileRef = 66E987AF54F6D4AA0B464AB3 /* SelfTestPolicy.swift */; };
		CD48DD80A4B4ACF54A61C3A6 /* CellCapSMCBridge.h in Headers */ = {isa = PBXBuildFile; fileRef = 138D60772969DDD765C4937F /* CellCapSMCBridge.h */; settings = {ATTRIBUTES = (Public, ); }; };
		D35DB09605C0A1E0966134C9 /* ControllerCommandApplier.swift in Sources */ = {isa = PBXBuildFile; fileRef = 5A438AD0EFB77176F8E591E4 /* ControllerCommandApplier.swift */; };
		D533DACCFCE549D069B38360 /* DiagnosticsSummary.swift in Sources */ = {isa = PBXBuildFile; fileRef = B245F7D69D7326251BF13C7B /* DiagnosticsSummary.swift */; };
		D547FD29BA866B55612FD6E9 /* PolicyEngine.swift in Sources */ = {isa = PBXBuildFile; fileRef = 4DB48E70C21EF2195DCB0523 /* PolicyEngine.swift */; };
		D5A286B39407595793485A39 /* HelperInstallStatus.swift in Sources */ = {isa = PBXBuildFile; fileRef = F80EF8F76D944AEA2FEEE770 /* HelperInstallStatus.swift */; };
		D5A37886237C384C685C82A6 /* Shared.framework in Embed Frameworks */ = {isa = PBXBuildFile; fileRef = 3B286B2785F4796976160D0D /* Shared.framework */; settings = {ATTRIBUTES = (CodeSignOnCopy, RemoveHeadersOnCopy, ); }; };
		D66FDC10EE8CCBD8A1254BB6 /* CellCapHelperService.swift in Sources */ = {isa = PBXBuildFile; fileRef = 9632EF4ABAED8996DE94E8DF /* CellCapHelperService.swift */; };
		DE6DCCCC4B8A21A670CD2E59 /* AppRuntimeSupportTests.swift in Sources */ = {isa = PBXBuildFile; fileRef = 61FC81A8BCC07BB59DC1506C /* AppRuntimeSupportTests.swift */; };
		DF49C893C65651B5B86CFA29 /* ChargeState.swift in Sources */ = {isa = PBXBuildFile; fileRef = C163D7C2DEA66F5BA6CA1AA1 /* ChargeState.swift */; };
		E2ABC3AAFA0CF617BB9B7546 /* main.swift in Sources */ = {isa = PBXBuildFile; fileRef = 13B6CD3FDEFC3FF24E071E17 /* main.swift */; };
		E388999D84FF39E5F68E6271 /* CellCapSMCBridge.c in Sources */ = {isa = PBXBuildFile; fileRef = 37D77FEAC8C139AB53987DD8 /* CellCapSMCBridge.c */; };
		E65885A6FBB5F7B366FDE905 /* Shared.framework in Frameworks */ = {isa = PBXBuildFile; fileRef = 3B286B2785F4796976160D0D /* Shared.framework */; };
		ECB274849834145A0D67B6A3 /* CapabilityCheckerTests.swift in Sources */ = {isa = PBXBuildFile; fileRef = 553ED6EC6982E9638FC5314A /* CapabilityCheckerTests.swift */; };
		ED867FF5B485A771A720FE34 /* ChargeStateResolver.swift in Sources */ = {isa = PBXBuildFile; fileRef = EECA57BECAC026F15C03D4FC /* ChargeStateResolver.swift */; };
		F03E736211212D5C03975D23 /* HelperXPCClient.swift in Sources */ = {isa = PBXBuildFile; fileRef = 4D33AC3B65DB5FCDDFBD80EC /* HelperXPCClient.swift */; };
		F6131FB08835E22DE88A994F /* PolicySettingsView.swift in Sources */ = {isa = PBXBuildFile; fileRef = CC7563CA6C3E0A9E1C86224F /* PolicySettingsView.swift */; };
		FAAA2010445633F1CDB1B822 /* CellCapHelperXPCProtocol.swift in Sources */ = {isa = PBXBuildFile; fileRef = 009D2607ABDFA93A252675F0 /* CellCapHelperXPCProtocol.swift */; };
		FCBC94D9B6DD239756AA5BCE /* Shared.framework in Frameworks */ = {isa = PBXBuildFile; fileRef = 3B286B2785F4796976160D0D /* Shared.framework */; };
/* End PBXBuildFile section */

/* Begin PBXContainerItemProxy section */
		112A0AC39242091764804B4A /* PBXContainerItemProxy */ = {
			isa = PBXContainerItemProxy;
			containerPortal = 16A002E16CDA889ACEC8A93D /* Project object */;
			proxyType = 1;
			remoteGlobalIDString = B5EE2DBB7097B1C4DE437DD4;
			remoteInfo = Shared;
		};
		127116BCB8B5A51EAC56F6A2 /* PBXContainerItemProxy */ = {
			isa = PBXContainerItemProxy;
			containerPortal = 16A002E16CDA889ACEC8A93D /* Project object */;
			proxyType = 1;
			remoteGlobalIDString = B5EE2DBB7097B1C4DE437DD4;
			remoteInfo = Shared;
		};
		15E7AE6434F53A6F0ACD66E3 /* PBXContainerItemProxy */ = {
			isa = PBXContainerItemProxy;
			containerPortal = 16A002E16CDA889ACEC8A93D /* Project object */;
			proxyType = 1;
			remoteGlobalIDString = 9E8D10C6C27B287B84FBDDA0;
			remoteInfo = CellCapSMCBridge;
		};
		44F730D4CD6A39DFD9126F10 /* PBXContainerItemProxy */ = {
			isa = PBXContainerItemProxy;
			containerPortal = 16A002E16CDA889ACEC8A93D /* Project object */;
			proxyType = 1;
			remoteGlobalIDString = 32A5409791BE00EBFA9D40B4;
			remoteInfo = Helper;
		};
		5BE8E4D35A8922C391D75FF7 /* PBXContainerItemProxy */ = {
			isa = PBXContainerItemProxy;
			containerPortal = 16A002E16CDA889ACEC8A93D /* Project object */;
			proxyType = 1;
			remoteGlobalIDString = B5EE2DBB7097B1C4DE437DD4;
			remoteInfo = Shared;
		};
		8FB007AB9C818511618F5F67 /* PBXContainerItemProxy */ = {
			isa = PBXContainerItemProxy;
			containerPortal = 16A002E16CDA889ACEC8A93D /* Project object */;
			proxyType = 1;
			remoteGlobalIDString = 7F9F9E655E14B11E1988A694;
			remoteInfo = Core;
		};
		9F6A4CCD6C8B29D2F8A7475F /* PBXContainerItemProxy */ = {
			isa = PBXContainerItemProxy;
			containerPortal = 16A002E16CDA889ACEC8A93D /* Project object */;
			proxyType = 1;
			remoteGlobalIDString = 7F9F9E655E14B11E1988A694;
			remoteInfo = Core;
		};
		A8C18374B4AC0191A7828608 /* PBXContainerItemProxy */ = {
			isa = PBXContainerItemProxy;
			containerPortal = 16A002E16CDA889ACEC8A93D /* Project object */;
			proxyType = 1;
			remoteGlobalIDString = 7F9F9E655E14B11E1988A694;
			remoteInfo = Core;
		};
		AF65E9AD62126CFFC7D35738 /* PBXContainerItemProxy */ = {
			isa = PBXContainerItemProxy;
			containerPortal = 16A002E16CDA889ACEC8A93D /* Project object */;
			proxyType = 1;
			remoteGlobalIDString = B5EE2DBB7097B1C4DE437DD4;
			remoteInfo = Shared;
		};
/* End PBXContainerItemProxy section */

/* Begin PBXCopyFilesBuildPhase section */
		E4DD4840EABA7C3B07F520D8 /* Embed Frameworks */ = {
			isa = PBXCopyFilesBuildPhase;
			buildActionMask = 2147483647;
			dstPath = "";
			dstSubfolderSpec = 10;
			files = (
				AAA5606197D1C94CA19DEDC3 /* Core.framework in Embed Frameworks */,
				D5A37886237C384C685C82A6 /* Shared.framework in Embed Frameworks */,
			);
			name = "Embed Frameworks";
			runOnlyForDeploymentPostprocessing = 0;
		};
/* End PBXCopyFilesBuildPhase section */

/* Begin PBXFileReference section */
		009D2607ABDFA93A252675F0 /* CellCapHelperXPCProtocol.swift */ = {isa = PBXFileReference; includeInIndex = 1; lastKnownFileType = sourcecode.swift; name = CellCapHelperXPCProtocol.swift; path = XPC/CellCapHelperXPCProtocol.swift; sourceTree = "<group>"; };
		0178908837C7890915BCD68C /* Cocoa.framework */ = {isa = PBXFileReference; lastKnownFileType = wrapper.framework; name = Cocoa.framework; path = Platforms/MacOSX.platform/Developer/SDKs/MacOSX15.0.sdk/System/Library/Frameworks/Cocoa.framework; sourceTree = DEVELOPER_DIR; };
		04E17C61AF654BDFF7907A88 /* MockChargeController.swift */ = {isa = PBXFileReference; includeInIndex = 1; lastKnownFileType = sourcecode.swift; name = MockChargeController.swift; path = Controllers/MockChargeController.swift; sourceTree = "<group>"; };
		06D87D9FE5DD84B88A47CEBC /* CapabilityReportResolver.swift */ = {isa = PBXFileReference; includeInIndex = 1; lastKnownFileType = sourcecode.swift; name = CapabilityReportResolver.swift; path = Runtime/CapabilityReportResolver.swift; sourceTree = "<group>"; };
		086192F9DF2EBFCBDBDEE607 /* LaunchAtLoginManager.swift */ = {isa = PBXFileReference; includeInIndex = 1; lastKnownFileType = sourcecode.swift; name = LaunchAtLoginManager.swift; path = ViewModels/LaunchAtLoginManager.swift; sourceTree = "<group>"; };
		0D3EB41DD70CA97BD105B122 /* BatteryMonitorTests.swift */ = {isa = PBXFileReference; includeInIndex = 1; lastKnownFileType = sourcecode.swift; path = BatteryMonitorTests.swift; sourceTree = "<group>"; };
		12A95EEDBF610532487C263D /* AppRuntimeTrigger+Debug.swift */ = {isa = PBXFileReference; includeInIndex = 1; lastKnownFileType = sourcecode.swift; name = "AppRuntimeTrigger+Debug.swift"; path = "Runtime/AppRuntimeTrigger+Debug.swift"; sourceTree = "<group>"; };
		13489D5BF87D1D13C4611025 /* CapabilityReport.swift */ = {isa = PBXFileReference; includeInIndex = 1; lastKnownFileType = sourcecode.swift; name = CapabilityReport.swift; path = Models/CapabilityReport.swift; sourceTree = "<group>"; };
		138D60772969DDD765C4937F /* CellCapSMCBridge.h */ = {isa = PBXFileReference; includeInIndex = 1; lastKnownFileType = sourcecode.c.h; name = CellCapSMCBridge.h; path = include/CellCapSMCBridge.h; sourceTree = "<group>"; };
		13B6CD3FDEFC3FF24E071E17 /* main.swift */ = {isa = PBXFileReference; includeInIndex = 1; lastKnownFileType = sourcecode.swift; path = main.swift; sourceTree = "<group>"; };
		1408D5716CE8A805E5FD445D /* ChargeControlBackend.swift */ = {isa = PBXFileReference; includeInIndex = 1; lastKnownFileType = sourcecode.swift; path = ChargeControlBackend.swift; sourceTree = "<group>"; };
		1C710B20B80DD12BEECD96EE /* HelperXPCDTOs.swift */ = {isa = PBXFileReference; includeInIndex = 1; lastKnownFileType = sourcecode.swift; name = HelperXPCDTOs.swift; path = XPC/HelperXPCDTOs.swift; sourceTree = "<group>"; };
		30045387162D939C947901DE /* AppRuntimeOrchestrator.swift */ = {isa = PBXFileReference; includeInIndex = 1; lastKnownFileType = sourcecode.swift; name = AppRuntimeOrchestrator.swift; path = Runtime/AppRuntimeOrchestrator.swift; sourceTree = "<group>"; };
		309DB0C6920DBBF16A7BBC24 /* BatteryMonitor.swift */ = {isa = PBXFileReference; includeInIndex = 1; lastKnownFileType = sourcecode.swift; name = BatteryMonitor.swift; path = Monitoring/BatteryMonitor.swift; sourceTree = "<group>"; };
		3586911E1F5069CD8D7A596A /* ChargePolicyTests.swift */ = {isa = PBXFileReference; includeInIndex = 1; lastKnownFileType = sourcecode.swift; path = ChargePolicyTests.swift; sourceTree = "<group>"; };
		37D77FEAC8C139AB53987DD8 /* CellCapSMCBridge.c */ = {isa = PBXFileReference; includeInIndex = 1; path = CellCapSMCBridge.c; sourceTree = "<group>"; };
		3B286B2785F4796976160D0D /* Shared.framework */ = {isa = PBXFileReference; explicitFileType = wrapper.framework; includeInIndex = 0; path = Shared.framework; sourceTree = BUILT_PRODUCTS_DIR; };
		3E005338BDE9ED8BF7955329 /* XPCChargeControllerTests.swift */ = {isa = PBXFileReference; includeInIndex = 1; lastKnownFileType = sourcecode.swift; path = XPCChargeControllerTests.swift; sourceTree = "<group>"; };
		3FF65E9DB9074A6111F22C32 /* CapabilityChecker.swift */ = {isa = PBXFileReference; includeInIndex = 1; lastKnownFileType = sourcecode.swift; name = CapabilityChecker.swift; path = Monitoring/CapabilityChecker.swift; sourceTree = "<group>"; };
		431107DC9AABA1E78668F626 /* RuntimeSafetyGate.swift */ = {isa = PBXFileReference; includeInIndex = 1; lastKnownFileType = sourcecode.swift; name = RuntimeSafetyGate.swift; path = Runtime/RuntimeSafetyGate.swift; sourceTree = "<group>"; };
		440E3BEA286F9D052462DD75 /* HelperInstallCheckerTests.swift */ = {isa = PBXFileReference; includeInIndex = 1; lastKnownFileType = sourcecode.swift; path = HelperInstallCheckerTests.swift; sourceTree = "<group>"; };
		473DE0E9D6436A144A817C5E /* MockChargeControllerTests.swift */ = {isa = PBXFileReference; includeInIndex = 1; lastKnownFileType = sourcecode.swift; path = MockChargeControllerTests.swift; sourceTree = "<group>"; };
		4BE6223ABDAEBC7889BCE7B9 /* CellCapApp.swift */ = {isa = PBXFileReference; includeInIndex = 1; lastKnownFileType = sourcecode.swift; path = CellCapApp.swift; sourceTree = "<group>"; };
		4D33AC3B65DB5FCDDFBD80EC /* HelperXPCClient.swift */ = {isa = PBXFileReference; includeInIndex = 1; lastKnownFileType = sourcecode.swift; name = HelperXPCClient.swift; path = XPC/HelperXPCClient.swift; sourceTree = "<group>"; };
		4DB48E70C21EF2195DCB0523 /* PolicyEngine.swift */ = {isa = PBXFileReference; includeInIndex = 1; lastKnownFileType = sourcecode.swift; name = PolicyEngine.swift; path = Policy/PolicyEngine.swift; sourceTree = "<group>"; };
		4F4C67D0F268BFF16190211B /* ChargeStateMachineTests.swift */ = {isa = PBXFileReference; includeInIndex = 1; lastKnownFileType = sourcecode.swift; path = ChargeStateMachineTests.swift; sourceTree = "<group>"; };
		52CD72DDB293C02ABC47AAE6 /* ChargeStateResolverTests.swift */ = {isa = PBXFileReference; includeInIndex = 1; lastKnownFileType = sourcecode.swift; path = ChargeStateResolverTests.swift; sourceTree = "<group>"; };
		553ED6EC6982E9638FC5314A /* CapabilityCheckerTests.swift */ = {isa = PBXFileReference; includeInIndex = 1; lastKnownFileType = sourcecode.swift; path = CapabilityCheckerTests.swift; sourceTree = "<group>"; };
		5A438AD0EFB77176F8E591E4 /* ControllerCommandApplier.swift */ = {isa = PBXFileReference; includeInIndex = 1; lastKnownFileType = sourcecode.swift; name = ControllerCommandApplier.swift; path = Runtime/ControllerCommandApplier.swift; sourceTree = "<group>"; };
		5AAC5E34CE8F713BB2F5B913 /* AppState.swift */ = {isa = PBXFileReference; includeInIndex = 1; lastKnownFileType = sourcecode.swift; name = AppState.swift; path = Models/AppState.swift; sourceTree = "<group>"; };
		61FC81A8BCC07BB59DC1506C /* AppRuntimeSupportTests.swift */ = {isa = PBXFileReference; includeInIndex = 1; lastKnownFileType = sourcecode.swift; path = AppRuntimeSupportTests.swift; sourceTree = "<group>"; };
		642C29043D93E5DE1B82A703 /* CellCapHelperServiceTests.swift */ = {isa = PBXFileReference; includeInIndex = 1; lastKnownFileType = sourcecode.swift; path = CellCapHelperServiceTests.swift; sourceTree = "<group>"; };
		653FF45D4B81AB751B2D24B8 /* AppRuntimeOrchestratorTests.swift */ = {isa = PBXFileReference; includeInIndex = 1; lastKnownFileType = sourcecode.swift; path = AppRuntimeOrchestratorTests.swift; sourceTree = "<group>"; };
		66E987AF54F6D4AA0B464AB3 /* SelfTestPolicy.swift */ = {isa = PBXFileReference; includeInIndex = 1; lastKnownFileType = sourcecode.swift; name = SelfTestPolicy.swift; path = Runtime/SelfTestPolicy.swift; sourceTree = "<group>"; };
		67F23A23F58B5C4EE5238A0E /* ControllerStatus.swift */ = {isa = PBXFileReference; includeInIndex = 1; lastKnownFileType = sourcecode.swift; name = ControllerStatus.swift; path = Models/ControllerStatus.swift; sourceTree = "<group>"; };
		7418F87EE340D53271985943 /* MenuBarViewModel.swift */ = {isa = PBXFileReference; includeInIndex = 1; lastKnownFileType = sourcecode.swift; name = MenuBarViewModel.swift; path = ViewModels/MenuBarViewModel.swift; sourceTree = "<group>"; };
		74BED124BE067A045F8BF342 /* MenuBarPresentation.swift */ = {isa = PBXFileReference; includeInIndex = 1; lastKnownFileType = sourcecode.swift; name = MenuBarPresentation.swift; path = ViewModels/MenuBarPresentation.swift; sourceTree = "<group>"; };
		75296D4EEABFE60C4335374C /* libCellCapSMCBridge.a */ = {isa = PBXFileReference; explicitFileType = archive.ar; includeInIndex = 0; path = libCellCapSMCBridge.a; sourceTree = BUILT_PRODUCTS_DIR; };
		76069456E9B79A8B838FB7F7 /* Assets.xcassets */ = {isa = PBXFileReference; includeInIndex = 1; lastKnownFileType = folder.assetcatalog; path = Assets.xcassets; sourceTree = "<group>"; };
		773E20C9B8E6F39BA5E284BD /* DiagnosticEvent.swift */ = {isa = PBXFileReference; includeInIndex = 1; lastKnownFileType = sourcecode.swift; name = DiagnosticEvent.swift; path = Diagnostics/DiagnosticEvent.swift; sourceTree = "<group>"; };
		78240C48F8BFDF1B6761BD88 /* MenuBarLabelView.swift */ = {isa = PBXFileReference; includeInIndex = 1; lastKnownFileType = sourcecode.swift; name = MenuBarLabelView.swift; path = Views/MenuBarLabelView.swift; sourceTree = "<group>"; };
		7C6A6EA179993549D60F4E3D /* RootView.swift */ = {isa = PBXFileReference; includeInIndex = 1; lastKnownFileType = sourcecode.swift; path = RootView.swift; sourceTree = "<group>"; };
		7D36E494E375CFCA74A9C2B2 /* 03_공개API_충전제어_검토.md */ = {isa = PBXFileReference; includeInIndex = 1; name = "03_공개API_충전제어_검토.md"; path = "../03_공개API_충전제어_검토.md"; sourceTree = "<group>"; };
		8B5639F452627989BAA8D5DC /* PolicyEngineTests.swift */ = {isa = PBXFileReference; includeInIndex = 1; lastKnownFileType = sourcecode.swift; path = PolicyEngineTests.swift; sourceTree = "<group>"; };
		8B8D2AC245FD78A9F22CF0EC /* BatterySnapshot.swift */ = {isa = PBXFileReference; includeInIndex = 1; lastKnownFileType = sourcecode.swift; name = BatterySnapshot.swift; path = Models/BatterySnapshot.swift; sourceTree = "<group>"; };
		8C6B979DD2FB922D649F52D0 /* StatusSummaryView.swift */ = {isa = PBXFileReference; includeInIndex = 1; lastKnownFileType = sourcecode.swift; name = StatusSummaryView.swift; path = Views/StatusSummaryView.swift; sourceTree = "<group>"; };
		8C9A3F1E38C7642136A48328 /* README.md */ = {isa = PBXFileReference; includeInIndex = 1; name = README.md; path = ../README.md; sourceTree = "<group>"; };
		8DB86C031F8B95F2803D6D6E /* ControlAvailabilityResolver.swift */ = {isa = PBXFileReference; includeInIndex = 1; lastKnownFileType = sourcecode.swift; name = ControlAvailabilityResolver.swift; path = ViewModels/ControlAvailabilityResolver.swift; sourceTree = "<group>"; };
		8E24490461060F60B3CADD03 /* CellCapHelperListener.swift */ = {isa = PBXFileReference; includeInIndex = 1; lastKnownFileType = sourcecode.swift; path = CellCapHelperListener.swift; sourceTree = "<group>"; };
		951D201566EA64592EDC5003 /* MenuBarPreviewFactory.swift */ = {isa = PBXFileReference; includeInIndex = 1; lastKnownFileType = sourcecode.swift; name = MenuBarPreviewFactory.swift; path = ViewModels/MenuBarPreviewFactory.swift; sourceTree = "<group>"; };
		9632EF4ABAED8996DE94E8DF /* CellCapHelperService.swift */ = {isa = PBXFileReference; includeInIndex = 1; lastKnownFileType = sourcecode.swift; path = CellCapHelperService.swift; sourceTree = "<group>"; };
		9B0DC8E6585C9FE086AD5DE1 /* XPCChargeController.swift */ = {isa = PBXFileReference; includeInIndex = 1; lastKnownFileType = sourcecode.swift; name = XPCChargeController.swift; path = Controllers/XPCChargeController.swift; sourceTree = "<group>"; };
		A05457442E1B576E4A813948 /* SystemBatterySnapshotProvider.swift */ = {isa = PBXFileReference; includeInIndex = 1; lastKnownFileType = sourcecode.swift; name = SystemBatterySnapshotProvider.swift; path = Monitoring/SystemBatterySnapshotProvider.swift; sourceTree = "<group>"; };
		A409A0D4DBC0E40AAE71EA72 /* AppUI.app */ = {isa = PBXFileReference; explicitFileType = wrapper.application; includeInIndex = 0; path = AppUI.app; sourceTree = BUILT_PRODUCTS_DIR; };
		B245F7D69D7326251BF13C7B /* DiagnosticsSummary.swift */ = {isa = PBXFileReference; includeInIndex = 1; lastKnownFileType = sourcecode.swift; name = DiagnosticsSummary.swift; path = Diagnostics/DiagnosticsSummary.swift; sourceTree = "<group>"; };
		B469BCCEB1101C57737EE6C5 /* Core.framework */ = {isa = PBXFileReference; explicitFileType = wrapper.framework; includeInIndex = 0; path = Core.framework; sourceTree = BUILT_PRODUCTS_DIR; };
		B49C3EFD2BCE09619143DB76 /* 01_기획서.md */ = {isa = PBXFileReference; includeInIndex = 1; name = "01_기획서.md"; path = "../01_기획서.md"; sourceTree = "<group>"; };
		B501618BC9D7A4D28E13D6D2 /* ChargeStateMachine.swift */ = {isa = PBXFileReference; includeInIndex = 1; lastKnownFileType = sourcecode.swift; name = ChargeStateMachine.swift; path = StateMachine/ChargeStateMachine.swift; sourceTree = "<group>"; };
		BA24248A98D1AF7CC260D719 /* DirectSMCChargeControlBackend.swift */ = {isa = PBXFileReference; includeInIndex = 1; lastKnownFileType = sourcecode.swift; path = DirectSMCChargeControlBackend.swift; sourceTree = "<group>"; };
		C163D7C2DEA66F5BA6CA1AA1 /* ChargeState.swift */ = {isa = PBXFileReference; includeInIndex = 1; lastKnownFileType = sourcecode.swift; name = ChargeState.swift; path = Models/ChargeState.swift; sourceTree = "<group>"; };
		C177D661A8BBD014A3238C33 /* ChargeController.swift */ = {isa = PBXFileReference; includeInIndex = 1; lastKnownFileType = sourcecode.swift; name = ChargeController.swift; path = Controllers/ChargeController.swift; sourceTree = "<group>"; };
		C41D6A16C94F8BD3C3BE9316 /* HelperXPCDTOsTests.swift */ = {isa = PBXFileReference; includeInIndex = 1; lastKnownFileType = sourcecode.swift; path = HelperXPCDTOsTests.swift; sourceTree = "<group>"; };
		C4C5E4A8C674636B92BCDD63 /* EventLogger.swift */ = {isa = PBXFileReference; includeInIndex = 1; lastKnownFileType = sourcecode.swift; name = EventLogger.swift; path = Diagnostics/EventLogger.swift; sourceTree = "<group>"; };
		CBA057583B4944A4E0F3177B /* DirectSMCChargeControlBackendTests.swift */ = {isa = PBXFileReference; includeInIndex = 1; lastKnownFileType = sourcecode.swift; path = DirectSMCChargeControlBackendTests.swift; sourceTree = "<group>"; };
		CC7563CA6C3E0A9E1C86224F /* PolicySettingsView.swift */ = {isa = PBXFileReference; includeInIndex = 1; lastKnownFileType = sourcecode.swift; name = PolicySettingsView.swift; path = Views/PolicySettingsView.swift; sourceTree = "<group>"; };
		D1D681322736C543E1300C06 /* Helper */ = {isa = PBXFileReference; includeInIndex = 0; path = Helper; sourceTree = BUILT_PRODUCTS_DIR; };
		D5A006AD1663B8CAB29E3C27 /* CoreTests.xctest */ = {isa = PBXFileReference; explicitFileType = wrapper.cfbundle; includeInIndex = 0; path = CoreTests.xctest; sourceTree = BUILT_PRODUCTS_DIR; };
		D64247025CF27493EB714D47 /* ChargePolicyStoreTests.swift */ = {isa = PBXFileReference; includeInIndex = 1; lastKnownFileType = sourcecode.swift; path = ChargePolicyStoreTests.swift; sourceTree = "<group>"; };
		D670B06CE23AD9EFECD23BFE /* 02_Prompts.md */ = {isa = PBXFileReference; includeInIndex = 1; name = 02_Prompts.md; path = ../02_Prompts.md; sourceTree = "<group>"; };
		D87262DE5B0B3503304632FE /* ChargePolicyStore.swift */ = {isa = PBXFileReference; includeInIndex = 1; lastKnownFileType = sourcecode.swift; name = ChargePolicyStore.swift; path = Runtime/ChargePolicyStore.swift; sourceTree = "<group>"; };
		D8FFEB6B1716FA8BB80C1291 /* CapabilityStatusListView.swift */ = {isa = PBXFileReference; includeInIndex = 1; lastKnownFileType = sourcecode.swift; name = CapabilityStatusListView.swift; path = Views/CapabilityStatusListView.swift; sourceTree = "<group>"; };
		E3B7837B441E06746D226453 /* HelperInstallChecker.swift */ = {isa = PBXFileReference; includeInIndex = 1; lastKnownFileType = sourcecode.swift; name = HelperInstallChecker.swift; path = XPC/HelperInstallChecker.swift; sourceTree = "<group>"; };
		E45AEFF1A5F2AF5E60FFD821 /* ChargePolicy.swift */ = {isa = PBXFileReference; includeInIndex = 1; lastKnownFileType = sourcecode.swift; name = ChargePolicy.swift; path = Models/ChargePolicy.swift; sourceTree = "<group>"; };
		EECA57BECAC026F15C03D4FC /* ChargeStateResolver.swift */ = {isa = PBXFileReference; includeInIndex = 1; lastKnownFileType = sourcecode.swift; name = ChargeStateResolver.swift; path = StateMachine/ChargeStateResolver.swift; sourceTree = "<group>"; };
		F80EF8F76D944AEA2FEEE770 /* HelperInstallStatus.swift */ = {isa = PBXFileReference; includeInIndex = 1; lastKnownFileType = sourcecode.swift; name = HelperInstallStatus.swift; path = Models/HelperInstallStatus.swift; sourceTree = "<group>"; };
		FE2A586A50419592D6F95DDD /* EventLoggerTests.swift */ = {isa = PBXFileReference; includeInIndex = 1; lastKnownFileType = sourcecode.swift; path = EventLoggerTests.swift; sourceTree = "<group>"; };
/* End PBXFileReference section */

/* Begin PBXFrameworksBuildPhase section */
		119476409B2A82D591FD7AA1 /* Frameworks */ = {
			isa = PBXFrameworksBuildPhase;
			buildActionMask = 2147483647;
			files = (
			);
			runOnlyForDeploymentPostprocessing = 0;
		};
		2D1D765CF75103FC23580BF8 /* Frameworks */ = {
			isa = PBXFrameworksBuildPhase;
			buildActionMask = 2147483647;
			files = (
				65732CAD5EDBB68AF7CCB666 /* Cocoa.framework in Frameworks */,
			);
			runOnlyForDeploymentPostprocessing = 0;
		};
		3DA160C61E0EE7384D4B7DCC /* Frameworks */ = {
			isa = PBXFrameworksBuildPhase;
			buildActionMask = 2147483647;
			files = (
				7CC15AB8D5938C6045DDE892 /* Cocoa.framework in Frameworks */,
				3DEF9C01CA93C5D521289A32 /* Core.framework in Frameworks */,
				AB336527E6697DCDC8EA7ED7 /* Helper in Frameworks */,
				2A20C9E1EC6B30C27A0C28FC /* Shared.framework in Frameworks */,
			);
			runOnlyForDeploymentPostprocessing = 0;
		};
		65796446D7352613A4D62078 /* Frameworks */ = {
			isa = PBXFrameworksBuildPhase;
			buildActionMask = 2147483647;
			files = (
				3EA25EC84833144772F006E4 /* Cocoa.framework in Frameworks */,
				1780ED0F0F82AC28BAAC2FD8 /* Core.framework in Frameworks */,
				FCBC94D9B6DD239756AA5BCE /* Shared.framework in Frameworks */,
			);
			runOnlyForDeploymentPostprocessing = 0;
		};
		A50A11953EA8607E8AE30B82 /* Frameworks */ = {
			isa = PBXFrameworksBuildPhase;
			buildActionMask = 2147483647;
			files = (
				5CB30D64412A011789F33166 /* Cocoa.framework in Frameworks */,
				E65885A6FBB5F7B366FDE905 /* Shared.framework in Frameworks */,
			);
			runOnlyForDeploymentPostprocessing = 0;
		};
		F3B872B3AC3ADC68B750549D /* Frameworks */ = {
			isa = PBXFrameworksBuildPhase;
			buildActionMask = 2147483647;
			files = (
				787F548A9DF6E0060C4B90C0 /* Cocoa.framework in Frameworks */,
				6818C3DD48032748F64B0DD0 /* Core.framework in Frameworks */,
				1C3A9A65D7E97807D4F7755E /* libCellCapSMCBridge.a in Frameworks */,
				5EFFC4006A8559FC4BAF42FB /* Shared.framework in Frameworks */,
			);
			runOnlyForDeploymentPostprocessing = 0;
		};
/* End PBXFrameworksBuildPhase section */

/* Begin PBXGroup section */
		2F80EDF96899906DA4DEE3C7 /* CoreTests */ = {
			isa = PBXGroup;
			children = (
				653FF45D4B81AB751B2D24B8 /* AppRuntimeOrchestratorTests.swift */,
				61FC81A8BCC07BB59DC1506C /* AppRuntimeSupportTests.swift */,
				0D3EB41DD70CA97BD105B122 /* BatteryMonitorTests.swift */,
				553ED6EC6982E9638FC5314A /* CapabilityCheckerTests.swift */,
				642C29043D93E5DE1B82A703 /* CellCapHelperServiceTests.swift */,
				D64247025CF27493EB714D47 /* ChargePolicyStoreTests.swift */,
				3586911E1F5069CD8D7A596A /* ChargePolicyTests.swift */,
				4F4C67D0F268BFF16190211B /* ChargeStateMachineTests.swift */,
				52CD72DDB293C02ABC47AAE6 /* ChargeStateResolverTests.swift */,
				CBA057583B4944A4E0F3177B /* DirectSMCChargeControlBackendTests.swift */,
				FE2A586A50419592D6F95DDD /* EventLoggerTests.swift */,
				440E3BEA286F9D052462DD75 /* HelperInstallCheckerTests.swift */,
				C41D6A16C94F8BD3C3BE9316 /* HelperXPCDTOsTests.swift */,
				473DE0E9D6436A144A817C5E /* MockChargeControllerTests.swift */,
				8B5639F452627989BAA8D5DC /* PolicyEngineTests.swift */,
				3E005338BDE9ED8BF7955329 /* XPCChargeControllerTests.swift */,
			);
			name = CoreTests;
			path = CoreTests;
			sourceTree = "<group>";
		};
		31943AE57BECF92A145313DA /* Helper */ = {
			isa = PBXGroup;
			children = (
				8E24490461060F60B3CADD03 /* CellCapHelperListener.swift */,
				9632EF4ABAED8996DE94E8DF /* CellCapHelperService.swift */,
				1408D5716CE8A805E5FD445D /* ChargeControlBackend.swift */,
				BA24248A98D1AF7CC260D719 /* DirectSMCChargeControlBackend.swift */,
				13B6CD3FDEFC3FF24E071E17 /* main.swift */,
			);
			name = Helper;
			path = Helper;
			sourceTree = "<group>";
		};
		32542CD8469A3FD4F3971AA1 = {
			isa = PBXGroup;
			children = (
				6AE63089A9175B674E9D8CE1 /* Docs */,
				7F314A7BD30B4CFB2A02BC29 /* Frameworks */,
				7E124B1E371AD1CC915BF8B4 /* Products */,
				5F4767FC2C494771DEA3D8BC /* Sources */,
				54D7985796BA76EC4994282D /* Tests */,
			);
			sourceTree = "<group>";
		};
		4133CFE971BE764EA011E137 /* CellCapSMCBridge */ = {
			isa = PBXGroup;
			children = (
				37D77FEAC8C139AB53987DD8 /* CellCapSMCBridge.c */,
				138D60772969DDD765C4937F /* CellCapSMCBridge.h */,
			);
			name = CellCapSMCBridge;
			path = CellCapSMCBridge;
			sourceTree = "<group>";
		};
		42AB3C9C73789518276333F7 /* OS X */ = {
			isa = PBXGroup;
			children = (
				0178908837C7890915BCD68C /* Cocoa.framework */,
			);
			name = "OS X";
			sourceTree = "<group>";
		};
		54D7985796BA76EC4994282D /* Tests */ = {
			isa = PBXGroup;
			children = (
				2F80EDF96899906DA4DEE3C7 /* CoreTests */,
			);
			name = Tests;
			path = Tests;
			sourceTree = "<group>";
		};
		5F4767FC2C494771DEA3D8BC /* Sources */ = {
			isa = PBXGroup;
			children = (
				F3664A546C3E3E9F1A6CC554 /* AppUI */,
				4133CFE971BE764EA011E137 /* CellCapSMCBridge */,
				9610030254CB0D5658655E2F /* Core */,
				31943AE57BECF92A145313DA /* Helper */,
				CA3FA34EE88BEC5805479886 /* Shared */,
			);
			name = Sources;
			path = Sources;
			sourceTree = "<group>";
		};
		6AE63089A9175B674E9D8CE1 /* Docs */ = {
			isa = PBXGroup;
			children = (
				B49C3EFD2BCE09619143DB76 /* 01_기획서.md */,
				D670B06CE23AD9EFECD23BFE /* 02_Prompts.md */,
				7D36E494E375CFCA74A9C2B2 /* 03_공개API_충전제어_검토.md */,
				8C9A3F1E38C7642136A48328 /* README.md */,
			);
			name = Docs;
			sourceTree = "<group>";
		};
		7E124B1E371AD1CC915BF8B4 /* Products */ = {
			isa = PBXGroup;
			children = (
				A409A0D4DBC0E40AAE71EA72 /* AppUI.app */,
				B469BCCEB1101C57737EE6C5 /* Core.framework */,
				D5A006AD1663B8CAB29E3C27 /* CoreTests.xctest */,
				D1D681322736C543E1300C06 /* Helper */,
				75296D4EEABFE60C4335374C /* libCellCapSMCBridge.a */,
				3B286B2785F4796976160D0D /* Shared.framework */,
			);
			name = Products;
			sourceTree = "<group>";
		};
		7F314A7BD30B4CFB2A02BC29 /* Frameworks */ = {
			isa = PBXGroup;
			children = (
				42AB3C9C73789518276333F7 /* OS X */,
			);
			name = Frameworks;
			sourceTree = "<group>";
		};
		9610030254CB0D5658655E2F /* Core */ = {
			isa = PBXGroup;
			children = (
				30045387162D939C947901DE /* AppRuntimeOrchestrator.swift */,
				12A95EEDBF610532487C263D /* AppRuntimeTrigger+Debug.swift */,
				309DB0C6920DBBF16A7BBC24 /* BatteryMonitor.swift */,
				3FF65E9DB9074A6111F22C32 /* CapabilityChecker.swift */,
				06D87D9FE5DD84B88A47CEBC /* CapabilityReportResolver.swift */,
				C177D661A8BBD014A3238C33 /* ChargeController.swift */,
				D87262DE5B0B3503304632FE /* ChargePolicyStore.swift */,
				B501618BC9D7A4D28E13D6D2 /* ChargeStateMachine.swift */,
				EECA57BECAC026F15C03D4FC /* ChargeStateResolver.swift */,
				5A438AD0EFB77176F8E591E4 /* ControllerCommandApplier.swift */,
				C4C5E4A8C674636B92BCDD63 /* EventLogger.swift */,
				E3B7837B441E06746D226453 /* HelperInstallChecker.swift */,
				4D33AC3B65DB5FCDDFBD80EC /* HelperXPCClient.swift */,
				04E17C61AF654BDFF7907A88 /* MockChargeController.swift */,
				4DB48E70C21EF2195DCB0523 /* PolicyEngine.swift */,
				431107DC9AABA1E78668F626 /* RuntimeSafetyGate.swift */,
				66E987AF54F6D4AA0B464AB3 /* SelfTestPolicy.swift */,
				A05457442E1B576E4A813948 /* SystemBatterySnapshotProvider.swift */,
				9B0DC8E6585C9FE086AD5DE1 /* XPCChargeController.swift */,
			);
			name = Core;
			path = Core;
			sourceTree = "<group>";
		};
		CA3FA34EE88BEC5805479886 /* Shared */ = {
			isa = PBXGroup;
			children = (
				5AAC5E34CE8F713BB2F5B913 /* AppState.swift */,
				8B8D2AC245FD78A9F22CF0EC /* BatterySnapshot.swift */,
				13489D5BF87D1D13C4611025 /* CapabilityReport.swift */,
				009D2607ABDFA93A252675F0 /* CellCapHelperXPCProtocol.swift */,
				E45AEFF1A5F2AF5E60FFD821 /* ChargePolicy.swift */,
				C163D7C2DEA66F5BA6CA1AA1 /* ChargeState.swift */,
				67F23A23F58B5C4EE5238A0E /* ControllerStatus.swift */,
				773E20C9B8E6F39BA5E284BD /* DiagnosticEvent.swift */,
				B245F7D69D7326251BF13C7B /* DiagnosticsSummary.swift */,
				F80EF8F76D944AEA2FEEE770 /* HelperInstallStatus.swift */,
				1C710B20B80DD12BEECD96EE /* HelperXPCDTOs.swift */,
			);
			name = Shared;
			path = Shared;
			sourceTree = "<group>";
		};
		F3664A546C3E3E9F1A6CC554 /* AppUI */ = {
			isa = PBXGroup;
			children = (
				76069456E9B79A8B838FB7F7 /* Assets.xcassets */,
				D8FFEB6B1716FA8BB80C1291 /* CapabilityStatusListView.swift */,
				4BE6223ABDAEBC7889BCE7B9 /* CellCapApp.swift */,
				8DB86C031F8B95F2803D6D6E /* ControlAvailabilityResolver.swift */,
				086192F9DF2EBFCBDBDEE607 /* LaunchAtLoginManager.swift */,
				78240C48F8BFDF1B6761BD88 /* MenuBarLabelView.swift */,
				74BED124BE067A045F8BF342 /* MenuBarPresentation.swift */,
				951D201566EA64592EDC5003 /* MenuBarPreviewFactory.swift */,
				7418F87EE340D53271985943 /* MenuBarViewModel.swift */,
				CC7563CA6C3E0A9E1C86224F /* PolicySettingsView.swift */,
				7C6A6EA179993549D60F4E3D /* RootView.swift */,
				8C6B979DD2FB922D649F52D0 /* StatusSummaryView.swift */,
			);
			name = AppUI;
			path = AppUI;
			sourceTree = "<group>";
		};
/* End PBXGroup section */

/* Begin PBXHeadersBuildPhase section */
		32E48B0B6C26520D964B9FD9 /* Headers */ = {
			isa = PBXHeadersBuildPhase;
			buildActionMask = 2147483647;
			files = (
			);
			runOnlyForDeploymentPostprocessing = 0;
		};
		930E86DECD689AEFD2257A5F /* Headers */ = {
			isa = PBXHeadersBuildPhase;
			buildActionMask = 2147483647;
			files = (
			);
			runOnlyForDeploymentPostprocessing = 0;
		};
		938C0CA23904F6D6557D35FA /* Headers */ = {
			isa = PBXHeadersBuildPhase;
			buildActionMask = 2147483647;
			files = (
				CD48DD80A4B4ACF54A61C3A6 /* CellCapSMCBridge.h in Headers */,
			);
			runOnlyForDeploymentPostprocessing = 0;
		};
/* End PBXHeadersBuildPhase section */

/* Begin PBXNativeTarget section */
		32A5409791BE00EBFA9D40B4 /* Helper */ = {
			isa = PBXNativeTarget;
			buildConfigurationList = 03063202F8C11E5180CB086A /* Build configuration list for PBXNativeTarget "Helper" */;
			buildPhases = (
				6BA70138114CA12653EF3D5F /* Sources */,
				F3B872B3AC3ADC68B750549D /* Frameworks */,
			);
			buildRules = (
			);
			dependencies = (
				952AC7D9704C7AACF369DA17 /* PBXTargetDependency */,
				7ADDC872BEC4CF052731D0C5 /* PBXTargetDependency */,
				1EDE81B3BB8450E785555D3D /* PBXTargetDependency */,
			);
			name = Helper;
			productName = Helper;
			productReference = D1D681322736C543E1300C06 /* Helper */;
			productType = "com.apple.product-type.tool";
		};
		481C8A860A31A29DD4FFE9EA /* CoreTests */ = {
			isa = PBXNativeTarget;
			buildConfigurationList = 77441CDF980AF90CB3E03A57 /* Build configuration list for PBXNativeTarget "CoreTests" */;
			buildPhases = (
				5326B9F7BF9174AB350FDD5E /* Sources */,
				3DA160C61E0EE7384D4B7DCC /* Frameworks */,
				1AC44D5AF5F1509FCEA32BE8 /* Resources */,
			);
			buildRules = (
			);
			dependencies = (
				5FFA62D7621FD9EB4BE6453C /* PBXTargetDependency */,
				61B8C9B6D6C1FBCA09455467 /* PBXTargetDependency */,
				C6397B52BBAEF0602F2E009F /* PBXTargetDependency */,
			);
			name = CoreTests;
			productName = CoreTests;
			productReference = D5A006AD1663B8CAB29E3C27 /* CoreTests.xctest */;
			productType = "com.apple.product-type.bundle.unit-test";
		};
		7F9F9E655E14B11E1988A694 /* Core */ = {
			isa = PBXNativeTarget;
			buildConfigurationList = 0DE09495991C86514D65B8AF /* Build configuration list for PBXNativeTarget "Core" */;
			buildPhases = (
				930E86DECD689AEFD2257A5F /* Headers */,
				0167BA76D3E1557BDB3B9219 /* Sources */,
				A50A11953EA8607E8AE30B82 /* Frameworks */,
				00D07642E245CFDE813A4F4B /* Resources */,
			);
			buildRules = (
			);
			dependencies = (
				FC11747FC15AB5EC0B0AEAC0 /* PBXTargetDependency */,
			);
			name = Core;
			productName = Core;
			productReference = B469BCCEB1101C57737EE6C5 /* Core.framework */;
			productType = "com.apple.product-type.framework";
		};
		9E8D10C6C27B287B84FBDDA0 /* CellCapSMCBridge */ = {
			isa = PBXNativeTarget;
			buildConfigurationList = 3EC3D41BA96C2CFEF89288D0 /* Build configuration list for PBXNativeTarget "CellCapSMCBridge" */;
			buildPhases = (
				938C0CA23904F6D6557D35FA /* Headers */,
				1D8B3ECDA5AD48BE85C83D5D /* Sources */,
				119476409B2A82D591FD7AA1 /* Frameworks */,
			);
			buildRules = (
			);
			dependencies = (
			);
			name = CellCapSMCBridge;
			productName = CellCapSMCBridge;
			productReference = 75296D4EEABFE60C4335374C /* libCellCapSMCBridge.a */;
			productType = "com.apple.product-type.library.static";
		};
		B5EE2DBB7097B1C4DE437DD4 /* Shared */ = {
			isa = PBXNativeTarget;
			buildConfigurationList = A80DA0F020AB9C140F1FEA23 /* Build configuration list for PBXNativeTarget "Shared" */;
			buildPhases = (
				32E48B0B6C26520D964B9FD9 /* Headers */,
				DAAF10EBEBEDE00B9A5EEA55 /* Sources */,
				2D1D765CF75103FC23580BF8 /* Frameworks */,
				D88A19722E38AFF94D025589 /* Resources */,
			);
			buildRules = (
			);
			dependencies = (
			);
			name = Shared;
			productName = Shared;
			productReference = 3B286B2785F4796976160D0D /* Shared.framework */;
			productType = "com.apple.product-type.framework";
		};
		D1B362760BDBF266CC6154E0 /* AppUI */ = {
			isa = PBXNativeTarget;
			buildConfigurationList = 49D263DAA00CFAB54DDEE2F9 /* Build configuration list for PBXNativeTarget "AppUI" */;
			buildPhases = (
				57C795B1F889DB295EC5C970 /* Sources */,
				65796446D7352613A4D62078 /* Frameworks */,
				ABF83E337D5ADB8B676F8372 /* Resources */,
				E4DD4840EABA7C3B07F520D8 /* Embed Frameworks */,
			);
			buildRules = (
			);
			dependencies = (
				B6067B4281941340D16C0A03 /* PBXTargetDependency */,
				4961410FD8AE2B63D98EBD83 /* PBXTargetDependency */,
			);
			name = AppUI;
			productName = AppUI;
			productReference = A409A0D4DBC0E40AAE71EA72 /* AppUI.app */;
			productType = "com.apple.product-type.application";
		};
/* End PBXNativeTarget section */

/* Begin PBXProject section */
		16A002E16CDA889ACEC8A93D /* Project object */ = {
			isa = PBXProject;
			attributes = {
				LastSwiftUpdateCheck = 2600;
				LastUpgradeCheck = 2600;
			};
			buildConfigurationList = B8F585AD4836740BF89BEF01 /* Build configuration list for PBXProject "CellCap" */;
			compatibilityVersion = "Xcode 3.2";
			developmentRegion = ko;
			hasScannedForEncodings = 0;
			knownRegions = (
				en,
				Base,
			);
			mainGroup = 32542CD8469A3FD4F3971AA1;
			minimizedProjectReferenceProxies = 0;
			preferredProjectObjectVersion = 77;
			productRefGroup = 7E124B1E371AD1CC915BF8B4 /* Products */;
			projectDirPath = "";
			projectRoot = "";
			targets = (
				D1B362760BDBF266CC6154E0 /* AppUI */,
				9E8D10C6C27B287B84FBDDA0 /* CellCapSMCBridge */,
				7F9F9E655E14B11E1988A694 /* Core */,
				481C8A860A31A29DD4FFE9EA /* CoreTests */,
				32A5409791BE00EBFA9D40B4 /* Helper */,
				B5EE2DBB7097B1C4DE437DD4 /* Shared */,
			);
		};
/* End PBXProject section */

/* Begin PBXResourcesBuildPhase section */
		00D07642E245CFDE813A4F4B /* Resources */ = {
			isa = PBXResourcesBuildPhase;
			buildActionMask = 2147483647;
			files = (
			);
			runOnlyForDeploymentPostprocessing = 0;
		};
		1AC44D5AF5F1509FCEA32BE8 /* Resources */ = {
			isa = PBXResourcesBuildPhase;
			buildActionMask = 2147483647;
			files = (
			);
			runOnlyForDeploymentPostprocessing = 0;
		};
		ABF83E337D5ADB8B676F8372 /* Resources */ = {
			isa = PBXResourcesBuildPhase;
			buildActionMask = 2147483647;
			files = (
				BE5E8CA00873D8D523352465 /* Assets.xcassets in Resources */,
			);
			runOnlyForDeploymentPostprocessing = 0;
		};
		D88A19722E38AFF94D025589 /* Resources */ = {
			isa = PBXResourcesBuildPhase;
			buildActionMask = 2147483647;
			files = (
			);
			runOnlyForDeploymentPostprocessing = 0;
		};
/* End PBXResourcesBuildPhase section */

/* Begin PBXSourcesBuildPhase section */
		0167BA76D3E1557BDB3B9219 /* Sources */ = {
			isa = PBXSourcesBuildPhase;
			buildActionMask = 2147483647;
			files = (
				2F2FD2947ACF8B37E3D82117 /* AppRuntimeOrchestrator.swift in Sources */,
				81F774730127D1DE7EB3963C /* AppRuntimeTrigger+Debug.swift in Sources */,
				6A63F1D2F1185BEEFB5CA750 /* BatteryMonitor.swift in Sources */,
				A90C5CEF48F45C24F43046B7 /* CapabilityChecker.swift in Sources */,
				06B52585AF3C67F482BF0602 /* CapabilityReportResolver.swift in Sources */,
				9276CE3DAA66563982D0BE94 /* ChargeController.swift in Sources */,
				424B63939859771EABAAC4A6 /* ChargePolicyStore.swift in Sources */,
				8D1ACEFBEBD4A72E2950964E /* ChargeStateMachine.swift in Sources */,
				ED867FF5B485A771A720FE34 /* ChargeStateResolver.swift in Sources */,
				D35DB09605C0A1E0966134C9 /* ControllerCommandApplier.swift in Sources */,
				0D71B679DC18458CCDE1CA44 /* EventLogger.swift in Sources */,
				1C60D55CF5077392E37B9572 /* HelperInstallChecker.swift in Sources */,
				F03E736211212D5C03975D23 /* HelperXPCClient.swift in Sources */,
				C81886F1FFEF2DE8A47918FA /* MockChargeController.swift in Sources */,
				D547FD29BA866B55612FD6E9 /* PolicyEngine.swift in Sources */,
				9BC1ED9B56B0B0ACC29B31B3 /* RuntimeSafetyGate.swift in Sources */,
				CCE00A7D3B49F4B1B084F08D /* SelfTestPolicy.swift in Sources */,
				8F8914C5DB48BE1726E4A803 /* SystemBatterySnapshotProvider.swift in Sources */,
				7CDEE2983C4461E4EA571180 /* XPCChargeController.swift in Sources */,
			);
			runOnlyForDeploymentPostprocessing = 0;
		};
		1D8B3ECDA5AD48BE85C83D5D /* Sources */ = {
			isa = PBXSourcesBuildPhase;
			buildActionMask = 2147483647;
			files = (
				E388999D84FF39E5F68E6271 /* CellCapSMCBridge.c in Sources */,
			);
			runOnlyForDeploymentPostprocessing = 0;
		};
		5326B9F7BF9174AB350FDD5E /* Sources */ = {
			isa = PBXSourcesBuildPhase;
			buildActionMask = 2147483647;
			files = (
				B5E63D5B3501D3B16E8ABBBB /* AppRuntimeOrchestratorTests.swift in Sources */,
				DE6DCCCC4B8A21A670CD2E59 /* AppRuntimeSupportTests.swift in Sources */,
				4B0EEBA546248038C674E3EA /* BatteryMonitorTests.swift in Sources */,
				ECB274849834145A0D67B6A3 /* CapabilityCheckerTests.swift in Sources */,
				9A6CE310EBB9E37A512CA8EC /* CellCapHelperServiceTests.swift in Sources */,
				897CF737A27E792F9E4F80AF /* ChargePolicyStoreTests.swift in Sources */,
				88EA2EF38D295DD15B010F7E /* ChargePolicyTests.swift in Sources */,
				6BA009D980D3B67A29AE7FCF /* ChargeStateMachineTests.swift in Sources */,
				656EA2ABB66F01F521DF00DD /* ChargeStateResolverTests.swift in Sources */,
				BEEE24619B762B5CFD192D28 /* DirectSMCChargeControlBackendTests.swift in Sources */,
				78ECA9F3303F7750ED07D1FA /* EventLoggerTests.swift in Sources */,
				422155F6851246A00158A87A /* HelperInstallCheckerTests.swift in Sources */,
				ACBBD2E6AFE23B3980D02B83 /* HelperXPCDTOsTests.swift in Sources */,
				464EAE09F9AB0B97B3C1193E /* MockChargeControllerTests.swift in Sources */,
				493F64089D535EC3189A36CA /* PolicyEngineTests.swift in Sources */,
				4D89D20F9516B2588B3F680A /* XPCChargeControllerTests.swift in Sources */,
			);
			runOnlyForDeploymentPostprocessing = 0;
		};
		57C795B1F889DB295EC5C970 /* Sources */ = {
			isa = PBXSourcesBuildPhase;
			buildActionMask = 2147483647;
			files = (
				9A8A29984474CB33037FE892 /* CapabilityStatusListView.swift in Sources */,
				75369781C0602186C512EFB4 /* CellCapApp.swift in Sources */,
				06421F57D232FAAAA8020DFE /* ControlAvailabilityResolver.swift in Sources */,
				35A3ECF8B555ABF4E7F1ECAB /* LaunchAtLoginManager.swift in Sources */,
				12C51BD7ED69EE67E11CFB34 /* MenuBarLabelView.swift in Sources */,
				0F3998FBA81A0FACD22BEB51 /* MenuBarPresentation.swift in Sources */,
				90BB0CE64341F035D46358AB /* MenuBarPreviewFactory.swift in Sources */,
				6F54349586B0E9E124E00511 /* MenuBarViewModel.swift in Sources */,
				F6131FB08835E22DE88A994F /* PolicySettingsView.swift in Sources */,
				B69D13C1D89C075A0F0ACA65 /* RootView.swift in Sources */,
				31B0A21F65B0FB5FE9A96030 /* StatusSummaryView.swift in Sources */,
			);
			runOnlyForDeploymentPostprocessing = 0;
		};
		6BA70138114CA12653EF3D5F /* Sources */ = {
			isa = PBXSourcesBuildPhase;
			buildActionMask = 2147483647;
			files = (
				B27471027F2F640BB7D9DFF9 /* CellCapHelperListener.swift in Sources */,
				D66FDC10EE8CCBD8A1254BB6 /* CellCapHelperService.swift in Sources */,
				1FCF03FE00D8B1A60061055C /* ChargeControlBackend.swift in Sources */,
				0D2C2B57391EF596FDBDC6F3 /* DirectSMCChargeControlBackend.swift in Sources */,
				E2ABC3AAFA0CF617BB9B7546 /* main.swift in Sources */,
			);
			runOnlyForDeploymentPostprocessing = 0;
		};
		DAAF10EBEBEDE00B9A5EEA55 /* Sources */ = {
			isa = PBXSourcesBuildPhase;
			buildActionMask = 2147483647;
			files = (
				74F73AD685F3A900BB811369 /* AppState.swift in Sources */,
				A015C0D27718BB3CF5964144 /* BatterySnapshot.swift in Sources */,
				7598FD9E41A1A9A6FBBEE123 /* CapabilityReport.swift in Sources */,
				FAAA2010445633F1CDB1B822 /* CellCapHelperXPCProtocol.swift in Sources */,
				1435598284958C5A04966C7A /* ChargePolicy.swift in Sources */,
				DF49C893C65651B5B86CFA29 /* ChargeState.swift in Sources */,
				5E8EA9EB29199B27ED3C276C /* ControllerStatus.swift in Sources */,
				AA7EEF3A797C0BDE10AE0F32 /* DiagnosticEvent.swift in Sources */,
				D533DACCFCE549D069B38360 /* DiagnosticsSummary.swift in Sources */,
				D5A286B39407595793485A39 /* HelperInstallStatus.swift in Sources */,
				533CA62863FBA12BF6EB304E /* HelperXPCDTOs.swift in Sources */,
			);
			runOnlyForDeploymentPostprocessing = 0;
		};
/* End PBXSourcesBuildPhase section */

/* Begin PBXTargetDependency section */
		1EDE81B3BB8450E785555D3D /* PBXTargetDependency */ = {
			isa = PBXTargetDependency;
			name = Shared;
			target = B5EE2DBB7097B1C4DE437DD4 /* Shared */;
			targetProxy = AF65E9AD62126CFFC7D35738 /* PBXContainerItemProxy */;
		};
		4961410FD8AE2B63D98EBD83 /* PBXTargetDependency */ = {
			isa = PBXTargetDependency;
			name = Shared;
			target = B5EE2DBB7097B1C4DE437DD4 /* Shared */;
			targetProxy = 112A0AC39242091764804B4A /* PBXContainerItemProxy */;
		};
		5FFA62D7621FD9EB4BE6453C /* PBXTargetDependency */ = {
			isa = PBXTargetDependency;
			name = Core;
			target = 7F9F9E655E14B11E1988A694 /* Core */;
			targetProxy = 8FB007AB9C818511618F5F67 /* PBXContainerItemProxy */;
		};
		61B8C9B6D6C1FBCA09455467 /* PBXTargetDependency */ = {
			isa = PBXTargetDependency;
			name = Helper;
			target = 32A5409791BE00EBFA9D40B4 /* Helper */;
			targetProxy = 44F730D4CD6A39DFD9126F10 /* PBXContainerItemProxy */;
		};
		7ADDC872BEC4CF052731D0C5 /* PBXTargetDependency */ = {
			isa = PBXTargetDependency;
			name = Core;
			target = 7F9F9E655E14B11E1988A694 /* Core */;
			targetProxy = 9F6A4CCD6C8B29D2F8A7475F /* PBXContainerItemProxy */;
		};
		952AC7D9704C7AACF369DA17 /* PBXTargetDependency */ = {
			isa = PBXTargetDependency;
			name = CellCapSMCBridge;
			target = 9E8D10C6C27B287B84FBDDA0 /* CellCapSMCBridge */;
			targetProxy = 15E7AE6434F53A6F0ACD66E3 /* PBXContainerItemProxy */;
		};
		B6067B4281941340D16C0A03 /* PBXTargetDependency */ = {
			isa = PBXTargetDependency;
			name = Core;
			target = 7F9F9E655E14B11E1988A694 /* Core */;
			targetProxy = A8C18374B4AC0191A7828608 /* PBXContainerItemProxy */;
		};
		C6397B52BBAEF0602F2E009F /* PBXTargetDependency */ = {
			isa = PBXTargetDependency;
			name = Shared;
			target = B5EE2DBB7097B1C4DE437DD4 /* Shared */;
			targetProxy = 127116BCB8B5A51EAC56F6A2 /* PBXContainerItemProxy */;
		};
		FC11747FC15AB5EC0B0AEAC0 /* PBXTargetDependency */ = {
			isa = PBXTargetDependency;
			name = Shared;
			target = B5EE2DBB7097B1C4DE437DD4 /* Shared */;
			targetProxy = 5BE8E4D35A8922C391D75FF7 /* PBXContainerItemProxy */;
		};
/* End PBXTargetDependency section */

/* Begin XCBuildConfiguration section */
		1C58E1FC9A1EF934C05D48E7 /* Debug */ = {
			isa = XCBuildConfiguration;
			buildSettings = {
				ALWAYS_SEARCH_USER_PATHS = NO;
				CLANG_ANALYZER_NONNULL = YES;
				CLANG_ANALYZER_NUMBER_OBJECT_CONVERSION = YES_AGGRESSIVE;
				CLANG_CXX_LANGUAGE_STANDARD = "gnu++14";
				CLANG_CXX_LIBRARY = "libc++";
				CLANG_ENABLE_MODULES = YES;
				CLANG_ENABLE_OBJC_ARC = YES;
				CLANG_ENABLE_OBJC_WEAK = YES;
				CLANG_WARN_BLOCK_CAPTURE_AUTORELEASING = YES;
				CLANG_WARN_BOOL_CONVERSION = YES;
				CLANG_WARN_COMMA = YES;
				CLANG_WARN_CONSTANT_CONVERSION = YES;
				CLANG_WARN_DEPRECATED_OBJC_IMPLEMENTATIONS = YES;
				CLANG_WARN_DIRECT_OBJC_ISA_USAGE = YES_ERROR;
				CLANG_WARN_DOCUMENTATION_COMMENTS = YES;
				CLANG_WARN_EMPTY_BODY = YES;
				CLANG_WARN_ENUM_CONVERSION = YES;
				CLANG_WARN_INFINITE_RECURSION = YES;
				CLANG_WARN_INT_CONVERSION = YES;
				CLANG_WARN_NON_LITERAL_NULL_CONVERSION = YES;
				CLANG_WARN_OBJC_IMPLICIT_RETAIN_SELF = YES;
				CLANG_WARN_OBJC_LITERAL_CONVERSION = YES;
				CLANG_WARN_OBJC_ROOT_CLASS = YES_ERROR;
				CLANG_WARN_QUOTED_INCLUDE_IN_FRAMEWORK_HEADER = YES;
				CLANG_WARN_RANGE_LOOP_ANALYSIS = YES;
				CLANG_WARN_STRICT_PROTOTYPES = YES;
				CLANG_WARN_SUSPICIOUS_MOVE = YES;
				CLANG_WARN_UNGUARDED_AVAILABILITY = YES_AGGRESSIVE;
				CLANG_WARN_UNREACHABLE_CODE = YES;
				CLANG_WARN__DUPLICATE_METHOD_MATCH = YES;
				COPY_PHASE_STRIP = NO;
				DEBUG_INFORMATION_FORMAT = dwarf;
				ENABLE_STRICT_OBJC_MSGSEND = YES;
				ENABLE_TESTABILITY = YES;
				GCC_C_LANGUAGE_STANDARD = gnu11;
				GCC_DYNAMIC_NO_PIC = NO;
				GCC_NO_COMMON_BLOCKS = YES;
				GCC_OPTIMIZATION_LEVEL = 0;
				GCC_PREPROCESSOR_DEFINITIONS = (
					"DEBUG=1",
					"$(inherited)",
				);
				GCC_WARN_64_TO_32_BIT_CONVERSION = YES;
				GCC_WARN_ABOUT_RETURN_TYPE = YES_ERROR;
				GCC_WARN_UNDECLARED_SELECTOR = YES;
				GCC_WARN_UNINITIALIZED_AUTOS = YES_AGGRESSIVE;
				GCC_WARN_UNUSED_FUNCTION = YES;
				GCC_WARN_UNUSED_VARIABLE = YES;
				MTL_ENABLE_DEBUG_INFO = INCLUDE_SOURCE;
				MTL_FAST_MATH = YES;
				ONLY_ACTIVE_ARCH = YES;
				PRODUCT_NAME = "$(TARGET_NAME)";
				SWIFT_ACTIVE_COMPILATION_CONDITIONS = DEBUG;
				SWIFT_OPTIMIZATION_LEVEL = "-Onone";
				SWIFT_VERSION = 5.0;
			};
			name = Debug;
		};
		2ECBCF58C3D4276B30E14863 /* Release */ = {
			isa = XCBuildConfiguration;
			buildSettings = {
				BUNDLE_LOADER = "";
				CLANG_ENABLE_MODULES = YES;
				CODE_SIGNING_ALLOWED = NO;
				CURRENT_PROJECT_VERSION = 1;
				ENABLE_HARDENED_RUNTIME = NO;
				GENERATE_INFOPLIST_FILE = YES;
				INFOPLIST_KEY_CFBundleShortVersionString = 1.0.0;
				INFOPLIST_KEY_CFBundleVersion = 1;
				LD_RUNPATH_SEARCH_PATHS = "$(inherited) @loader_path/../Frameworks";
				MACOSX_DEPLOYMENT_TARGET = 26.0;
				MARKETING_VERSION = 1.0.0;
				PRODUCT_BUNDLE_IDENTIFIER = com.shin.cellcap.tests;
				SDKROOT = macosx;
				SWIFT_STRICT_CONCURRENCY = complete;
				SWIFT_VERSION = 6.0;
				TEST_HOST = "";
			};
			name = Release;
		};
		3F2300DBBAA6B43494E05005 /* Release */ = {
			isa = XCBuildConfiguration;
			buildSettings = {
				CLANG_ENABLE_MODULES = YES;
				CODE_SIGNING_ALLOWED = NO;
				DEFINES_MODULE = YES;
				ENABLE_HARDENED_RUNTIME = NO;
				EXECUTABLE_PREFIX = lib;
				HEADER_SEARCH_PATHS = (
					"$(inherited)",
					"$(SRCROOT)/Sources/CellCapSMCBridge/include",
				);
				MACOSX_DEPLOYMENT_TARGET = 26.0;
				OTHER_LDFLAGS = (
					"$(inherited)",
					"-framework",
					CoreFoundation,
					"-framework",
					IOKit,
				);
				PRODUCT_NAME = CellCapSMCBridge;
				SDKROOT = macosx;
				SKIP_INSTALL = YES;
				SWIFT_STRICT_CONCURRENCY = complete;
				SWIFT_VERSION = 6.0;
			};
			name = Release;
		};
		50823E626ED48B380E26ED15 /* Release */ = {
			isa = XCBuildConfiguration;
			buildSettings = {
				CLANG_ENABLE_MODULES = YES;
				CODE_SIGNING_ALLOWED = NO;
				COMBINE_HIDPI_IMAGES = YES;
				CURRENT_PROJECT_VERSION = 1;
				DEFINES_MODULE = YES;
				DYLIB_COMPATIBILITY_VERSION = 1;
				DYLIB_CURRENT_VERSION = 1;
				DYLIB_INSTALL_NAME_BASE = "@rpath";
				ENABLE_HARDENED_RUNTIME = NO;
				GENERATE_INFOPLIST_FILE = YES;
				INFOPLIST_KEY_CFBundleShortVersionString = 1.0.0;
				INFOPLIST_KEY_CFBundleVersion = 1;
				INSTALL_PATH = "$(LOCAL_LIBRARY_DIR)/Frameworks";
				LD_RUNPATH_SEARCH_PATHS = "$(inherited) @executable_path/../Frameworks @loader_path/Frameworks";
				MACOSX_DEPLOYMENT_TARGET = 26.0;
				MARKETING_VERSION = 1.0.0;
				PRODUCT_BUNDLE_IDENTIFIER = com.shin.cellcap.shared;
				PRODUCT_NAME = "$(TARGET_NAME:c99extidentifier)";
				SDKROOT = macosx;
				SKIP_INSTALL = YES;
				SWIFT_STRICT_CONCURRENCY = complete;
				SWIFT_VERSION = 6.0;
				VERSIONING_SYSTEM = "apple-generic";
				VERSION_INFO_PREFIX = "";
			};
			name = Release;
		};
		583E56A5D2CA4B75234C3454 /* Debug */ = {
			isa = XCBuildConfiguration;
			buildSettings = {
				ASSETCATALOG_COMPILER_APPICON_NAME = AppIcon;
				ASSETCATALOG_COMPILER_GLOBAL_ACCENT_COLOR_NAME = AccentColor;
				CLANG_ENABLE_MODULES = YES;
				CODE_SIGNING_ALLOWED = YES;
				CODE_SIGN_STYLE = Automatic;
				COMBINE_HIDPI_IMAGES = YES;
				CURRENT_PROJECT_VERSION = 1;
				ENABLE_HARDENED_RUNTIME = NO;
				GENERATE_INFOPLIST_FILE = YES;
				INFOPLIST_KEY_CFBundleShortVersionString = 1.0.0;
				INFOPLIST_KEY_CFBundleVersion = 1;
				INFOPLIST_KEY_LSUIElement = YES;
				LD_RUNPATH_SEARCH_PATHS = "$(inherited) @executable_path/../Frameworks @loader_path/../Frameworks";
				MACOSX_DEPLOYMENT_TARGET = 26.0;
				MARKETING_VERSION = 1.0.0;
				PRODUCT_BUNDLE_IDENTIFIER = com.shin.cellcap.app;
				PRODUCT_NAME = CellCap;
				SDKROOT = macosx;
				SWIFT_STRICT_CONCURRENCY = complete;
				SWIFT_VERSION = 6.0;
			};
			name = Debug;
		};
		6BA831386658D501B09FA88E /* Release */ = {
			isa = XCBuildConfiguration;
			buildSettings = {
				ASSETCATALOG_COMPILER_APPICON_NAME = AppIcon;
				ASSETCATALOG_COMPILER_GLOBAL_ACCENT_COLOR_NAME = AccentColor;
				CLANG_ENABLE_MODULES = YES;
				CODE_SIGNING_ALLOWED = YES;
				CODE_SIGN_STYLE = Automatic;
				COMBINE_HIDPI_IMAGES = YES;
				CURRENT_PROJECT_VERSION = 1;
				ENABLE_HARDENED_RUNTIME = NO;
				GENERATE_INFOPLIST_FILE = YES;
				INFOPLIST_KEY_CFBundleShortVersionString = 1.0.0;
				INFOPLIST_KEY_CFBundleVersion = 1;
				INFOPLIST_KEY_LSUIElement = YES;
				LD_RUNPATH_SEARCH_PATHS = "$(inherited) @executable_path/../Frameworks @loader_path/../Frameworks";
				MACOSX_DEPLOYMENT_TARGET = 26.0;
				MARKETING_VERSION = 1.0.0;
				PRODUCT_BUNDLE_IDENTIFIER = com.shin.cellcap.app;
				PRODUCT_NAME = CellCap;
				SDKROOT = macosx;
				SWIFT_STRICT_CONCURRENCY = complete;
				SWIFT_VERSION = 6.0;
			};
			name = Release;
		};
		7B232A285ED20722A6E6C8FB /* Release */ = {
			isa = XCBuildConfiguration;
			buildSettings = {
				ALWAYS_SEARCH_USER_PATHS = NO;
				CLANG_ANALYZER_NONNULL = YES;
				CLANG_ANALYZER_NUMBER_OBJECT_CONVERSION = YES_AGGRESSIVE;
				CLANG_CXX_LANGUAGE_STANDARD = "gnu++14";
				CLANG_CXX_LIBRARY = "libc++";
				CLANG_ENABLE_MODULES = YES;
				CLANG_ENABLE_OBJC_ARC = YES;
				CLANG_ENABLE_OBJC_WEAK = YES;
				CLANG_WARN_BLOCK_CAPTURE_AUTORELEASING = YES;
				CLANG_WARN_BOOL_CONVERSION = YES;
				CLANG_WARN_COMMA = YES;
				CLANG_WARN_CONSTANT_CONVERSION = YES;
				CLANG_WARN_DEPRECATED_OBJC_IMPLEMENTATIONS = YES;
				CLANG_WARN_DIRECT_OBJC_ISA_USAGE = YES_ERROR;
				CLANG_WARN_DOCUMENTATION_COMMENTS = YES;
				CLANG_WARN_EMPTY_BODY = YES;
				CLANG_WARN_ENUM_CONVERSION = YES;
				CLANG_WARN_INFINITE_RECURSION = YES;
				CLANG_WARN_INT_CONVERSION = YES;
				CLANG_WARN_NON_LITERAL_NULL_CONVERSION = YES;
				CLANG_WARN_OBJC_IMPLICIT_RETAIN_SELF = YES;
				CLANG_WARN_OBJC_LITERAL_CONVERSION = YES;
				CLANG_WARN_OBJC_ROOT_CLASS = YES_ERROR;
				CLANG_WARN_QUOTED_INCLUDE_IN_FRAMEWORK_HEADER = YES;
				CLANG_WARN_RANGE_LOOP_ANALYSIS = YES;
				CLANG_WARN_STRICT_PROTOTYPES = YES;
				CLANG_WARN_SUSPICIOUS_MOVE = YES;
				CLANG_WARN_UNGUARDED_AVAILABILITY = YES_AGGRESSIVE;
				CLANG_WARN_UNREACHABLE_CODE = YES;
				CLANG_WARN__DUPLICATE_METHOD_MATCH = YES;
				COPY_PHASE_STRIP = NO;
				DEBUG_INFORMATION_FORMAT = "dwarf-with-dsym";
				ENABLE_NS_ASSERTIONS = NO;
				ENABLE_STRICT_OBJC_MSGSEND = YES;
				GCC_C_LANGUAGE_STANDARD = gnu11;
				GCC_NO_COMMON_BLOCKS = YES;
				GCC_WARN_64_TO_32_BIT_CONVERSION = YES;
				GCC_WARN_ABOUT_RETURN_TYPE = YES_ERROR;
				GCC_WARN_UNDECLARED_SELECTOR = YES;
				GCC_WARN_UNINITIALIZED_AUTOS = YES_AGGRESSIVE;
				GCC_WARN_UNUSED_FUNCTION = YES;
				GCC_WARN_UNUSED_VARIABLE = YES;
				MTL_ENABLE_DEBUG_INFO = NO;
				MTL_FAST_MATH = YES;
				PRODUCT_NAME = "$(TARGET_NAME)";
				SWIFT_COMPILATION_MODE = wholemodule;
				SWIFT_OPTIMIZATION_LEVEL = "-O";
				SWIFT_VERSION = 5.0;
			};
			name = Release;
		};
		89203FEA2073CEDF01AA0C9C /* Debug */ = {
			isa = XCBuildConfiguration;
			buildSettings = {
				CLANG_ENABLE_MODULES = YES;
				CODE_SIGNING_ALLOWED = NO;
				COMBINE_HIDPI_IMAGES = YES;
				CURRENT_PROJECT_VERSION = 1;
				DEFINES_MODULE = YES;
				DYLIB_COMPATIBILITY_VERSION = 1;
				DYLIB_CURRENT_VERSION = 1;
				DYLIB_INSTALL_NAME_BASE = "@rpath";
				ENABLE_HARDENED_RUNTIME = NO;
				GENERATE_INFOPLIST_FILE = YES;
				INFOPLIST_KEY_CFBundleShortVersionString = 1.0.0;
				INFOPLIST_KEY_CFBundleVersion = 1;
				INSTALL_PATH = "$(LOCAL_LIBRARY_DIR)/Frameworks";
				LD_RUNPATH_SEARCH_PATHS = "$(inherited) @executable_path/../Frameworks @loader_path/Frameworks";
				MACOSX_DEPLOYMENT_TARGET = 26.0;
				MARKETING_VERSION = 1.0.0;
				PRODUCT_BUNDLE_IDENTIFIER = com.shin.cellcap.shared;
				PRODUCT_NAME = "$(TARGET_NAME:c99extidentifier)";
				SDKROOT = macosx;
				SKIP_INSTALL = YES;
				SWIFT_STRICT_CONCURRENCY = complete;
				SWIFT_VERSION = 6.0;
				VERSIONING_SYSTEM = "apple-generic";
				VERSION_INFO_PREFIX = "";
			};
			name = Debug;
		};
		8B65600FAC071B5E61F63EC4 /* Debug */ = {
			isa = XCBuildConfiguration;
			buildSettings = {
				CLANG_ENABLE_MODULES = YES;
				CODE_SIGNING_ALLOWED = NO;
				ENABLE_HARDENED_RUNTIME = NO;
				LD_RUNPATH_SEARCH_PATHS = "$(inherited) @executable_path/../Frameworks @loader_path/../Frameworks";
				MACOSX_DEPLOYMENT_TARGET = 26.0;
				PRODUCT_NAME = CellCapHelper;
				SDKROOT = macosx;
				SWIFT_STRICT_CONCURRENCY = complete;
				SWIFT_VERSION = 6.0;
			};
			name = Debug;
		};
		ABB3DBFA4DE4037257BFB266 /* Debug */ = {
			isa = XCBuildConfiguration;
			buildSettings = {
				BUNDLE_LOADER = "";
				CLANG_ENABLE_MODULES = YES;
				CODE_SIGNING_ALLOWED = NO;
				CURRENT_PROJECT_VERSION = 1;
				ENABLE_HARDENED_RUNTIME = NO;
				GENERATE_INFOPLIST_FILE = YES;
				INFOPLIST_KEY_CFBundleShortVersionString = 1.0.0;
				INFOPLIST_KEY_CFBundleVersion = 1;
				LD_RUNPATH_SEARCH_PATHS = "$(inherited) @loader_path/../Frameworks";
				MACOSX_DEPLOYMENT_TARGET = 26.0;
				MARKETING_VERSION = 1.0.0;
				PRODUCT_BUNDLE_IDENTIFIER = com.shin.cellcap.tests;
				SDKROOT = macosx;
				SWIFT_STRICT_CONCURRENCY = complete;
				SWIFT_VERSION = 6.0;
				TEST_HOST = "";
			};
			name = Debug;
		};
		B1FFE3203C3694C4E77EAA22 /* Debug */ = {
			isa = XCBuildConfiguration;
			buildSettings = {
				CLANG_ENABLE_MODULES = YES;
				CODE_SIGNING_ALLOWED = NO;
				COMBINE_HIDPI_IMAGES = YES;
				CURRENT_PROJECT_VERSION = 1;
				DEFINES_MODULE = YES;
				DYLIB_COMPATIBILITY_VERSION = 1;
				DYLIB_CURRENT_VERSION = 1;
				DYLIB_INSTALL_NAME_BASE = "@rpath";
				ENABLE_HARDENED_RUNTIME = NO;
				GENERATE_INFOPLIST_FILE = YES;
				INFOPLIST_KEY_CFBundleShortVersionString = 1.0.0;
				INFOPLIST_KEY_CFBundleVersion = 1;
				INSTALL_PATH = "$(LOCAL_LIBRARY_DIR)/Frameworks";
				LD_RUNPATH_SEARCH_PATHS = "$(inherited) @executable_path/../Frameworks @loader_path/Frameworks";
				MACOSX_DEPLOYMENT_TARGET = 26.0;
				MARKETING_VERSION = 1.0.0;
				PRODUCT_BUNDLE_IDENTIFIER = com.shin.cellcap.core;
				PRODUCT_NAME = "$(TARGET_NAME:c99extidentifier)";
				SDKROOT = macosx;
				SKIP_INSTALL = YES;
				SWIFT_STRICT_CONCURRENCY = complete;
				SWIFT_VERSION = 6.0;
				VERSIONING_SYSTEM = "apple-generic";
				VERSION_INFO_PREFIX = "";
			};
			name = Debug;
		};
		BCA2963771CB3D67F1A182E2 /* Release */ = {
			isa = XCBuildConfiguration;
			buildSettings = {
				CLANG_ENABLE_MODULES = YES;
				CODE_SIGNING_ALLOWED = NO;
				ENABLE_HARDENED_RUNTIME = NO;
				LD_RUNPATH_SEARCH_PATHS = "$(inherited) @executable_path/../Frameworks @loader_path/../Frameworks";
				MACOSX_DEPLOYMENT_TARGET = 26.0;
				PRODUCT_NAME = CellCapHelper;
				SDKROOT = macosx;
				SWIFT_STRICT_CONCURRENCY = complete;
				SWIFT_VERSION = 6.0;
			};
			name = Release;
		};
		CD771125803547CDE2F42D13 /* Debug */ = {
			isa = XCBuildConfiguration;
			buildSettings = {
				CLANG_ENABLE_MODULES = YES;
				CODE_SIGNING_ALLOWED = NO;
				DEFINES_MODULE = YES;
				ENABLE_HARDENED_RUNTIME = NO;
				EXECUTABLE_PREFIX = lib;
				HEADER_SEARCH_PATHS = (
					"$(inherited)",
					"$(SRCROOT)/Sources/CellCapSMCBridge/include",
				);
				MACOSX_DEPLOYMENT_TARGET = 26.0;
				OTHER_LDFLAGS = (
					"$(inherited)",
					"-framework",
					CoreFoundation,
					"-framework",
					IOKit,
				);
				PRODUCT_NAME = CellCapSMCBridge;
				SDKROOT = macosx;
				SKIP_INSTALL = YES;
				SWIFT_STRICT_CONCURRENCY = complete;
				SWIFT_VERSION = 6.0;
			};
			name = Debug;
		};
		E69AAA21C8F95EDBEA54A971 /* Release */ = {
			isa = XCBuildConfiguration;
			buildSettings = {
				CLANG_ENABLE_MODULES = YES;
				CODE_SIGNING_ALLOWED = NO;
				COMBINE_HIDPI_IMAGES = YES;
				CURRENT_PROJECT_VERSION = 1;
				DEFINES_MODULE = YES;
				DYLIB_COMPATIBILITY_VERSION = 1;
				DYLIB_CURRENT_VERSION = 1;
				DYLIB_INSTALL_NAME_BASE = "@rpath";
				ENABLE_HARDENED_RUNTIME = NO;
				GENERATE_INFOPLIST_FILE = YES;
				INFOPLIST_KEY_CFBundleShortVersionString = 1.0.0;
				INFOPLIST_KEY_CFBundleVersion = 1;
				INSTALL_PATH = "$(LOCAL_LIBRARY_DIR)/Frameworks";
				LD_RUNPATH_SEARCH_PATHS = "$(inherited) @executable_path/../Frameworks @loader_path/Frameworks";
				MACOSX_DEPLOYMENT_TARGET = 26.0;
				MARKETING_VERSION = 1.0.0;
				PRODUCT_BUNDLE_IDENTIFIER = com.shin.cellcap.core;
				PRODUCT_NAME = "$(TARGET_NAME:c99extidentifier)";
				SDKROOT = macosx;
				SKIP_INSTALL = YES;
				SWIFT_STRICT_CONCURRENCY = complete;
				SWIFT_VERSION = 6.0;
				VERSIONING_SYSTEM = "apple-generic";
				VERSION_INFO_PREFIX = "";
			};
			name = Release;
		};
/* End XCBuildConfiguration section */

/* Begin XCConfigurationList section */
		03063202F8C11E5180CB086A /* Build configuration list for PBXNativeTarget "Helper" */ = {
			isa = XCConfigurationList;
			buildConfigurations = (
				8B65600FAC071B5E61F63EC4 /* Debug */,
				BCA2963771CB3D67F1A182E2 /* Release */,
			);
			defaultConfigurationIsVisible = 0;
			defaultConfigurationName = Release;
		};
		0DE09495991C86514D65B8AF /* Build configuration list for PBXNativeTarget "Core" */ = {
			isa = XCConfigurationList;
			buildConfigurations = (
				B1FFE3203C3694C4E77EAA22 /* Debug */,
				E69AAA21C8F95EDBEA54A971 /* Release */,
			);
			defaultConfigurationIsVisible = 0;
			defaultConfigurationName = Release;
		};
		3EC3D41BA96C2CFEF89288D0 /* Build configuration list for PBXNativeTarget "CellCapSMCBridge" */ = {
			isa = XCConfigurationList;
			buildConfigurations = (
				CD771125803547CDE2F42D13 /* Debug */,
				3F2300DBBAA6B43494E05005 /* Release */,
			);
			defaultConfigurationIsVisible = 0;
			defaultConfigurationName = Release;
		};
		49D263DAA00CFAB54DDEE2F9 /* Build configuration list for PBXNativeTarget "AppUI" */ = {
			isa = XCConfigurationList;
			buildConfigurations = (
				583E56A5D2CA4B75234C3454 /* Debug */,
				6BA831386658D501B09FA88E /* Release */,
			);
			defaultConfigurationIsVisible = 0;
			defaultConfigurationName = Release;
		};
		77441CDF980AF90CB3E03A57 /* Build configuration list for PBXNativeTarget "CoreTests" */ = {
			isa = XCConfigurationList;
			buildConfigurations = (
				ABB3DBFA4DE4037257BFB266 /* Debug */,
				2ECBCF58C3D4276B30E14863 /* Release */,
			);
			defaultConfigurationIsVisible = 0;
			defaultConfigurationName = Release;
		};
		A80DA0F020AB9C140F1FEA23 /* Build configuration list for PBXNativeTarget "Shared" */ = {
			isa = XCConfigurationList;
			buildConfigurations = (
				89203FEA2073CEDF01AA0C9C /* Debug */,
				50823E626ED48B380E26ED15 /* Release */,
			);
			defaultConfigurationIsVisible = 0;
			defaultConfigurationName = Release;
		};
		B8F585AD4836740BF89BEF01 /* Build configuration list for PBXProject "CellCap" */ = {
			isa = XCConfigurationList;
			buildConfigurations = (
				1C58E1FC9A1EF934C05D48E7 /* Debug */,
				7B232A285ED20722A6E6C8FB /* Release */,
			);
			defaultConfigurationIsVisible = 0;
			defaultConfigurationName = Release;
		};
/* End XCConfigurationList section */
	};
	rootObject = 16A002E16CDA889ACEC8A93D /* Project object */;
}
